// !$*UTF8*$!
{
	archiveVersion = 1;
	classes = {
	};
	objectVersion = 46;
	objects = {

/* Begin PBXBuildFile section */
		0854775EFB4A56DD6695F4AE /* libPods-Trump DodgeUITests.a in Frameworks */ = {isa = PBXBuildFile; fileRef = AA7B8706CF2B66BCF3EB27CF /* libPods-Trump DodgeUITests.a */; };
		216291513EA162DA01952A62 /* libPods-Trump DodgeTests.a in Frameworks */ = {isa = PBXBuildFile; fileRef = 2D1B62B76119996F96C37832 /* libPods-Trump DodgeTests.a */; };
		5424516E44CE29F6A5CCDBBE /* libPods-Trump Dodge.a in Frameworks */ = {isa = PBXBuildFile; fileRef = CD2AFE91E5341AB23BBAFC7E /* libPods-Trump Dodge.a */; };
		6E02320D1CE2EEE400472856 /* desert_day.png in Resources */ = {isa = PBXBuildFile; fileRef = 6E02320C1CE2EEE400472856 /* desert_day.png */; };
		6E02320F1CE2EF5300472856 /* desert_night.png in Resources */ = {isa = PBXBuildFile; fileRef = 6E02320E1CE2EF5300472856 /* desert_night.png */; };
		6E0232121CE2F1A400472856 /* brick wall.png in Resources */ = {isa = PBXBuildFile; fileRef = 6E0232101CE2F1A400472856 /* brick wall.png */; };
		6E0232131CE2F1A400472856 /* brick wall@2x.png in Resources */ = {isa = PBXBuildFile; fileRef = 6E0232111CE2F1A400472856 /* brick wall@2x.png */; };
		6E0232181CE2F31100472856 /* cactus.png in Resources */ = {isa = PBXBuildFile; fileRef = 6E0232161CE2F31100472856 /* cactus.png */; };
		6E0232191CE2F31100472856 /* cactus@2x.png in Resources */ = {isa = PBXBuildFile; fileRef = 6E0232171CE2F31100472856 /* cactus@2x.png */; };
		6E02321D1CE2F59600472856 /* burritTest@2x.png in Resources */ = {isa = PBXBuildFile; fileRef = 6E02321C1CE2F59600472856 /* burritTest@2x.png */; };
		6E02321F1CE2F68200472856 /* burritoTest@2x.png in Resources */ = {isa = PBXBuildFile; fileRef = 6E02321E1CE2F68200472856 /* burritoTest@2x.png */; };
		6E0232211CE2F6A700472856 /* burritoTest.png in Resources */ = {isa = PBXBuildFile; fileRef = 6E0232201CE2F6A700472856 /* burritoTest.png */; };
		6E0232231CE2F79700472856 /* explosion.mp3 in Resources */ = {isa = PBXBuildFile; fileRef = 6E0232221CE2F79700472856 /* explosion.mp3 */; };
		6E0232251CE2FB8D00472856 /* cash.mp3 in Resources */ = {isa = PBXBuildFile; fileRef = 6E0232241CE2FB8D00472856 /* cash.mp3 */; };
		6E0232281CE2FCF100472856 /* moneyExplosion.sks in Resources */ = {isa = PBXBuildFile; fileRef = 6E0232261CE2FCF100472856 /* moneyExplosion.sks */; };
		6E0D28011CE903F9003A13F5 /* moustache.png in Resources */ = {isa = PBXBuildFile; fileRef = 6E0D27FF1CE903F8003A13F5 /* moustache.png */; };
		6E0D28021CE903F9003A13F5 /* moustache@2x.png in Resources */ = {isa = PBXBuildFile; fileRef = 6E0D28001CE903F9003A13F5 /* moustache@2x.png */; };
		6E0D28051CE92798003A13F5 /* trumpQuote1.mp3 in Resources */ = {isa = PBXBuildFile; fileRef = 6E0D28031CE92798003A13F5 /* trumpQuote1.mp3 */; };
		6E0D28061CE92798003A13F5 /* trumpQuote2.mp3 in Resources */ = {isa = PBXBuildFile; fileRef = 6E0D28041CE92798003A13F5 /* trumpQuote2.mp3 */; };
		6E0D28091CE93780003A13F5 /* Joystick.m in Sources */ = {isa = PBXBuildFile; fileRef = 6E0D28081CE93780003A13F5 /* Joystick.m */; };
		6E0D280B1CE93792003A13F5 /* joystick.png in Resources */ = {isa = PBXBuildFile; fileRef = 6E0D280A1CE93792003A13F5 /* joystick.png */; };
		6E0D280D1CE937A0003A13F5 /* dpad.png in Resources */ = {isa = PBXBuildFile; fileRef = 6E0D280C1CE937A0003A13F5 /* dpad.png */; };
		6E0D280F1CE93B52003A13F5 /* Dying.mp3 in Resources */ = {isa = PBXBuildFile; fileRef = 6E0D280E1CE93B52003A13F5 /* Dying.mp3 */; };
		6E0D28111CE94230003A13F5 /* mexicanNew@2x.png in Resources */ = {isa = PBXBuildFile; fileRef = 6E0D28101CE94230003A13F5 /* mexicanNew@2x.png */; };
		6E0D281F1CE94633003A13F5 /* trumpquote3.mp3 in Resources */ = {isa = PBXBuildFile; fileRef = 6E0D28121CE94633003A13F5 /* trumpquote3.mp3 */; };
		6E0D28211CE94633003A13F5 /* trumpquote5.mp3 in Resources */ = {isa = PBXBuildFile; fileRef = 6E0D28141CE94633003A13F5 /* trumpquote5.mp3 */; };
		6E0D28221CE94633003A13F5 /* trumpquote6.mp3 in Resources */ = {isa = PBXBuildFile; fileRef = 6E0D28151CE94633003A13F5 /* trumpquote6.mp3 */; };
		6E0D28231CE94633003A13F5 /* trumpquote7.mp3 in Resources */ = {isa = PBXBuildFile; fileRef = 6E0D28161CE94633003A13F5 /* trumpquote7.mp3 */; };
		6E0D28241CE94633003A13F5 /* trumpquote8.mp3 in Resources */ = {isa = PBXBuildFile; fileRef = 6E0D28171CE94633003A13F5 /* trumpquote8.mp3 */; };
		6E0D28251CE94633003A13F5 /* trumpquote10.mp3 in Resources */ = {isa = PBXBuildFile; fileRef = 6E0D28181CE94633003A13F5 /* trumpquote10.mp3 */; };
		6E0D28261CE94633003A13F5 /* trumpquote11.mp3 in Resources */ = {isa = PBXBuildFile; fileRef = 6E0D28191CE94633003A13F5 /* trumpquote11.mp3 */; };
		6E0D28271CE94633003A13F5 /* trumpquote12.mp3 in Resources */ = {isa = PBXBuildFile; fileRef = 6E0D281A1CE94633003A13F5 /* trumpquote12.mp3 */; };
		6E0D28281CE94633003A13F5 /* trumpquote13.mp3 in Resources */ = {isa = PBXBuildFile; fileRef = 6E0D281B1CE94633003A13F5 /* trumpquote13.mp3 */; };
		6E0D28291CE94633003A13F5 /* trumpquote14.mp3 in Resources */ = {isa = PBXBuildFile; fileRef = 6E0D281C1CE94633003A13F5 /* trumpquote14.mp3 */; };
		6E0D282A1CE94633003A13F5 /* trumpquote15.mp3 in Resources */ = {isa = PBXBuildFile; fileRef = 6E0D281D1CE94633003A13F5 /* trumpquote15.mp3 */; };
		6E0D282B1CE94633003A13F5 /* trumpquote16.mp3 in Resources */ = {isa = PBXBuildFile; fileRef = 6E0D281E1CE94633003A13F5 /* trumpquote16.mp3 */; };
		6E0D282D1CE958AF003A13F5 /* greenButton_burned.png in Resources */ = {isa = PBXBuildFile; fileRef = 6E0D282C1CE958AF003A13F5 /* greenButton_burned.png */; };
		6E0D282F1CE95AFF003A13F5 /* blueBut.png in Resources */ = {isa = PBXBuildFile; fileRef = 6E0D282E1CE95AFF003A13F5 /* blueBut.png */; };
		6E14DE321CE578BB009C81CF /* trumpToupe@2x.png in Resources */ = {isa = PBXBuildFile; fileRef = 6E14DE301CE578BB009C81CF /* trumpToupe@2x.png */; };
		6E14DE331CE578BB009C81CF /* trumpToupe.png in Resources */ = {isa = PBXBuildFile; fileRef = 6E14DE311CE578BB009C81CF /* trumpToupe.png */; };
		6E1651371CDBFC7400004D3D /* Axe1@2x.png in Resources */ = {isa = PBXBuildFile; fileRef = 6E1650C81CDBFC7400004D3D /* Axe1@2x.png */; };
		6E16513F1CDBFC7400004D3D /* blue.png in Resources */ = {isa = PBXBuildFile; fileRef = 6E1650D01CDBFC7400004D3D /* blue.png */; };
		6E1651441CDBFC7400004D3D /* bullet@2x.png in Resources */ = {isa = PBXBuildFile; fileRef = 6E1650D51CDBFC7400004D3D /* bullet@2x.png */; };
		6E1651451CDBFC7400004D3D /* bulletSmall@2x.png in Resources */ = {isa = PBXBuildFile; fileRef = 6E1650D61CDBFC7400004D3D /* bulletSmall@2x.png */; };
		6E16515F1CDBFC7400004D3D /* gun.png in Resources */ = {isa = PBXBuildFile; fileRef = 6E1650F01CDBFC7400004D3D /* gun.png */; };
		6E1651601CDBFC7400004D3D /* gun@2x.png in Resources */ = {isa = PBXBuildFile; fileRef = 6E1650F11CDBFC7400004D3D /* gun@2x.png */; };
		6E1651611CDBFC7400004D3D /* gunFlip@2x.png in Resources */ = {isa = PBXBuildFile; fileRef = 6E1650F21CDBFC7400004D3D /* gunFlip@2x.png */; };
		6E16517D1CDBFC7400004D3D /* musicNote@2x.png in Resources */ = {isa = PBXBuildFile; fileRef = 6E16510E1CDBFC7400004D3D /* musicNote@2x.png */; };
		6E16517E1CDBFC7400004D3D /* musicNoteFix@2x.png in Resources */ = {isa = PBXBuildFile; fileRef = 6E16510F1CDBFC7400004D3D /* musicNoteFix@2x.png */; };
		6E16517F1CDBFC7400004D3D /* MusicNoteWhite.png in Resources */ = {isa = PBXBuildFile; fileRef = 6E1651101CDBFC7400004D3D /* MusicNoteWhite.png */; };
		6E1651811CDBFC7400004D3D /* organe.png in Resources */ = {isa = PBXBuildFile; fileRef = 6E1651121CDBFC7400004D3D /* organe.png */; };
		6E1651831CDBFC7400004D3D /* pauseButton.png in Resources */ = {isa = PBXBuildFile; fileRef = 6E1651141CDBFC7400004D3D /* pauseButton.png */; };
		6E1651871CDBFC7400004D3D /* powerup@2x.png in Resources */ = {isa = PBXBuildFile; fileRef = 6E1651181CDBFC7400004D3D /* powerup@2x.png */; };
		6E16518C1CDBFC7400004D3D /* spark.png in Resources */ = {isa = PBXBuildFile; fileRef = 6E16511D1CDBFC7400004D3D /* spark.png */; };
		6E1651901CDBFC7400004D3D /* turqois.png in Resources */ = {isa = PBXBuildFile; fileRef = 6E1651211CDBFC7400004D3D /* turqois.png */; };
		6E16519D1CDBFC7400004D3D /* whiteMusicNote@2x.png in Resources */ = {isa = PBXBuildFile; fileRef = 6E16512E1CDBFC7400004D3D /* whiteMusicNote@2x.png */; };
		6E23DA3D1CE9766B00CF2F0E /* trumpquote4.mp3 in Resources */ = {isa = PBXBuildFile; fileRef = 6E23DA3C1CE9766B00CF2F0E /* trumpquote4.mp3 */; };
		6E2AD51D1CED8C4000030B16 /* LaunchScreenFinalUpdatedCartoon.png in Resources */ = {isa = PBXBuildFile; fileRef = 6E2AD51C1CED8C4000030B16 /* LaunchScreenFinalUpdatedCartoon.png */; };
		6E2AD51F1CED915D00030B16 /* GoogleService-Info.plist in Resources */ = {isa = PBXBuildFile; fileRef = 6E2AD51E1CED915D00030B16 /* GoogleService-Info.plist */; };
		6E2AD5201CED915D00030B16 /* GoogleService-Info.plist in Resources */ = {isa = PBXBuildFile; fileRef = 6E2AD51E1CED915D00030B16 /* GoogleService-Info.plist */; };
		6E2AD5211CED915D00030B16 /* GoogleService-Info.plist in Resources */ = {isa = PBXBuildFile; fileRef = 6E2AD51E1CED915D00030B16 /* GoogleService-Info.plist */; };
		6E55D0FE1CDFF0E100E7A983 /* menuSong.mp3 in Resources */ = {isa = PBXBuildFile; fileRef = 6E55D0FD1CDFF0E100E7A983 /* menuSong.mp3 */; };
		6E55D1001CDFFE1800E7A983 /* menuSong.mp3 in Resources */ = {isa = PBXBuildFile; fileRef = 6E55D0FF1CDFFE1800E7A983 /* menuSong.mp3 */; };
		6E55D10A1CE0021A00E7A983 /* taco.png in Resources */ = {isa = PBXBuildFile; fileRef = 6E55D1091CE0021A00E7A983 /* taco.png */; };
		6E55D10C1CE0023700E7A983 /* taco@2x.png in Resources */ = {isa = PBXBuildFile; fileRef = 6E55D10B1CE0023700E7A983 /* taco@2x.png */; };
		6E55D10E1CE0025500E7A983 /* taco@3x.png in Resources */ = {isa = PBXBuildFile; fileRef = 6E55D10D1CE0025500E7A983 /* taco@3x.png */; };
		6E55D1131CE0052400E7A983 /* trumpFace.png in Resources */ = {isa = PBXBuildFile; fileRef = 6E55D1111CE0052400E7A983 /* trumpFace.png */; };
		6E55D1141CE0052400E7A983 /* trumpFace@2x.png in Resources */ = {isa = PBXBuildFile; fileRef = 6E55D1121CE0052400E7A983 /* trumpFace@2x.png */; };
		6E55D11B1CE0073500E7A983 /* trumpFace.png in Resources */ = {isa = PBXBuildFile; fileRef = 6E55D1191CE0073500E7A983 /* trumpFace.png */; };
		6E55D11C1CE0073500E7A983 /* trumpFace@2x.png in Resources */ = {isa = PBXBuildFile; fileRef = 6E55D11A1CE0073500E7A983 /* trumpFace@2x.png */; };
		6E55D1231CE00E5200E7A983 /* burrito.png in Resources */ = {isa = PBXBuildFile; fileRef = 6E55D1211CE00E5200E7A983 /* burrito.png */; };
		6E55D1241CE00E5200E7A983 /* burrito@2x.png in Resources */ = {isa = PBXBuildFile; fileRef = 6E55D1221CE00E5200E7A983 /* burrito@2x.png */; };
		6E55D12B1CE0104600E7A983 /* maracas.png in Resources */ = {isa = PBXBuildFile; fileRef = 6E55D1291CE0104600E7A983 /* maracas.png */; };
		6E55D12C1CE0104600E7A983 /* maracas@2x.png in Resources */ = {isa = PBXBuildFile; fileRef = 6E55D12A1CE0104600E7A983 /* maracas@2x.png */; };
		6E55D1331CE011EA00E7A983 /* poncho.png in Resources */ = {isa = PBXBuildFile; fileRef = 6E55D1311CE011EA00E7A983 /* poncho.png */; };
		6E55D1341CE011EA00E7A983 /* poncho@2x.png in Resources */ = {isa = PBXBuildFile; fileRef = 6E55D1321CE011EA00E7A983 /* poncho@2x.png */; };
		6E55D13F1CE012E600E7A983 /* sombrero.png in Resources */ = {isa = PBXBuildFile; fileRef = 6E55D13D1CE012E600E7A983 /* sombrero.png */; };
		6E55D1401CE012E600E7A983 /* sombrero@2x.png in Resources */ = {isa = PBXBuildFile; fileRef = 6E55D13E1CE012E600E7A983 /* sombrero@2x.png */; };
		6E55D1431CE013AE00E7A983 /* money.png in Resources */ = {isa = PBXBuildFile; fileRef = 6E55D1411CE013AE00E7A983 /* money.png */; };
		6E55D1441CE013AE00E7A983 /* money@2x.png in Resources */ = {isa = PBXBuildFile; fileRef = 6E55D1421CE013AE00E7A983 /* money@2x.png */; };
		6E55D14B1CE0170700E7A983 /* TrumpwithWings.png in Resources */ = {isa = PBXBuildFile; fileRef = 6E55D1491CE0170700E7A983 /* TrumpwithWings.png */; };
		6E55D14C1CE0170700E7A983 /* TrumpwithWings@2x.png in Resources */ = {isa = PBXBuildFile; fileRef = 6E55D14A1CE0170700E7A983 /* TrumpwithWings@2x.png */; };
		6E55D14F1CE0185100E7A983 /* TrumpwithWings.png in Resources */ = {isa = PBXBuildFile; fileRef = 6E55D14D1CE0185100E7A983 /* TrumpwithWings.png */; };
		6E55D1501CE0185100E7A983 /* TrumpwithWings@2x.png in Resources */ = {isa = PBXBuildFile; fileRef = 6E55D14E1CE0185100E7A983 /* TrumpwithWings@2x.png */; };
		6E55D1531CE019CE00E7A983 /* chanclas.png in Resources */ = {isa = PBXBuildFile; fileRef = 6E55D1511CE019CE00E7A983 /* chanclas.png */; };
		6E55D1541CE019CE00E7A983 /* chanclas@2x.png in Resources */ = {isa = PBXBuildFile; fileRef = 6E55D1521CE019CE00E7A983 /* chanclas@2x.png */; };
		6E55D15B1CE01BAD00E7A983 /* coins.png in Resources */ = {isa = PBXBuildFile; fileRef = 6E55D1591CE01BAD00E7A983 /* coins.png */; };
		6E55D15C1CE01BAD00E7A983 /* coins@2x.png in Resources */ = {isa = PBXBuildFile; fileRef = 6E55D15A1CE01BAD00E7A983 /* coins@2x.png */; };
		6E60B4121CEE56D600A00B39 /* GoogleMobileAds.framework in Frameworks */ = {isa = PBXBuildFile; fileRef = 6E60B4111CEE56D600A00B39 /* GoogleMobileAds.framework */; };
		6EAAEB331CE8100500070F36 /* trumpPoncho@2x.png in Resources */ = {isa = PBXBuildFile; fileRef = 6EAAEB311CE8100500070F36 /* trumpPoncho@2x.png */; };
		6EAAEB341CE8100500070F36 /* trumpPoncho.png in Resources */ = {isa = PBXBuildFile; fileRef = 6EAAEB321CE8100500070F36 /* trumpPoncho.png */; };
		6EBCC96E1CDBF69100EAE7A8 /* main.m in Sources */ = {isa = PBXBuildFile; fileRef = 6EBCC96D1CDBF69100EAE7A8 /* main.m */; };
		6EBCC9711CDBF69100EAE7A8 /* AppDelegate.m in Sources */ = {isa = PBXBuildFile; fileRef = 6EBCC9701CDBF69100EAE7A8 /* AppDelegate.m */; };
		6EBCC9741CDBF69100EAE7A8 /* GameScene.m in Sources */ = {isa = PBXBuildFile; fileRef = 6EBCC9731CDBF69100EAE7A8 /* GameScene.m */; };
		6EBCC9761CDBF69100EAE7A8 /* GameScene.sks in Resources */ = {isa = PBXBuildFile; fileRef = 6EBCC9751CDBF69100EAE7A8 /* GameScene.sks */; };
		6EBCC9791CDBF69100EAE7A8 /* GameViewController.m in Sources */ = {isa = PBXBuildFile; fileRef = 6EBCC9781CDBF69100EAE7A8 /* GameViewController.m */; };
		6EBCC97C1CDBF69100EAE7A8 /* Main.storyboard in Resources */ = {isa = PBXBuildFile; fileRef = 6EBCC97A1CDBF69100EAE7A8 /* Main.storyboard */; };
		6EBCC97E1CDBF69100EAE7A8 /* Assets.xcassets in Resources */ = {isa = PBXBuildFile; fileRef = 6EBCC97D1CDBF69100EAE7A8 /* Assets.xcassets */; };
		6EBCC9811CDBF69100EAE7A8 /* LaunchScreen.storyboard in Resources */ = {isa = PBXBuildFile; fileRef = 6EBCC97F1CDBF69100EAE7A8 /* LaunchScreen.storyboard */; };
		6EBCC98C1CDBF69100EAE7A8 /* Trump_DodgeTests.m in Sources */ = {isa = PBXBuildFile; fileRef = 6EBCC98B1CDBF69100EAE7A8 /* Trump_DodgeTests.m */; };
		6EBCC9971CDBF69100EAE7A8 /* Trump_DodgeUITests.m in Sources */ = {isa = PBXBuildFile; fileRef = 6EBCC9961CDBF69100EAE7A8 /* Trump_DodgeUITests.m */; };
		6EC5E5AE1CE57967009C98B4 /* toupeAnnimation.sks in Resources */ = {isa = PBXBuildFile; fileRef = 6EC5E5AD1CE57967009C98B4 /* toupeAnnimation.sks */; };
		6EC5E5B21CE57EC3009C98B4 /* ExplosionAnimation2.sks in Resources */ = {isa = PBXBuildFile; fileRef = 6EC5E5B11CE57EC3009C98B4 /* ExplosionAnimation2.sks */; };
		6EDC6FD21CE300050041E63D /* ExplosionAnimation.sks in Resources */ = {isa = PBXBuildFile; fileRef = 6EDC6FD11CE300050041E63D /* ExplosionAnimation.sks */; };
		6EDF7AAB1CE981E8003C336D /* moneyBag.png in Resources */ = {isa = PBXBuildFile; fileRef = 6EDF7AAA1CE981E8003C336D /* moneyBag.png */; };
		6EEDFEF21CE98D63008E63D1 /* confetti.sks in Resources */ = {isa = PBXBuildFile; fileRef = 6EEDFEF11CE98D63008E63D1 /* confetti.sks */; };
		6EFB26FC1CEBBD48001313DD /* moustache@2x.png in Resources */ = {isa = PBXBuildFile; fileRef = 6EFB26FA1CEBBD48001313DD /* moustache@2x.png */; };
		6EFB26FD1CEBBD48001313DD /* moustache.png in Resources */ = {isa = PBXBuildFile; fileRef = 6EFB26FB1CEBBD48001313DD /* moustache.png */; };
/* End PBXBuildFile section */

/* Begin PBXContainerItemProxy section */
		6EBCC9881CDBF69100EAE7A8 /* PBXContainerItemProxy */ = {
			isa = PBXContainerItemProxy;
			containerPortal = 6EBCC9611CDBF69100EAE7A8 /* Project object */;
			proxyType = 1;
			remoteGlobalIDString = 6EBCC9681CDBF69100EAE7A8;
			remoteInfo = "Trump Dodge";
		};
		6EBCC9931CDBF69100EAE7A8 /* PBXContainerItemProxy */ = {
			isa = PBXContainerItemProxy;
			containerPortal = 6EBCC9611CDBF69100EAE7A8 /* Project object */;
			proxyType = 1;
			remoteGlobalIDString = 6EBCC9681CDBF69100EAE7A8;
			remoteInfo = "Trump Dodge";
		};
/* End PBXContainerItemProxy section */

/* Begin PBXFileReference section */
		1A48BB9EF13BFE789829C425 /* Pods-Trump Dodge.release.xcconfig */ = {isa = PBXFileReference; includeInIndex = 1; lastKnownFileType = text.xcconfig; name = "Pods-Trump Dodge.release.xcconfig"; path = "Pods/Target Support Files/Pods-Trump Dodge/Pods-Trump Dodge.release.xcconfig"; sourceTree = "<group>"; };
		2B475493056A274E0DDA7900 /* Pods-Trump DodgeTests.debug.xcconfig */ = {isa = PBXFileReference; includeInIndex = 1; lastKnownFileType = text.xcconfig; name = "Pods-Trump DodgeTests.debug.xcconfig"; path = "Pods/Target Support Files/Pods-Trump DodgeTests/Pods-Trump DodgeTests.debug.xcconfig"; sourceTree = "<group>"; };
		2D1B62B76119996F96C37832 /* libPods-Trump DodgeTests.a */ = {isa = PBXFileReference; explicitFileType = archive.ar; includeInIndex = 0; path = "libPods-Trump DodgeTests.a"; sourceTree = BUILT_PRODUCTS_DIR; };
		3E8FEF346CE257DC7E046CA1 /* Pods-Trump DodgeUITests.debug.xcconfig */ = {isa = PBXFileReference; includeInIndex = 1; lastKnownFileType = text.xcconfig; name = "Pods-Trump DodgeUITests.debug.xcconfig"; path = "Pods/Target Support Files/Pods-Trump DodgeUITests/Pods-Trump DodgeUITests.debug.xcconfig"; sourceTree = "<group>"; };
		45715EA6626F2C692C0F7CA1 /* Pods-Trump DodgeUITests.release.xcconfig */ = {isa = PBXFileReference; includeInIndex = 1; lastKnownFileType = text.xcconfig; name = "Pods-Trump DodgeUITests.release.xcconfig"; path = "Pods/Target Support Files/Pods-Trump DodgeUITests/Pods-Trump DodgeUITests.release.xcconfig"; sourceTree = "<group>"; };
		6E02320C1CE2EEE400472856 /* desert_day.png */ = {isa = PBXFileReference; lastKnownFileType = image.png; path = desert_day.png; sourceTree = "<group>"; };
		6E02320E1CE2EF5300472856 /* desert_night.png */ = {isa = PBXFileReference; lastKnownFileType = image.png; path = desert_night.png; sourceTree = "<group>"; };
		6E0232101CE2F1A400472856 /* brick wall.png */ = {isa = PBXFileReference; lastKnownFileType = image.png; path = "brick wall.png"; sourceTree = "<group>"; };
		6E0232111CE2F1A400472856 /* brick wall@2x.png */ = {isa = PBXFileReference; lastKnownFileType = image.png; path = "brick wall@2x.png"; sourceTree = "<group>"; };
		6E0232161CE2F31100472856 /* cactus.png */ = {isa = PBXFileReference; lastKnownFileType = image.png; path = cactus.png; sourceTree = "<group>"; };
		6E0232171CE2F31100472856 /* cactus@2x.png */ = {isa = PBXFileReference; lastKnownFileType = image.png; path = "cactus@2x.png"; sourceTree = "<group>"; };
		6E02321C1CE2F59600472856 /* burritTest@2x.png */ = {isa = PBXFileReference; lastKnownFileType = image.png; path = "burritTest@2x.png"; sourceTree = "<group>"; };
		6E02321E1CE2F68200472856 /* burritoTest@2x.png */ = {isa = PBXFileReference; lastKnownFileType = image.png; path = "burritoTest@2x.png"; sourceTree = "<group>"; };
		6E0232201CE2F6A700472856 /* burritoTest.png */ = {isa = PBXFileReference; lastKnownFileType = image.png; path = burritoTest.png; sourceTree = "<group>"; };
		6E0232221CE2F79700472856 /* explosion.mp3 */ = {isa = PBXFileReference; lastKnownFileType = audio.mp3; path = explosion.mp3; sourceTree = "<group>"; };
		6E0232241CE2FB8D00472856 /* cash.mp3 */ = {isa = PBXFileReference; lastKnownFileType = audio.mp3; path = cash.mp3; sourceTree = "<group>"; };
		6E0232261CE2FCF100472856 /* moneyExplosion.sks */ = {isa = PBXFileReference; lastKnownFileType = file.sks; name = moneyExplosion.sks; path = ../moneyExplosion.sks; sourceTree = "<group>"; };
		6E0D27FF1CE903F8003A13F5 /* moustache.png */ = {isa = PBXFileReference; lastKnownFileType = image.png; path = moustache.png; sourceTree = "<group>"; };
		6E0D28001CE903F9003A13F5 /* moustache@2x.png */ = {isa = PBXFileReference; lastKnownFileType = image.png; path = "moustache@2x.png"; sourceTree = "<group>"; };
		6E0D28031CE92798003A13F5 /* trumpQuote1.mp3 */ = {isa = PBXFileReference; lastKnownFileType = audio.mp3; path = trumpQuote1.mp3; sourceTree = "<group>"; };
		6E0D28041CE92798003A13F5 /* trumpQuote2.mp3 */ = {isa = PBXFileReference; lastKnownFileType = audio.mp3; path = trumpQuote2.mp3; sourceTree = "<group>"; };
		6E0D28071CE93780003A13F5 /* Joystick.h */ = {isa = PBXFileReference; fileEncoding = 4; lastKnownFileType = sourcecode.c.h; path = Joystick.h; sourceTree = "<group>"; };
		6E0D28081CE93780003A13F5 /* Joystick.m */ = {isa = PBXFileReference; fileEncoding = 4; lastKnownFileType = sourcecode.c.objc; path = Joystick.m; sourceTree = "<group>"; };
		6E0D280A1CE93792003A13F5 /* joystick.png */ = {isa = PBXFileReference; lastKnownFileType = image.png; path = joystick.png; sourceTree = "<group>"; };
		6E0D280C1CE937A0003A13F5 /* dpad.png */ = {isa = PBXFileReference; lastKnownFileType = image.png; path = dpad.png; sourceTree = "<group>"; };
		6E0D280E1CE93B52003A13F5 /* Dying.mp3 */ = {isa = PBXFileReference; lastKnownFileType = audio.mp3; path = Dying.mp3; sourceTree = "<group>"; };
		6E0D28101CE94230003A13F5 /* mexicanNew@2x.png */ = {isa = PBXFileReference; lastKnownFileType = image.png; path = "mexicanNew@2x.png"; sourceTree = "<group>"; };
		6E0D28121CE94633003A13F5 /* trumpquote3.mp3 */ = {isa = PBXFileReference; lastKnownFileType = audio.mp3; path = trumpquote3.mp3; sourceTree = "<group>"; };
		6E0D28141CE94633003A13F5 /* trumpquote5.mp3 */ = {isa = PBXFileReference; lastKnownFileType = audio.mp3; path = trumpquote5.mp3; sourceTree = "<group>"; };
		6E0D28151CE94633003A13F5 /* trumpquote6.mp3 */ = {isa = PBXFileReference; lastKnownFileType = audio.mp3; path = trumpquote6.mp3; sourceTree = "<group>"; };
		6E0D28161CE94633003A13F5 /* trumpquote7.mp3 */ = {isa = PBXFileReference; lastKnownFileType = audio.mp3; path = trumpquote7.mp3; sourceTree = "<group>"; };
		6E0D28171CE94633003A13F5 /* trumpquote8.mp3 */ = {isa = PBXFileReference; lastKnownFileType = audio.mp3; path = trumpquote8.mp3; sourceTree = "<group>"; };
		6E0D28181CE94633003A13F5 /* trumpquote10.mp3 */ = {isa = PBXFileReference; lastKnownFileType = audio.mp3; path = trumpquote10.mp3; sourceTree = "<group>"; };
		6E0D28191CE94633003A13F5 /* trumpquote11.mp3 */ = {isa = PBXFileReference; lastKnownFileType = audio.mp3; path = trumpquote11.mp3; sourceTree = "<group>"; };
		6E0D281A1CE94633003A13F5 /* trumpquote12.mp3 */ = {isa = PBXFileReference; lastKnownFileType = audio.mp3; path = trumpquote12.mp3; sourceTree = "<group>"; };
		6E0D281B1CE94633003A13F5 /* trumpquote13.mp3 */ = {isa = PBXFileReference; lastKnownFileType = audio.mp3; path = trumpquote13.mp3; sourceTree = "<group>"; };
		6E0D281C1CE94633003A13F5 /* trumpquote14.mp3 */ = {isa = PBXFileReference; lastKnownFileType = audio.mp3; path = trumpquote14.mp3; sourceTree = "<group>"; };
		6E0D281D1CE94633003A13F5 /* trumpquote15.mp3 */ = {isa = PBXFileReference; lastKnownFileType = audio.mp3; path = trumpquote15.mp3; sourceTree = "<group>"; };
		6E0D281E1CE94633003A13F5 /* trumpquote16.mp3 */ = {isa = PBXFileReference; lastKnownFileType = audio.mp3; path = trumpquote16.mp3; sourceTree = "<group>"; };
		6E0D282C1CE958AF003A13F5 /* greenButton_burned.png */ = {isa = PBXFileReference; lastKnownFileType = image.png; path = greenButton_burned.png; sourceTree = "<group>"; };
		6E0D282E1CE95AFF003A13F5 /* blueBut.png */ = {isa = PBXFileReference; lastKnownFileType = image.png; path = blueBut.png; sourceTree = "<group>"; };
		6E14DE301CE578BB009C81CF /* trumpToupe@2x.png */ = {isa = PBXFileReference; lastKnownFileType = image.png; path = "trumpToupe@2x.png"; sourceTree = "<group>"; };
		6E14DE311CE578BB009C81CF /* trumpToupe.png */ = {isa = PBXFileReference; lastKnownFileType = image.png; path = trumpToupe.png; sourceTree = "<group>"; };
		6E1650C81CDBFC7400004D3D /* Axe1@2x.png */ = {isa = PBXFileReference; lastKnownFileType = image.png; path = "Axe1@2x.png"; sourceTree = "<group>"; };
		6E1650D01CDBFC7400004D3D /* blue.png */ = {isa = PBXFileReference; lastKnownFileType = image.png; path = blue.png; sourceTree = "<group>"; };
		6E1650D51CDBFC7400004D3D /* bullet@2x.png */ = {isa = PBXFileReference; lastKnownFileType = image.png; path = "bullet@2x.png"; sourceTree = "<group>"; };
		6E1650D61CDBFC7400004D3D /* bulletSmall@2x.png */ = {isa = PBXFileReference; lastKnownFileType = image.png; path = "bulletSmall@2x.png"; sourceTree = "<group>"; };
		6E1650F01CDBFC7400004D3D /* gun.png */ = {isa = PBXFileReference; lastKnownFileType = image.png; path = gun.png; sourceTree = "<group>"; };
		6E1650F11CDBFC7400004D3D /* gun@2x.png */ = {isa = PBXFileReference; lastKnownFileType = image.png; path = "gun@2x.png"; sourceTree = "<group>"; };
		6E1650F21CDBFC7400004D3D /* gunFlip@2x.png */ = {isa = PBXFileReference; lastKnownFileType = image.png; path = "gunFlip@2x.png"; sourceTree = "<group>"; };
		6E16510E1CDBFC7400004D3D /* musicNote@2x.png */ = {isa = PBXFileReference; lastKnownFileType = image.png; path = "musicNote@2x.png"; sourceTree = "<group>"; };
		6E16510F1CDBFC7400004D3D /* musicNoteFix@2x.png */ = {isa = PBXFileReference; lastKnownFileType = image.png; path = "musicNoteFix@2x.png"; sourceTree = "<group>"; };
		6E1651101CDBFC7400004D3D /* MusicNoteWhite.png */ = {isa = PBXFileReference; lastKnownFileType = image.png; path = MusicNoteWhite.png; sourceTree = "<group>"; };
		6E1651121CDBFC7400004D3D /* organe.png */ = {isa = PBXFileReference; lastKnownFileType = image.png; path = organe.png; sourceTree = "<group>"; };
		6E1651141CDBFC7400004D3D /* pauseButton.png */ = {isa = PBXFileReference; lastKnownFileType = image.png; path = pauseButton.png; sourceTree = "<group>"; };
		6E1651181CDBFC7400004D3D /* powerup@2x.png */ = {isa = PBXFileReference; lastKnownFileType = image.png; path = "powerup@2x.png"; sourceTree = "<group>"; };
		6E16511D1CDBFC7400004D3D /* spark.png */ = {isa = PBXFileReference; lastKnownFileType = image.png; path = spark.png; sourceTree = "<group>"; };
		6E1651211CDBFC7400004D3D /* turqois.png */ = {isa = PBXFileReference; lastKnownFileType = image.png; path = turqois.png; sourceTree = "<group>"; };
		6E16512E1CDBFC7400004D3D /* whiteMusicNote@2x.png */ = {isa = PBXFileReference; lastKnownFileType = image.png; path = "whiteMusicNote@2x.png"; sourceTree = "<group>"; };
		6E23DA3C1CE9766B00CF2F0E /* trumpquote4.mp3 */ = {isa = PBXFileReference; lastKnownFileType = audio.mp3; path = trumpquote4.mp3; sourceTree = "<group>"; };
		6E2AD51C1CED8C4000030B16 /* LaunchScreenFinalUpdatedCartoon.png */ = {isa = PBXFileReference; lastKnownFileType = image.png; path = LaunchScreenFinalUpdatedCartoon.png; sourceTree = "<group>"; };
		6E2AD51E1CED915D00030B16 /* GoogleService-Info.plist */ = {isa = PBXFileReference; fileEncoding = 4; lastKnownFileType = text.plist.xml; path = "GoogleService-Info.plist"; sourceTree = "<group>"; };
		6E55D0FD1CDFF0E100E7A983 /* menuSong.mp3 */ = {isa = PBXFileReference; lastKnownFileType = audio.mp3; path = menuSong.mp3; sourceTree = "<group>"; };
		6E55D0FF1CDFFE1800E7A983 /* menuSong.mp3 */ = {isa = PBXFileReference; lastKnownFileType = audio.mp3; path = menuSong.mp3; sourceTree = "<group>"; };
		6E55D1091CE0021A00E7A983 /* taco.png */ = {isa = PBXFileReference; lastKnownFileType = image.png; path = taco.png; sourceTree = "<group>"; };
		6E55D10B1CE0023700E7A983 /* taco@2x.png */ = {isa = PBXFileReference; lastKnownFileType = image.png; path = "taco@2x.png"; sourceTree = "<group>"; };
		6E55D10D1CE0025500E7A983 /* taco@3x.png */ = {isa = PBXFileReference; lastKnownFileType = image.png; path = "taco@3x.png"; sourceTree = "<group>"; };
		6E55D1111CE0052400E7A983 /* trumpFace.png */ = {isa = PBXFileReference; lastKnownFileType = image.png; path = trumpFace.png; sourceTree = "<group>"; };
		6E55D1121CE0052400E7A983 /* trumpFace@2x.png */ = {isa = PBXFileReference; lastKnownFileType = image.png; path = "trumpFace@2x.png"; sourceTree = "<group>"; };
		6E55D1191CE0073500E7A983 /* trumpFace.png */ = {isa = PBXFileReference; lastKnownFileType = image.png; path = trumpFace.png; sourceTree = "<group>"; };
		6E55D11A1CE0073500E7A983 /* trumpFace@2x.png */ = {isa = PBXFileReference; lastKnownFileType = image.png; path = "trumpFace@2x.png"; sourceTree = "<group>"; };
		6E55D1211CE00E5200E7A983 /* burrito.png */ = {isa = PBXFileReference; lastKnownFileType = image.png; path = burrito.png; sourceTree = "<group>"; };
		6E55D1221CE00E5200E7A983 /* burrito@2x.png */ = {isa = PBXFileReference; lastKnownFileType = image.png; path = "burrito@2x.png"; sourceTree = "<group>"; };
		6E55D1291CE0104600E7A983 /* maracas.png */ = {isa = PBXFileReference; lastKnownFileType = image.png; path = maracas.png; sourceTree = "<group>"; };
		6E55D12A1CE0104600E7A983 /* maracas@2x.png */ = {isa = PBXFileReference; lastKnownFileType = image.png; path = "maracas@2x.png"; sourceTree = "<group>"; };
		6E55D1311CE011EA00E7A983 /* poncho.png */ = {isa = PBXFileReference; lastKnownFileType = image.png; path = poncho.png; sourceTree = "<group>"; };
		6E55D1321CE011EA00E7A983 /* poncho@2x.png */ = {isa = PBXFileReference; lastKnownFileType = image.png; path = "poncho@2x.png"; sourceTree = "<group>"; };
		6E55D13D1CE012E600E7A983 /* sombrero.png */ = {isa = PBXFileReference; lastKnownFileType = image.png; path = sombrero.png; sourceTree = "<group>"; };
		6E55D13E1CE012E600E7A983 /* sombrero@2x.png */ = {isa = PBXFileReference; lastKnownFileType = image.png; path = "sombrero@2x.png"; sourceTree = "<group>"; };
		6E55D1411CE013AE00E7A983 /* money.png */ = {isa = PBXFileReference; lastKnownFileType = image.png; path = money.png; sourceTree = "<group>"; };
		6E55D1421CE013AE00E7A983 /* money@2x.png */ = {isa = PBXFileReference; lastKnownFileType = image.png; path = "money@2x.png"; sourceTree = "<group>"; };
		6E55D1491CE0170700E7A983 /* TrumpwithWings.png */ = {isa = PBXFileReference; lastKnownFileType = image.png; path = TrumpwithWings.png; sourceTree = "<group>"; };
		6E55D14A1CE0170700E7A983 /* TrumpwithWings@2x.png */ = {isa = PBXFileReference; lastKnownFileType = image.png; path = "TrumpwithWings@2x.png"; sourceTree = "<group>"; };
		6E55D14D1CE0185100E7A983 /* TrumpwithWings.png */ = {isa = PBXFileReference; lastKnownFileType = image.png; path = TrumpwithWings.png; sourceTree = "<group>"; };
		6E55D14E1CE0185100E7A983 /* TrumpwithWings@2x.png */ = {isa = PBXFileReference; lastKnownFileType = image.png; path = "TrumpwithWings@2x.png"; sourceTree = "<group>"; };
		6E55D1511CE019CE00E7A983 /* chanclas.png */ = {isa = PBXFileReference; lastKnownFileType = image.png; path = chanclas.png; sourceTree = "<group>"; };
		6E55D1521CE019CE00E7A983 /* chanclas@2x.png */ = {isa = PBXFileReference; lastKnownFileType = image.png; path = "chanclas@2x.png"; sourceTree = "<group>"; };
		6E55D1591CE01BAD00E7A983 /* coins.png */ = {isa = PBXFileReference; lastKnownFileType = image.png; path = coins.png; sourceTree = "<group>"; };
		6E55D15A1CE01BAD00E7A983 /* coins@2x.png */ = {isa = PBXFileReference; lastKnownFileType = image.png; path = "coins@2x.png"; sourceTree = "<group>"; };
		6E60B4111CEE56D600A00B39 /* GoogleMobileAds.framework */ = {isa = PBXFileReference; lastKnownFileType = wrapper.framework; path = GoogleMobileAds.framework; sourceTree = "<group>"; };
		6EAAEB311CE8100500070F36 /* trumpPoncho@2x.png */ = {isa = PBXFileReference; lastKnownFileType = image.png; path = "trumpPoncho@2x.png"; sourceTree = "<group>"; };
		6EAAEB321CE8100500070F36 /* trumpPoncho.png */ = {isa = PBXFileReference; lastKnownFileType = image.png; path = trumpPoncho.png; sourceTree = "<group>"; };
		6EBCC9691CDBF69100EAE7A8 /* Trump Dodge.app */ = {isa = PBXFileReference; explicitFileType = wrapper.application; includeInIndex = 0; path = "Trump Dodge.app"; sourceTree = BUILT_PRODUCTS_DIR; };
		6EBCC96D1CDBF69100EAE7A8 /* main.m */ = {isa = PBXFileReference; lastKnownFileType = sourcecode.c.objc; path = main.m; sourceTree = "<group>"; };
		6EBCC96F1CDBF69100EAE7A8 /* AppDelegate.h */ = {isa = PBXFileReference; lastKnownFileType = sourcecode.c.h; path = AppDelegate.h; sourceTree = "<group>"; };
		6EBCC9701CDBF69100EAE7A8 /* AppDelegate.m */ = {isa = PBXFileReference; lastKnownFileType = sourcecode.c.objc; path = AppDelegate.m; sourceTree = "<group>"; };
		6EBCC9721CDBF69100EAE7A8 /* GameScene.h */ = {isa = PBXFileReference; lastKnownFileType = sourcecode.c.h; path = GameScene.h; sourceTree = "<group>"; };
		6EBCC9731CDBF69100EAE7A8 /* GameScene.m */ = {isa = PBXFileReference; lastKnownFileType = sourcecode.c.objc; path = GameScene.m; sourceTree = "<group>"; };
		6EBCC9751CDBF69100EAE7A8 /* GameScene.sks */ = {isa = PBXFileReference; lastKnownFileType = file.sks; path = GameScene.sks; sourceTree = "<group>"; };
		6EBCC9771CDBF69100EAE7A8 /* GameViewController.h */ = {isa = PBXFileReference; lastKnownFileType = sourcecode.c.h; path = GameViewController.h; sourceTree = "<group>"; };
		6EBCC9781CDBF69100EAE7A8 /* GameViewController.m */ = {isa = PBXFileReference; lastKnownFileType = sourcecode.c.objc; path = GameViewController.m; sourceTree = "<group>"; };
		6EBCC97B1CDBF69100EAE7A8 /* Base */ = {isa = PBXFileReference; lastKnownFileType = file.storyboard; name = Base; path = Base.lproj/Main.storyboard; sourceTree = "<group>"; };
		6EBCC97D1CDBF69100EAE7A8 /* Assets.xcassets */ = {isa = PBXFileReference; lastKnownFileType = folder.assetcatalog; path = Assets.xcassets; sourceTree = "<group>"; };
		6EBCC9801CDBF69100EAE7A8 /* Base */ = {isa = PBXFileReference; lastKnownFileType = file.storyboard; name = Base; path = Base.lproj/LaunchScreen.storyboard; sourceTree = "<group>"; };
		6EBCC9821CDBF69100EAE7A8 /* Info.plist */ = {isa = PBXFileReference; lastKnownFileType = text.plist.xml; path = Info.plist; sourceTree = "<group>"; };
		6EBCC9871CDBF69100EAE7A8 /* Trump DodgeTests.xctest */ = {isa = PBXFileReference; explicitFileType = wrapper.cfbundle; includeInIndex = 0; path = "Trump DodgeTests.xctest"; sourceTree = BUILT_PRODUCTS_DIR; };
		6EBCC98B1CDBF69100EAE7A8 /* Trump_DodgeTests.m */ = {isa = PBXFileReference; lastKnownFileType = sourcecode.c.objc; path = Trump_DodgeTests.m; sourceTree = "<group>"; };
		6EBCC98D1CDBF69100EAE7A8 /* Info.plist */ = {isa = PBXFileReference; lastKnownFileType = text.plist.xml; path = Info.plist; sourceTree = "<group>"; };
		6EBCC9921CDBF69100EAE7A8 /* Trump DodgeUITests.xctest */ = {isa = PBXFileReference; explicitFileType = wrapper.cfbundle; includeInIndex = 0; path = "Trump DodgeUITests.xctest"; sourceTree = BUILT_PRODUCTS_DIR; };
		6EBCC9961CDBF69100EAE7A8 /* Trump_DodgeUITests.m */ = {isa = PBXFileReference; lastKnownFileType = sourcecode.c.objc; path = Trump_DodgeUITests.m; sourceTree = "<group>"; };
		6EBCC9981CDBF69100EAE7A8 /* Info.plist */ = {isa = PBXFileReference; lastKnownFileType = text.plist.xml; path = Info.plist; sourceTree = "<group>"; };
		6EC5E5AD1CE57967009C98B4 /* toupeAnnimation.sks */ = {isa = PBXFileReference; lastKnownFileType = file.sks; path = toupeAnnimation.sks; sourceTree = "<group>"; };
		6EC5E5B11CE57EC3009C98B4 /* ExplosionAnimation2.sks */ = {isa = PBXFileReference; lastKnownFileType = file.sks; path = ExplosionAnimation2.sks; sourceTree = "<group>"; };
		6EDC6FD11CE300050041E63D /* ExplosionAnimation.sks */ = {isa = PBXFileReference; lastKnownFileType = file.sks; path = ExplosionAnimation.sks; sourceTree = "<group>"; };
		6EDF7AAA1CE981E8003C336D /* moneyBag.png */ = {isa = PBXFileReference; lastKnownFileType = image.png; path = moneyBag.png; sourceTree = "<group>"; };
		6EEDFEF11CE98D63008E63D1 /* confetti.sks */ = {isa = PBXFileReference; lastKnownFileType = file.sks; path = confetti.sks; sourceTree = "<group>"; };
		6EFB26FA1CEBBD48001313DD /* moustache@2x.png */ = {isa = PBXFileReference; lastKnownFileType = image.png; path = "moustache@2x.png"; sourceTree = "<group>"; };
		6EFB26FB1CEBBD48001313DD /* moustache.png */ = {isa = PBXFileReference; lastKnownFileType = image.png; path = moustache.png; sourceTree = "<group>"; };
		A3841B54B70912BE6837F733 /* Pods-Trump Dodge.debug.xcconfig */ = {isa = PBXFileReference; includeInIndex = 1; lastKnownFileType = text.xcconfig; name = "Pods-Trump Dodge.debug.xcconfig"; path = "Pods/Target Support Files/Pods-Trump Dodge/Pods-Trump Dodge.debug.xcconfig"; sourceTree = "<group>"; };
		AA7B8706CF2B66BCF3EB27CF /* libPods-Trump DodgeUITests.a */ = {isa = PBXFileReference; explicitFileType = archive.ar; includeInIndex = 0; path = "libPods-Trump DodgeUITests.a"; sourceTree = BUILT_PRODUCTS_DIR; };
		BC8BD54D2FB516C1663069E9 /* Pods-Trump DodgeTests.release.xcconfig */ = {isa = PBXFileReference; includeInIndex = 1; lastKnownFileType = text.xcconfig; name = "Pods-Trump DodgeTests.release.xcconfig"; path = "Pods/Target Support Files/Pods-Trump DodgeTests/Pods-Trump DodgeTests.release.xcconfig"; sourceTree = "<group>"; };
		CD2AFE91E5341AB23BBAFC7E /* libPods-Trump Dodge.a */ = {isa = PBXFileReference; explicitFileType = archive.ar; includeInIndex = 0; path = "libPods-Trump Dodge.a"; sourceTree = BUILT_PRODUCTS_DIR; };
/* End PBXFileReference section */

/* Begin PBXFrameworksBuildPhase section */
		6EBCC9661CDBF69100EAE7A8 /* Frameworks */ = {
			isa = PBXFrameworksBuildPhase;
			buildActionMask = 2147483647;
			files = (
				6E60B4121CEE56D600A00B39 /* GoogleMobileAds.framework in Frameworks */,
				5424516E44CE29F6A5CCDBBE /* libPods-Trump Dodge.a in Frameworks */,
			);
			runOnlyForDeploymentPostprocessing = 0;
		};
		6EBCC9841CDBF69100EAE7A8 /* Frameworks */ = {
			isa = PBXFrameworksBuildPhase;
			buildActionMask = 2147483647;
			files = (
				216291513EA162DA01952A62 /* libPods-Trump DodgeTests.a in Frameworks */,
			);
			runOnlyForDeploymentPostprocessing = 0;
		};
		6EBCC98F1CDBF69100EAE7A8 /* Frameworks */ = {
			isa = PBXFrameworksBuildPhase;
			buildActionMask = 2147483647;
			files = (
				0854775EFB4A56DD6695F4AE /* libPods-Trump DodgeUITests.a in Frameworks */,
			);
			runOnlyForDeploymentPostprocessing = 0;
		};
/* End PBXFrameworksBuildPhase section */

/* Begin PBXGroup section */
		6EBCC9601CDBF69100EAE7A8 = {
			isa = PBXGroup;
			children = (
				6E60B4111CEE56D600A00B39 /* GoogleMobileAds.framework */,
				6EBCC96B1CDBF69100EAE7A8 /* Trump Dodge */,
				6EBCC98A1CDBF69100EAE7A8 /* Trump DodgeTests */,
				6EBCC9951CDBF69100EAE7A8 /* Trump DodgeUITests */,
				6EBCC96A1CDBF69100EAE7A8 /* Products */,
				CBB2216E8554B99ECF12C72F /* Pods */,
				FECA60C37341BF97210AFDF3 /* Frameworks */,
			);
			sourceTree = "<group>";
		};
		6EBCC96A1CDBF69100EAE7A8 /* Products */ = {
			isa = PBXGroup;
			children = (
				6EBCC9691CDBF69100EAE7A8 /* Trump Dodge.app */,
				6EBCC9871CDBF69100EAE7A8 /* Trump DodgeTests.xctest */,
				6EBCC9921CDBF69100EAE7A8 /* Trump DodgeUITests.xctest */,
			);
			name = Products;
			sourceTree = "<group>";
		};
		6EBCC96B1CDBF69100EAE7A8 /* Trump Dodge */ = {
			isa = PBXGroup;
			children = (
				6EBCC96F1CDBF69100EAE7A8 /* AppDelegate.h */,
				6EBCC9701CDBF69100EAE7A8 /* AppDelegate.m */,
				6EBCC9721CDBF69100EAE7A8 /* GameScene.h */,
				6EBCC9731CDBF69100EAE7A8 /* GameScene.m */,
				6EBCC9751CDBF69100EAE7A8 /* GameScene.sks */,
				6EBCC9771CDBF69100EAE7A8 /* GameViewController.h */,
				6EBCC9781CDBF69100EAE7A8 /* GameViewController.m */,
				6EBCC97A1CDBF69100EAE7A8 /* Main.storyboard */,
				6EBCC97D1CDBF69100EAE7A8 /* Assets.xcassets */,
				6E0232261CE2FCF100472856 /* moneyExplosion.sks */,
				6EDC6FD11CE300050041E63D /* ExplosionAnimation.sks */,
				6EC5E5AD1CE57967009C98B4 /* toupeAnnimation.sks */,
				6EC5E5B11CE57EC3009C98B4 /* ExplosionAnimation2.sks */,
				6EBCC97F1CDBF69100EAE7A8 /* LaunchScreen.storyboard */,
				6E0D28071CE93780003A13F5 /* Joystick.h */,
				6E0D28081CE93780003A13F5 /* Joystick.m */,
				6E2AD51E1CED915D00030B16 /* GoogleService-Info.plist */,
				6EBCC9821CDBF69100EAE7A8 /* Info.plist */,
				6EBCC96C1CDBF69100EAE7A8 /* Supporting Files */,
			);
			path = "Trump Dodge";
			sourceTree = "<group>";
		};
		6EBCC96C1CDBF69100EAE7A8 /* Supporting Files */ = {
			isa = PBXGroup;
			children = (
				6EDF7AAA1CE981E8003C336D /* moneyBag.png */,
				6E0D282E1CE95AFF003A13F5 /* blueBut.png */,
				6E0D280C1CE937A0003A13F5 /* dpad.png */,
				6E2AD51C1CED8C4000030B16 /* LaunchScreenFinalUpdatedCartoon.png */,
				6E0D28121CE94633003A13F5 /* trumpquote3.mp3 */,
				6E0D282C1CE958AF003A13F5 /* greenButton_burned.png */,
				6E0D28141CE94633003A13F5 /* trumpquote5.mp3 */,
				6EFB26FA1CEBBD48001313DD /* moustache@2x.png */,
				6EFB26FB1CEBBD48001313DD /* moustache.png */,
				6E23DA3C1CE9766B00CF2F0E /* trumpquote4.mp3 */,
				6E0D28151CE94633003A13F5 /* trumpquote6.mp3 */,
				6E0D28161CE94633003A13F5 /* trumpquote7.mp3 */,
				6E0D28171CE94633003A13F5 /* trumpquote8.mp3 */,
				6E0D28181CE94633003A13F5 /* trumpquote10.mp3 */,
				6E0D28191CE94633003A13F5 /* trumpquote11.mp3 */,
				6E0D281A1CE94633003A13F5 /* trumpquote12.mp3 */,
				6E0D281B1CE94633003A13F5 /* trumpquote13.mp3 */,
				6E0D281C1CE94633003A13F5 /* trumpquote14.mp3 */,
				6E0D281D1CE94633003A13F5 /* trumpquote15.mp3 */,
				6E0D281E1CE94633003A13F5 /* trumpquote16.mp3 */,
				6E0D280A1CE93792003A13F5 /* joystick.png */,
				6E0D280E1CE93B52003A13F5 /* Dying.mp3 */,
				6EAAEB311CE8100500070F36 /* trumpPoncho@2x.png */,
				6E0D28101CE94230003A13F5 /* mexicanNew@2x.png */,
				6EAAEB321CE8100500070F36 /* trumpPoncho.png */,
				6E55D13D1CE012E600E7A983 /* sombrero.png */,
				6E02320C1CE2EEE400472856 /* desert_day.png */,
				6E0D28031CE92798003A13F5 /* trumpQuote1.mp3 */,
				6E0D28041CE92798003A13F5 /* trumpQuote2.mp3 */,
				6E0232201CE2F6A700472856 /* burritoTest.png */,
				6E14DE301CE578BB009C81CF /* trumpToupe@2x.png */,
				6E14DE311CE578BB009C81CF /* trumpToupe.png */,
				6E55D13E1CE012E600E7A983 /* sombrero@2x.png */,
				6E0232101CE2F1A400472856 /* brick wall.png */,
				6E0232161CE2F31100472856 /* cactus.png */,
				6E0232171CE2F31100472856 /* cactus@2x.png */,
				6E0232111CE2F1A400472856 /* brick wall@2x.png */,
				6E02321E1CE2F68200472856 /* burritoTest@2x.png */,
				6E55D1411CE013AE00E7A983 /* money.png */,
				6E0232221CE2F79700472856 /* explosion.mp3 */,
				6E02321C1CE2F59600472856 /* burritTest@2x.png */,
				6E02320E1CE2EF5300472856 /* desert_night.png */,
				6E55D1491CE0170700E7A983 /* TrumpwithWings.png */,
				6E55D14A1CE0170700E7A983 /* TrumpwithWings@2x.png */,
				6E55D1591CE01BAD00E7A983 /* coins.png */,
				6E55D15A1CE01BAD00E7A983 /* coins@2x.png */,
				6E55D1421CE013AE00E7A983 /* money@2x.png */,
				6E55D1511CE019CE00E7A983 /* chanclas.png */,
				6E0232241CE2FB8D00472856 /* cash.mp3 */,
				6E55D1521CE019CE00E7A983 /* chanclas@2x.png */,
				6E1650C81CDBFC7400004D3D /* Axe1@2x.png */,
				6E55D14D1CE0185100E7A983 /* TrumpwithWings.png */,
				6E0D27FF1CE903F8003A13F5 /* moustache.png */,
				6E0D28001CE903F9003A13F5 /* moustache@2x.png */,
				6E55D14E1CE0185100E7A983 /* TrumpwithWings@2x.png */,
				6E55D0FF1CDFFE1800E7A983 /* menuSong.mp3 */,
				6E55D1211CE00E5200E7A983 /* burrito.png */,
				6E55D1221CE00E5200E7A983 /* burrito@2x.png */,
				6E55D1311CE011EA00E7A983 /* poncho.png */,
				6E55D1321CE011EA00E7A983 /* poncho@2x.png */,
				6E55D1291CE0104600E7A983 /* maracas.png */,
				6E55D12A1CE0104600E7A983 /* maracas@2x.png */,
				6E55D1111CE0052400E7A983 /* trumpFace.png */,
				6E55D1121CE0052400E7A983 /* trumpFace@2x.png */,
				6E1650D01CDBFC7400004D3D /* blue.png */,
				6E55D10B1CE0023700E7A983 /* taco@2x.png */,
				6E1650D51CDBFC7400004D3D /* bullet@2x.png */,
				6E55D10D1CE0025500E7A983 /* taco@3x.png */,
				6E55D1091CE0021A00E7A983 /* taco.png */,
				6E1650D61CDBFC7400004D3D /* bulletSmall@2x.png */,
				6E1650F01CDBFC7400004D3D /* gun.png */,
				6E1650F11CDBFC7400004D3D /* gun@2x.png */,
				6E1650F21CDBFC7400004D3D /* gunFlip@2x.png */,
				6E55D0FD1CDFF0E100E7A983 /* menuSong.mp3 */,
				6E16510E1CDBFC7400004D3D /* musicNote@2x.png */,
				6E16510F1CDBFC7400004D3D /* musicNoteFix@2x.png */,
				6E1651101CDBFC7400004D3D /* MusicNoteWhite.png */,
				6E1651121CDBFC7400004D3D /* organe.png */,
				6E1651141CDBFC7400004D3D /* pauseButton.png */,
				6E1651181CDBFC7400004D3D /* powerup@2x.png */,
				6E55D1191CE0073500E7A983 /* trumpFace.png */,
				6E55D11A1CE0073500E7A983 /* trumpFace@2x.png */,
				6E16511D1CDBFC7400004D3D /* spark.png */,
				6E1651211CDBFC7400004D3D /* turqois.png */,
				6E16512E1CDBFC7400004D3D /* whiteMusicNote@2x.png */,
				6EBCC96D1CDBF69100EAE7A8 /* main.m */,
				6EEDFEF11CE98D63008E63D1 /* confetti.sks */,
			);
			name = "Supporting Files";
			sourceTree = "<group>";
		};
		6EBCC98A1CDBF69100EAE7A8 /* Trump DodgeTests */ = {
			isa = PBXGroup;
			children = (
				6EBCC98B1CDBF69100EAE7A8 /* Trump_DodgeTests.m */,
				6EBCC98D1CDBF69100EAE7A8 /* Info.plist */,
			);
			path = "Trump DodgeTests";
			sourceTree = "<group>";
		};
		6EBCC9951CDBF69100EAE7A8 /* Trump DodgeUITests */ = {
			isa = PBXGroup;
			children = (
				6EBCC9961CDBF69100EAE7A8 /* Trump_DodgeUITests.m */,
				6EBCC9981CDBF69100EAE7A8 /* Info.plist */,
			);
			path = "Trump DodgeUITests";
			sourceTree = "<group>";
		};
		CBB2216E8554B99ECF12C72F /* Pods */ = {
			isa = PBXGroup;
			children = (
				A3841B54B70912BE6837F733 /* Pods-Trump Dodge.debug.xcconfig */,
				1A48BB9EF13BFE789829C425 /* Pods-Trump Dodge.release.xcconfig */,
				2B475493056A274E0DDA7900 /* Pods-Trump DodgeTests.debug.xcconfig */,
				BC8BD54D2FB516C1663069E9 /* Pods-Trump DodgeTests.release.xcconfig */,
				3E8FEF346CE257DC7E046CA1 /* Pods-Trump DodgeUITests.debug.xcconfig */,
				45715EA6626F2C692C0F7CA1 /* Pods-Trump DodgeUITests.release.xcconfig */,
			);
			name = Pods;
			sourceTree = "<group>";
		};
		FECA60C37341BF97210AFDF3 /* Frameworks */ = {
			isa = PBXGroup;
			children = (
				CD2AFE91E5341AB23BBAFC7E /* libPods-Trump Dodge.a */,
				2D1B62B76119996F96C37832 /* libPods-Trump DodgeTests.a */,
				AA7B8706CF2B66BCF3EB27CF /* libPods-Trump DodgeUITests.a */,
			);
			name = Frameworks;
			sourceTree = "<group>";
		};
/* End PBXGroup section */

/* Begin PBXNativeTarget section */
		6EBCC9681CDBF69100EAE7A8 /* Trump Dodge */ = {
			isa = PBXNativeTarget;
			buildConfigurationList = 6EBCC99B1CDBF69100EAE7A8 /* Build configuration list for PBXNativeTarget "Trump Dodge" */;
			buildPhases = (
				D31851184A05B1E4BAEC2241 /* 📦 Check Pods Manifest.lock */,
				6EBCC9651CDBF69100EAE7A8 /* Sources */,
				6EBCC9661CDBF69100EAE7A8 /* Frameworks */,
				6EBCC9671CDBF69100EAE7A8 /* Resources */,
				96CEC319FB17AEAE76F28B7D /* 📦 Embed Pods Frameworks */,
				ABCC9F9F5DEAF0434418F019 /* 📦 Copy Pods Resources */,
			);
			buildRules = (
			);
			dependencies = (
			);
			name = "Trump Dodge";
			productName = "Trump Dodge";
			productReference = 6EBCC9691CDBF69100EAE7A8 /* Trump Dodge.app */;
			productType = "com.apple.product-type.application";
		};
		6EBCC9861CDBF69100EAE7A8 /* Trump DodgeTests */ = {
			isa = PBXNativeTarget;
			buildConfigurationList = 6EBCC99E1CDBF69100EAE7A8 /* Build configuration list for PBXNativeTarget "Trump DodgeTests" */;
			buildPhases = (
				F731FDD97A562B23AB2B9E79 /* 📦 Check Pods Manifest.lock */,
				6EBCC9831CDBF69100EAE7A8 /* Sources */,
				6EBCC9841CDBF69100EAE7A8 /* Frameworks */,
				6EBCC9851CDBF69100EAE7A8 /* Resources */,
				10F0E2A042B9109EEA15D116 /* 📦 Embed Pods Frameworks */,
				D34A505245E07EB74A02C703 /* 📦 Copy Pods Resources */,
			);
			buildRules = (
			);
			dependencies = (
				6EBCC9891CDBF69100EAE7A8 /* PBXTargetDependency */,
			);
			name = "Trump DodgeTests";
			productName = "Trump DodgeTests";
			productReference = 6EBCC9871CDBF69100EAE7A8 /* Trump DodgeTests.xctest */;
			productType = "com.apple.product-type.bundle.unit-test";
		};
		6EBCC9911CDBF69100EAE7A8 /* Trump DodgeUITests */ = {
			isa = PBXNativeTarget;
			buildConfigurationList = 6EBCC9A11CDBF69100EAE7A8 /* Build configuration list for PBXNativeTarget "Trump DodgeUITests" */;
			buildPhases = (
				CB02D173169DDF860E11955F /* 📦 Check Pods Manifest.lock */,
				6EBCC98E1CDBF69100EAE7A8 /* Sources */,
				6EBCC98F1CDBF69100EAE7A8 /* Frameworks */,
				6EBCC9901CDBF69100EAE7A8 /* Resources */,
				478F35BA6E8A91FBE9BE1398 /* 📦 Copy Pods Resources */,
			);
			buildRules = (
			);
			dependencies = (
				6EBCC9941CDBF69100EAE7A8 /* PBXTargetDependency */,
			);
			name = "Trump DodgeUITests";
			productName = "Trump DodgeUITests";
			productReference = 6EBCC9921CDBF69100EAE7A8 /* Trump DodgeUITests.xctest */;
			productType = "com.apple.product-type.bundle.ui-testing";
		};
/* End PBXNativeTarget section */

/* Begin PBXProject section */
		6EBCC9611CDBF69100EAE7A8 /* Project object */ = {
			isa = PBXProject;
			attributes = {
				LastUpgradeCheck = 0730;
				ORGANIZATIONNAME = "Cyrus Behroozi";
				TargetAttributes = {
					6EBCC9681CDBF69100EAE7A8 = {
						CreatedOnToolsVersion = 7.3;
						DevelopmentTeam = 6YRR84HQ57;
					};
					6EBCC9861CDBF69100EAE7A8 = {
						CreatedOnToolsVersion = 7.3;
						TestTargetID = 6EBCC9681CDBF69100EAE7A8;
					};
					6EBCC9911CDBF69100EAE7A8 = {
						CreatedOnToolsVersion = 7.3;
						TestTargetID = 6EBCC9681CDBF69100EAE7A8;
					};
				};
			};
			buildConfigurationList = 6EBCC9641CDBF69100EAE7A8 /* Build configuration list for PBXProject "Trump Dodge" */;
			compatibilityVersion = "Xcode 3.2";
			developmentRegion = English;
			hasScannedForEncodings = 0;
			knownRegions = (
				en,
				Base,
			);
			mainGroup = 6EBCC9601CDBF69100EAE7A8;
			productRefGroup = 6EBCC96A1CDBF69100EAE7A8 /* Products */;
			projectDirPath = "";
			projectRoot = "";
			targets = (
				6EBCC9681CDBF69100EAE7A8 /* Trump Dodge */,
				6EBCC9861CDBF69100EAE7A8 /* Trump DodgeTests */,
				6EBCC9911CDBF69100EAE7A8 /* Trump DodgeUITests */,
			);
		};
/* End PBXProject section */

/* Begin PBXResourcesBuildPhase section */
		6EBCC9671CDBF69100EAE7A8 /* Resources */ = {
			isa = PBXResourcesBuildPhase;
			buildActionMask = 2147483647;
			files = (
				6E16515F1CDBFC7400004D3D /* gun.png in Resources */,
				6EBCC9761CDBF69100EAE7A8 /* GameScene.sks in Resources */,
				6E0D280F1CE93B52003A13F5 /* Dying.mp3 in Resources */,
				6E1651601CDBFC7400004D3D /* gun@2x.png in Resources */,
				6E1651441CDBFC7400004D3D /* bullet@2x.png in Resources */,
				6EFB26FC1CEBBD48001313DD /* moustache@2x.png in Resources */,
				6E16517F1CDBFC7400004D3D /* MusicNoteWhite.png in Resources */,
				6E0D28011CE903F9003A13F5 /* moustache.png in Resources */,
				6E0232281CE2FCF100472856 /* moneyExplosion.sks in Resources */,
				6E1651371CDBFC7400004D3D /* Axe1@2x.png in Resources */,
				6E55D14F1CE0185100E7A983 /* TrumpwithWings.png in Resources */,
				6E0D28251CE94633003A13F5 /* trumpquote10.mp3 in Resources */,
				6E0D28271CE94633003A13F5 /* trumpquote12.mp3 in Resources */,
				6E1651451CDBFC7400004D3D /* bulletSmall@2x.png in Resources */,
				6E55D10A1CE0021A00E7A983 /* taco.png in Resources */,
				6E1651811CDBFC7400004D3D /* organe.png in Resources */,
				6E55D13F1CE012E600E7A983 /* sombrero.png in Resources */,
				6E55D1501CE0185100E7A983 /* TrumpwithWings@2x.png in Resources */,
				6E55D1401CE012E600E7A983 /* sombrero@2x.png in Resources */,
				6E0D28241CE94633003A13F5 /* trumpquote8.mp3 in Resources */,
				6EDF7AAB1CE981E8003C336D /* moneyBag.png in Resources */,
				6E55D15C1CE01BAD00E7A983 /* coins@2x.png in Resources */,
				6E55D15B1CE01BAD00E7A983 /* coins.png in Resources */,
				6E0D28231CE94633003A13F5 /* trumpquote7.mp3 in Resources */,
				6E16517E1CDBFC7400004D3D /* musicNoteFix@2x.png in Resources */,
				6E0232181CE2F31100472856 /* cactus.png in Resources */,
				6E2AD51D1CED8C4000030B16 /* LaunchScreenFinalUpdatedCartoon.png in Resources */,
				6E0232251CE2FB8D00472856 /* cash.mp3 in Resources */,
				6E0D280B1CE93792003A13F5 /* joystick.png in Resources */,
				6E1651871CDBFC7400004D3D /* powerup@2x.png in Resources */,
				6E0D28061CE92798003A13F5 /* trumpQuote2.mp3 in Resources */,
				6E0D282B1CE94633003A13F5 /* trumpquote16.mp3 in Resources */,
				6E16518C1CDBFC7400004D3D /* spark.png in Resources */,
				6E0D28111CE94230003A13F5 /* mexicanNew@2x.png in Resources */,
				6EAAEB341CE8100500070F36 /* trumpPoncho.png in Resources */,
				6E55D1431CE013AE00E7A983 /* money.png in Resources */,
				6E0D28281CE94633003A13F5 /* trumpquote13.mp3 in Resources */,
				6E1651831CDBFC7400004D3D /* pauseButton.png in Resources */,
				6E55D11C1CE0073500E7A983 /* trumpFace@2x.png in Resources */,
				6E02320F1CE2EF5300472856 /* desert_night.png in Resources */,
				6E0D282F1CE95AFF003A13F5 /* blueBut.png in Resources */,
				6E55D14C1CE0170700E7A983 /* TrumpwithWings@2x.png in Resources */,
				6E0D281F1CE94633003A13F5 /* trumpquote3.mp3 in Resources */,
				6E0232231CE2F79700472856 /* explosion.mp3 in Resources */,
				6E02321F1CE2F68200472856 /* burritoTest@2x.png in Resources */,
				6EBCC9811CDBF69100EAE7A8 /* LaunchScreen.storyboard in Resources */,
				6E1651611CDBFC7400004D3D /* gunFlip@2x.png in Resources */,
				6E55D11B1CE0073500E7A983 /* trumpFace.png in Resources */,
				6E0D282D1CE958AF003A13F5 /* greenButton_burned.png in Resources */,
				6E55D10C1CE0023700E7A983 /* taco@2x.png in Resources */,
				6E0D28051CE92798003A13F5 /* trumpQuote1.mp3 in Resources */,
				6E0232131CE2F1A400472856 /* brick wall@2x.png in Resources */,
				6E14DE321CE578BB009C81CF /* trumpToupe@2x.png in Resources */,
				6EEDFEF21CE98D63008E63D1 /* confetti.sks in Resources */,
				6E02320D1CE2EEE400472856 /* desert_day.png in Resources */,
				6E55D1441CE013AE00E7A983 /* money@2x.png in Resources */,
				6E55D1001CDFFE1800E7A983 /* menuSong.mp3 in Resources */,
				6E55D12C1CE0104600E7A983 /* maracas@2x.png in Resources */,
				6E55D1541CE019CE00E7A983 /* chanclas@2x.png in Resources */,
				6E0D28221CE94633003A13F5 /* trumpquote6.mp3 in Resources */,
				6E16519D1CDBFC7400004D3D /* whiteMusicNote@2x.png in Resources */,
				6EC5E5B21CE57EC3009C98B4 /* ExplosionAnimation2.sks in Resources */,
				6E55D10E1CE0025500E7A983 /* taco@3x.png in Resources */,
				6E16513F1CDBFC7400004D3D /* blue.png in Resources */,
				6E55D12B1CE0104600E7A983 /* maracas.png in Resources */,
				6EBCC97E1CDBF69100EAE7A8 /* Assets.xcassets in Resources */,
				6E0D28261CE94633003A13F5 /* trumpquote11.mp3 in Resources */,
				6E55D1241CE00E5200E7A983 /* burrito@2x.png in Resources */,
				6E55D1131CE0052400E7A983 /* trumpFace.png in Resources */,
				6E55D0FE1CDFF0E100E7A983 /* menuSong.mp3 in Resources */,
				6E55D1141CE0052400E7A983 /* trumpFace@2x.png in Resources */,
				6E0D28291CE94633003A13F5 /* trumpquote14.mp3 in Resources */,
				6E55D1231CE00E5200E7A983 /* burrito.png in Resources */,
				6EDC6FD21CE300050041E63D /* ExplosionAnimation.sks in Resources */,
				6EC5E5AE1CE57967009C98B4 /* toupeAnnimation.sks in Resources */,
				6EBCC97C1CDBF69100EAE7A8 /* Main.storyboard in Resources */,
				6E0D28211CE94633003A13F5 /* trumpquote5.mp3 in Resources */,
				6E16517D1CDBFC7400004D3D /* musicNote@2x.png in Resources */,
				6E55D1331CE011EA00E7A983 /* poncho.png in Resources */,
				6E0232211CE2F6A700472856 /* burritoTest.png in Resources */,
				6E02321D1CE2F59600472856 /* burritTest@2x.png in Resources */,
				6E23DA3D1CE9766B00CF2F0E /* trumpquote4.mp3 in Resources */,
				6E0D280D1CE937A0003A13F5 /* dpad.png in Resources */,
				6E14DE331CE578BB009C81CF /* trumpToupe.png in Resources */,
				6EFB26FD1CEBBD48001313DD /* moustache.png in Resources */,
				6E55D1341CE011EA00E7A983 /* poncho@2x.png in Resources */,
				6EAAEB331CE8100500070F36 /* trumpPoncho@2x.png in Resources */,
				6E2AD51F1CED915D00030B16 /* GoogleService-Info.plist in Resources */,
				6E55D14B1CE0170700E7A983 /* TrumpwithWings.png in Resources */,
				6E0D282A1CE94633003A13F5 /* trumpquote15.mp3 in Resources */,
				6E0232121CE2F1A400472856 /* brick wall.png in Resources */,
				6E1651901CDBFC7400004D3D /* turqois.png in Resources */,
				6E55D1531CE019CE00E7A983 /* chanclas.png in Resources */,
				6E0232191CE2F31100472856 /* cactus@2x.png in Resources */,
				6E0D28021CE903F9003A13F5 /* moustache@2x.png in Resources */,
			);
			runOnlyForDeploymentPostprocessing = 0;
		};
		6EBCC9851CDBF69100EAE7A8 /* Resources */ = {
			isa = PBXResourcesBuildPhase;
			buildActionMask = 2147483647;
			files = (
				6E2AD5201CED915D00030B16 /* GoogleService-Info.plist in Resources */,
			);
			runOnlyForDeploymentPostprocessing = 0;
		};
		6EBCC9901CDBF69100EAE7A8 /* Resources */ = {
			isa = PBXResourcesBuildPhase;
			buildActionMask = 2147483647;
			files = (
				6E2AD5211CED915D00030B16 /* GoogleService-Info.plist in Resources */,
			);
			runOnlyForDeploymentPostprocessing = 0;
		};
/* End PBXResourcesBuildPhase section */

/* Begin PBXShellScriptBuildPhase section */
		10F0E2A042B9109EEA15D116 /* 📦 Embed Pods Frameworks */ = {
			isa = PBXShellScriptBuildPhase;
			buildActionMask = 2147483647;
			files = (
			);
			inputPaths = (
			);
			name = "📦 Embed Pods Frameworks";
			outputPaths = (
			);
			runOnlyForDeploymentPostprocessing = 0;
			shellPath = /bin/sh;
			shellScript = "\"${SRCROOT}/Pods/Target Support Files/Pods-Trump DodgeTests/Pods-Trump DodgeTests-frameworks.sh\"\n";
			showEnvVarsInLog = 0;
		};
		478F35BA6E8A91FBE9BE1398 /* 📦 Copy Pods Resources */ = {
			isa = PBXShellScriptBuildPhase;
			buildActionMask = 2147483647;
			files = (
			);
			inputPaths = (
			);
			name = "📦 Copy Pods Resources";
			outputPaths = (
			);
			runOnlyForDeploymentPostprocessing = 0;
			shellPath = /bin/sh;
			shellScript = "\"${SRCROOT}/Pods/Target Support Files/Pods-Trump DodgeUITests/Pods-Trump DodgeUITests-resources.sh\"\n";
			showEnvVarsInLog = 0;
		};
		96CEC319FB17AEAE76F28B7D /* 📦 Embed Pods Frameworks */ = {
			isa = PBXShellScriptBuildPhase;
			buildActionMask = 2147483647;
			files = (
			);
			inputPaths = (
			);
			name = "📦 Embed Pods Frameworks";
			outputPaths = (
			);
			runOnlyForDeploymentPostprocessing = 0;
			shellPath = /bin/sh;
			shellScript = "\"${SRCROOT}/Pods/Target Support Files/Pods-Trump Dodge/Pods-Trump Dodge-frameworks.sh\"\n";
			showEnvVarsInLog = 0;
		};
		ABCC9F9F5DEAF0434418F019 /* 📦 Copy Pods Resources */ = {
			isa = PBXShellScriptBuildPhase;
			buildActionMask = 2147483647;
			files = (
			);
			inputPaths = (
			);
			name = "📦 Copy Pods Resources";
			outputPaths = (
			);
			runOnlyForDeploymentPostprocessing = 0;
			shellPath = /bin/sh;
			shellScript = "\"${SRCROOT}/Pods/Target Support Files/Pods-Trump Dodge/Pods-Trump Dodge-resources.sh\"\n";
			showEnvVarsInLog = 0;
		};
		CB02D173169DDF860E11955F /* 📦 Check Pods Manifest.lock */ = {
			isa = PBXShellScriptBuildPhase;
			buildActionMask = 2147483647;
			files = (
			);
			inputPaths = (
			);
			name = "📦 Check Pods Manifest.lock";
			outputPaths = (
			);
			runOnlyForDeploymentPostprocessing = 0;
			shellPath = /bin/sh;
			shellScript = "diff \"${PODS_ROOT}/../Podfile.lock\" \"${PODS_ROOT}/Manifest.lock\" > /dev/null\nif [[ $? != 0 ]] ; then\n    cat << EOM\nerror: The sandbox is not in sync with the Podfile.lock. Run 'pod install' or update your CocoaPods installation.\nEOM\n    exit 1\nfi\n";
			showEnvVarsInLog = 0;
		};
		D31851184A05B1E4BAEC2241 /* 📦 Check Pods Manifest.lock */ = {
			isa = PBXShellScriptBuildPhase;
			buildActionMask = 2147483647;
			files = (
			);
			inputPaths = (
			);
			name = "📦 Check Pods Manifest.lock";
			outputPaths = (
			);
			runOnlyForDeploymentPostprocessing = 0;
			shellPath = /bin/sh;
			shellScript = "diff \"${PODS_ROOT}/../Podfile.lock\" \"${PODS_ROOT}/Manifest.lock\" > /dev/null\nif [[ $? != 0 ]] ; then\n    cat << EOM\nerror: The sandbox is not in sync with the Podfile.lock. Run 'pod install' or update your CocoaPods installation.\nEOM\n    exit 1\nfi\n";
			showEnvVarsInLog = 0;
		};
		D34A505245E07EB74A02C703 /* 📦 Copy Pods Resources */ = {
			isa = PBXShellScriptBuildPhase;
			buildActionMask = 2147483647;
			files = (
			);
			inputPaths = (
			);
			name = "📦 Copy Pods Resources";
			outputPaths = (
			);
			runOnlyForDeploymentPostprocessing = 0;
			shellPath = /bin/sh;
			shellScript = "\"${SRCROOT}/Pods/Target Support Files/Pods-Trump DodgeTests/Pods-Trump DodgeTests-resources.sh\"\n";
			showEnvVarsInLog = 0;
		};
		F731FDD97A562B23AB2B9E79 /* 📦 Check Pods Manifest.lock */ = {
			isa = PBXShellScriptBuildPhase;
			buildActionMask = 2147483647;
			files = (
			);
			inputPaths = (
			);
			name = "📦 Check Pods Manifest.lock";
			outputPaths = (
			);
			runOnlyForDeploymentPostprocessing = 0;
			shellPath = /bin/sh;
			shellScript = "diff \"${PODS_ROOT}/../Podfile.lock\" \"${PODS_ROOT}/Manifest.lock\" > /dev/null\nif [[ $? != 0 ]] ; then\n    cat << EOM\nerror: The sandbox is not in sync with the Podfile.lock. Run 'pod install' or update your CocoaPods installation.\nEOM\n    exit 1\nfi\n";
			showEnvVarsInLog = 0;
		};
/* End PBXShellScriptBuildPhase section */

/* Begin PBXSourcesBuildPhase section */
		6EBCC9651CDBF69100EAE7A8 /* Sources */ = {
			isa = PBXSourcesBuildPhase;
			buildActionMask = 2147483647;
			files = (
				6E0D28091CE93780003A13F5 /* Joystick.m in Sources */,
				6EBCC9791CDBF69100EAE7A8 /* GameViewController.m in Sources */,
				6EBCC9711CDBF69100EAE7A8 /* AppDelegate.m in Sources */,
				6EBCC9741CDBF69100EAE7A8 /* GameScene.m in Sources */,
				6EBCC96E1CDBF69100EAE7A8 /* main.m in Sources */,
			);
			runOnlyForDeploymentPostprocessing = 0;
		};
		6EBCC9831CDBF69100EAE7A8 /* Sources */ = {
			isa = PBXSourcesBuildPhase;
			buildActionMask = 2147483647;
			files = (
				6EBCC98C1CDBF69100EAE7A8 /* Trump_DodgeTests.m in Sources */,
			);
			runOnlyForDeploymentPostprocessing = 0;
		};
		6EBCC98E1CDBF69100EAE7A8 /* Sources */ = {
			isa = PBXSourcesBuildPhase;
			buildActionMask = 2147483647;
			files = (
				6EBCC9971CDBF69100EAE7A8 /* Trump_DodgeUITests.m in Sources */,
			);
			runOnlyForDeploymentPostprocessing = 0;
		};
/* End PBXSourcesBuildPhase section */

/* Begin PBXTargetDependency section */
		6EBCC9891CDBF69100EAE7A8 /* PBXTargetDependency */ = {
			isa = PBXTargetDependency;
			target = 6EBCC9681CDBF69100EAE7A8 /* Trump Dodge */;
			targetProxy = 6EBCC9881CDBF69100EAE7A8 /* PBXContainerItemProxy */;
		};
		6EBCC9941CDBF69100EAE7A8 /* PBXTargetDependency */ = {
			isa = PBXTargetDependency;
			target = 6EBCC9681CDBF69100EAE7A8 /* Trump Dodge */;
			targetProxy = 6EBCC9931CDBF69100EAE7A8 /* PBXContainerItemProxy */;
		};
/* End PBXTargetDependency section */

/* Begin PBXVariantGroup section */
		6EBCC97A1CDBF69100EAE7A8 /* Main.storyboard */ = {
			isa = PBXVariantGroup;
			children = (
				6EBCC97B1CDBF69100EAE7A8 /* Base */,
			);
			name = Main.storyboard;
			sourceTree = "<group>";
		};
		6EBCC97F1CDBF69100EAE7A8 /* LaunchScreen.storyboard */ = {
			isa = PBXVariantGroup;
			children = (
				6EBCC9801CDBF69100EAE7A8 /* Base */,
			);
			name = LaunchScreen.storyboard;
			sourceTree = "<group>";
		};
/* End PBXVariantGroup section */

/* Begin XCBuildConfiguration section */
		6EBCC9991CDBF69100EAE7A8 /* Debug */ = {
			isa = XCBuildConfiguration;
			buildSettings = {
				ALWAYS_SEARCH_USER_PATHS = NO;
				CLANG_ANALYZER_NONNULL = YES;
				CLANG_CXX_LANGUAGE_STANDARD = "gnu++0x";
				CLANG_CXX_LIBRARY = "libc++";
				CLANG_ENABLE_MODULES = YES;
				CLANG_ENABLE_OBJC_ARC = YES;
				CLANG_WARN_BOOL_CONVERSION = YES;
				CLANG_WARN_CONSTANT_CONVERSION = YES;
				CLANG_WARN_DIRECT_OBJC_ISA_USAGE = YES_ERROR;
				CLANG_WARN_EMPTY_BODY = YES;
				CLANG_WARN_ENUM_CONVERSION = YES;
				CLANG_WARN_INT_CONVERSION = YES;
				CLANG_WARN_OBJC_ROOT_CLASS = YES_ERROR;
				CLANG_WARN_UNREACHABLE_CODE = YES;
				CLANG_WARN__DUPLICATE_METHOD_MATCH = YES;
				CODE_SIGN_IDENTITY = "iPhone Distribution: Cyrus Behroozi (6YRR84HQ57)";
				"CODE_SIGN_IDENTITY[sdk=iphoneos*]" = "iPhone Distribution: Cyrus Behroozi (6YRR84HQ57)";
				COPY_PHASE_STRIP = NO;
				DEBUG_INFORMATION_FORMAT = "dwarf-with-dsym";
				ENABLE_STRICT_OBJC_MSGSEND = YES;
				ENABLE_TESTABILITY = YES;
				GCC_C_LANGUAGE_STANDARD = gnu99;
				GCC_DYNAMIC_NO_PIC = NO;
				GCC_NO_COMMON_BLOCKS = YES;
				GCC_OPTIMIZATION_LEVEL = 0;
				GCC_PREPROCESSOR_DEFINITIONS = (
					"DEBUG=1",
					"$(inherited)",
				);
				GCC_WARN_64_TO_32_BIT_CONVERSION = YES;
				GCC_WARN_ABOUT_RETURN_TYPE = YES_ERROR;
				GCC_WARN_UNDECLARED_SELECTOR = YES;
				GCC_WARN_UNINITIALIZED_AUTOS = YES_AGGRESSIVE;
				GCC_WARN_UNUSED_FUNCTION = YES;
				GCC_WARN_UNUSED_VARIABLE = YES;
				IPHONEOS_DEPLOYMENT_TARGET = 8.0;
				MTL_ENABLE_DEBUG_INFO = YES;
				ONLY_ACTIVE_ARCH = YES;
				PRODUCT_BUNDLE_IDENTIFIER = "com.cyrusbehroozi.Trump-Dodge-1";
				PROVISIONING_PROFILE = "955a9109-4f5e-4a28-adfb-b4ed584f877b";
				SDKROOT = iphoneos;
				TARGETED_DEVICE_FAMILY = "1,2";
			};
			name = Debug;
		};
		6EBCC99A1CDBF69100EAE7A8 /* Release */ = {
			isa = XCBuildConfiguration;
			buildSettings = {
				ALWAYS_SEARCH_USER_PATHS = NO;
				CLANG_ANALYZER_NONNULL = YES;
				CLANG_CXX_LANGUAGE_STANDARD = "gnu++0x";
				CLANG_CXX_LIBRARY = "libc++";
				CLANG_ENABLE_MODULES = YES;
				CLANG_ENABLE_OBJC_ARC = YES;
				CLANG_WARN_BOOL_CONVERSION = YES;
				CLANG_WARN_CONSTANT_CONVERSION = YES;
				CLANG_WARN_DIRECT_OBJC_ISA_USAGE = YES_ERROR;
				CLANG_WARN_EMPTY_BODY = YES;
				CLANG_WARN_ENUM_CONVERSION = YES;
				CLANG_WARN_INT_CONVERSION = YES;
				CLANG_WARN_OBJC_ROOT_CLASS = YES_ERROR;
				CLANG_WARN_UNREACHABLE_CODE = YES;
				CLANG_WARN__DUPLICATE_METHOD_MATCH = YES;
				CODE_SIGN_IDENTITY = "iPhone Distribution: Cyrus Behroozi (6YRR84HQ57)";
				"CODE_SIGN_IDENTITY[sdk=iphoneos*]" = "iPhone Distribution: Cyrus Behroozi (6YRR84HQ57)";
				COPY_PHASE_STRIP = NO;
				DEBUG_INFORMATION_FORMAT = "dwarf-with-dsym";
				ENABLE_NS_ASSERTIONS = NO;
				ENABLE_STRICT_OBJC_MSGSEND = YES;
				GCC_C_LANGUAGE_STANDARD = gnu99;
				GCC_NO_COMMON_BLOCKS = YES;
				GCC_WARN_64_TO_32_BIT_CONVERSION = YES;
				GCC_WARN_ABOUT_RETURN_TYPE = YES_ERROR;
				GCC_WARN_UNDECLARED_SELECTOR = YES;
				GCC_WARN_UNINITIALIZED_AUTOS = YES_AGGRESSIVE;
				GCC_WARN_UNUSED_FUNCTION = YES;
				GCC_WARN_UNUSED_VARIABLE = YES;
				IPHONEOS_DEPLOYMENT_TARGET = 8.0;
				MTL_ENABLE_DEBUG_INFO = NO;
				PRODUCT_BUNDLE_IDENTIFIER = "com.cyrusbehroozi.Trump-Dodge-1";
				PROVISIONING_PROFILE = "955a9109-4f5e-4a28-adfb-b4ed584f877b";
				SDKROOT = iphoneos;
				TARGETED_DEVICE_FAMILY = "1,2";
				VALIDATE_PRODUCT = YES;
			};
			name = Release;
		};
		6EBCC99C1CDBF69100EAE7A8 /* Debug */ = {
			isa = XCBuildConfiguration;
			baseConfigurationReference = A3841B54B70912BE6837F733 /* Pods-Trump Dodge.debug.xcconfig */;
			buildSettings = {
				ASSETCATALOG_COMPILER_APPICON_NAME = AppIcon;
				ASSETCATALOG_COMPILER_LAUNCHIMAGE_NAME = "Brand Assets";
				CODE_SIGN_IDENTITY = "iPhone Distribution: Cyrus Behroozi (6YRR84HQ57)";
				"CODE_SIGN_IDENTITY[sdk=iphoneos*]" = "iPhone Distribution: Cyrus Behroozi (6YRR84HQ57)";
				FRAMEWORK_SEARCH_PATHS = (
					"$(inherited)",
					"$(PROJECT_DIR)",
				);
				INFOPLIST_FILE = "Trump Dodge/Info.plist";
				INFOPLIST_PREPROCESS = NO;
				IPHONEOS_DEPLOYMENT_TARGET = 8.0;
				LD_RUNPATH_SEARCH_PATHS = "$(inherited) @executable_path/Frameworks";
				PRODUCT_BUNDLE_IDENTIFIER = "com.cyrusbehroozi.Trump-Dodge-1";
				PRODUCT_NAME = "$(TARGET_NAME)";
				PROVISIONING_PROFILE = "955a9109-4f5e-4a28-adfb-b4ed584f877b";
			};
			name = Debug;
		};
		6EBCC99D1CDBF69100EAE7A8 /* Release */ = {
			isa = XCBuildConfiguration;
			baseConfigurationReference = 1A48BB9EF13BFE789829C425 /* Pods-Trump Dodge.release.xcconfig */;
			buildSettings = {
				ASSETCATALOG_COMPILER_APPICON_NAME = AppIcon;
				ASSETCATALOG_COMPILER_LAUNCHIMAGE_NAME = "Brand Assets";
				CODE_SIGN_IDENTITY = "iPhone Distribution: Cyrus Behroozi (6YRR84HQ57)";
				"CODE_SIGN_IDENTITY[sdk=iphoneos*]" = "iPhone Distribution: Cyrus Behroozi (6YRR84HQ57)";
				FRAMEWORK_SEARCH_PATHS = (
					"$(inherited)",
					"$(PROJECT_DIR)",
				);
				INFOPLIST_FILE = "Trump Dodge/Info.plist";
				INFOPLIST_PREPROCESS = NO;
				IPHONEOS_DEPLOYMENT_TARGET = 8.0;
				LD_RUNPATH_SEARCH_PATHS = "$(inherited) @executable_path/Frameworks";
				PRODUCT_BUNDLE_IDENTIFIER = "com.cyrusbehroozi.Trump-Dodge-1";
				PRODUCT_NAME = "$(TARGET_NAME)";
				PROVISIONING_PROFILE = "955a9109-4f5e-4a28-adfb-b4ed584f877b";
			};
			name = Release;
		};
		6EBCC99F1CDBF69100EAE7A8 /* Debug */ = {
			isa = XCBuildConfiguration;
			baseConfigurationReference = 2B475493056A274E0DDA7900 /* Pods-Trump DodgeTests.debug.xcconfig */;
			buildSettings = {
				BUNDLE_LOADER = "$(TEST_HOST)";
				DEBUG_INFORMATION_FORMAT = dwarf;
				INFOPLIST_FILE = "Trump DodgeTests/Info.plist";
				LD_RUNPATH_SEARCH_PATHS = "$(inherited) @executable_path/Frameworks @loader_path/Frameworks";
				PRODUCT_BUNDLE_IDENTIFIER = "com.cyrusbehroozi.Trump-DodgeTests";
				PRODUCT_NAME = "$(TARGET_NAME)";
				TEST_HOST = "$(BUILT_PRODUCTS_DIR)/Trump Dodge.app/Trump Dodge";
			};
			name = Debug;
		};
		6EBCC9A01CDBF69100EAE7A8 /* Release */ = {
			isa = XCBuildConfiguration;
			baseConfigurationReference = BC8BD54D2FB516C1663069E9 /* Pods-Trump DodgeTests.release.xcconfig */;
			buildSettings = {
				BUNDLE_LOADER = "$(TEST_HOST)";
				INFOPLIST_FILE = "Trump DodgeTests/Info.plist";
				LD_RUNPATH_SEARCH_PATHS = "$(inherited) @executable_path/Frameworks @loader_path/Frameworks";
				PRODUCT_BUNDLE_IDENTIFIER = "com.cyrusbehroozi.Trump-DodgeTests";
				PRODUCT_NAME = "$(TARGET_NAME)";
				TEST_HOST = "$(BUILT_PRODUCTS_DIR)/Trump Dodge.app/Trump Dodge";
			};
			name = Release;
		};
		6EBCC9A21CDBF69100EAE7A8 /* Debug */ = {
			isa = XCBuildConfiguration;
			baseConfigurationReference = 3E8FEF346CE257DC7E046CA1 /* Pods-Trump DodgeUITests.debug.xcconfig */;
			buildSettings = {
				DEBUG_INFORMATION_FORMAT = dwarf;
				INFOPLIST_FILE = "Trump DodgeUITests/Info.plist";
				LD_RUNPATH_SEARCH_PATHS = "$(inherited) @executable_path/Frameworks @loader_path/Frameworks";
				PRODUCT_BUNDLE_IDENTIFIER = "com.cyrusbehroozi.Trump-DodgeUITests";
				PRODUCT_NAME = "$(TARGET_NAME)";
				TEST_TARGET_NAME = "Trump Dodge";
			};
			name = Debug;
		};
		6EBCC9A31CDBF69100EAE7A8 /* Release */ = {
			isa = XCBuildConfiguration;
			baseConfigurationReference = 45715EA6626F2C692C0F7CA1 /* Pods-Trump DodgeUITests.release.xcconfig */;
			buildSettings = {
				INFOPLIST_FILE = "Trump DodgeUITests/Info.plist";
				LD_RUNPATH_SEARCH_PATHS = "$(inherited) @executable_path/Frameworks @loader_path/Frameworks";
				PRODUCT_BUNDLE_IDENTIFIER = "com.cyrusbehroozi.Trump-DodgeUITests";
				PRODUCT_NAME = "$(TARGET_NAME)";
				TEST_TARGET_NAME = "Trump Dodge";
			};
			name = Release;
		};
/* End XCBuildConfiguration section */

/* Begin XCConfigurationList section */
		6EBCC9641CDBF69100EAE7A8 /* Build configuration list for PBXProject "Trump Dodge" */ = {
			isa = XCConfigurationList;
			buildConfigurations = (
				6EBCC9991CDBF69100EAE7A8 /* Debug */,
				6EBCC99A1CDBF69100EAE7A8 /* Release */,
			);
			defaultConfigurationIsVisible = 0;
			defaultConfigurationName = Release;
		};
		6EBCC99B1CDBF69100EAE7A8 /* Build configuration list for PBXNativeTarget "Trump Dodge" */ = {
			isa = XCConfigurationList;
			buildConfigurations = (
				6EBCC99C1CDBF69100EAE7A8 /* Debug */,
				6EBCC99D1CDBF69100EAE7A8 /* Release */,
			);
			defaultConfigurationIsVisible = 0;
			defaultConfigurationName = Release;
		};
		6EBCC99E1CDBF69100EAE7A8 /* Build configuration list for PBXNativeTarget "Trump DodgeTests" */ = {
			isa = XCConfigurationList;
			buildConfigurations = (
				6EBCC99F1CDBF69100EAE7A8 /* Debug */,
				6EBCC9A01CDBF69100EAE7A8 /* Release */,
			);
			defaultConfigurationIsVisible = 0;
			defaultConfigurationName = Release;
		};
		6EBCC9A11CDBF69100EAE7A8 /* Build configuration list for PBXNativeTarget "Trump DodgeUITests" */ = {
			isa = XCConfigurationList;
			buildConfigurations = (
				6EBCC9A21CDBF69100EAE7A8 /* Debug */,
				6EBCC9A31CDBF69100EAE7A8 /* Release */,
			);
			defaultConfigurationIsVisible = 0;
			defaultConfigurationName = Release;
		};
/* End XCConfigurationList section */
	};
	rootObject = 6EBCC9611CDBF69100EAE7A8 /* Project object */;
}
