// !$*UTF8*$!
{
	archiveVersion = 1;
	classes = {
	};
	objectVersion = 46;
	objects = {

/* Begin PBXBuildFile section */
		6E02320D1CE2EEE400472856 /* desert_day.png in Resources */ = {isa = PBXBuildFile; fileRef = 6E02320C1CE2EEE400472856 /* desert_day.png */; };
		6E02320F1CE2EF5300472856 /* desert_night.png in Resources */ = {isa = PBXBuildFile; fileRef = 6E02320E1CE2EF5300472856 /* desert_night.png */; };
		6E0232121CE2F1A400472856 /* brick wall.png in Resources */ = {isa = PBXBuildFile; fileRef = 6E0232101CE2F1A400472856 /* brick wall.png */; };
		6E0232131CE2F1A400472856 /* brick wall@2x.png in Resources */ = {isa = PBXBuildFile; fileRef = 6E0232111CE2F1A400472856 /* brick wall@2x.png */; };
		6E0232151CE2F2A400472856 /* mexicanScaled@2x.png in Resources */ = {isa = PBXBuildFile; fileRef = 6E0232141CE2F2A400472856 /* mexicanScaled@2x.png */; };
		6E0232181CE2F31100472856 /* cactus.png in Resources */ = {isa = PBXBuildFile; fileRef = 6E0232161CE2F31100472856 /* cactus.png */; };
		6E0232191CE2F31100472856 /* cactus@2x.png in Resources */ = {isa = PBXBuildFile; fileRef = 6E0232171CE2F31100472856 /* cactus@2x.png */; };
		6E02321B1CE2F31F00472856 /* mexicanScaled.png in Resources */ = {isa = PBXBuildFile; fileRef = 6E02321A1CE2F31F00472856 /* mexicanScaled.png */; };
		6E02321D1CE2F59600472856 /* burritTest@2x.png in Resources */ = {isa = PBXBuildFile; fileRef = 6E02321C1CE2F59600472856 /* burritTest@2x.png */; };
		6E02321F1CE2F68200472856 /* burritoTest@2x.png in Resources */ = {isa = PBXBuildFile; fileRef = 6E02321E1CE2F68200472856 /* burritoTest@2x.png */; };
		6E0232211CE2F6A700472856 /* burritoTest.png in Resources */ = {isa = PBXBuildFile; fileRef = 6E0232201CE2F6A700472856 /* burritoTest.png */; };
		6E0232231CE2F79700472856 /* explosion.mp3 in Resources */ = {isa = PBXBuildFile; fileRef = 6E0232221CE2F79700472856 /* explosion.mp3 */; };
		6E0232251CE2FB8D00472856 /* cash.mp3 in Resources */ = {isa = PBXBuildFile; fileRef = 6E0232241CE2FB8D00472856 /* cash.mp3 */; };
		6E0232281CE2FCF100472856 /* moneyExplosion.sks in Resources */ = {isa = PBXBuildFile; fileRef = 6E0232261CE2FCF100472856 /* moneyExplosion.sks */; };
		6E0D28011CE903F9003A13F5 /* moustache.png in Resources */ = {isa = PBXBuildFile; fileRef = 6E0D27FF1CE903F8003A13F5 /* moustache.png */; };
		6E0D28021CE903F9003A13F5 /* moustache@2x.png in Resources */ = {isa = PBXBuildFile; fileRef = 6E0D28001CE903F9003A13F5 /* moustache@2x.png */; };
		6E14DE321CE578BB009C81CF /* trumpToupe@2x.png in Resources */ = {isa = PBXBuildFile; fileRef = 6E14DE301CE578BB009C81CF /* trumpToupe@2x.png */; };
		6E14DE331CE578BB009C81CF /* trumpToupe.png in Resources */ = {isa = PBXBuildFile; fileRef = 6E14DE311CE578BB009C81CF /* trumpToupe.png */; };
		6E1651351CDBFC7400004D3D /* antlers.png in Resources */ = {isa = PBXBuildFile; fileRef = 6E1650C61CDBFC7400004D3D /* antlers.png */; };
		6E1651371CDBFC7400004D3D /* Axe1@2x.png in Resources */ = {isa = PBXBuildFile; fileRef = 6E1650C81CDBFC7400004D3D /* Axe1@2x.png */; };
		6E1651381CDBFC7400004D3D /* bacon.png in Resources */ = {isa = PBXBuildFile; fileRef = 6E1650C91CDBFC7400004D3D /* bacon.png */; };
		6E1651391CDBFC7400004D3D /* beaver@2x.png in Resources */ = {isa = PBXBuildFile; fileRef = 6E1650CA1CDBFC7400004D3D /* beaver@2x.png */; };
		6E16513A1CDBFC7400004D3D /* bee@2x.png in Resources */ = {isa = PBXBuildFile; fileRef = 6E1650CB1CDBFC7400004D3D /* bee@2x.png */; };
		6E16513B1CDBFC7400004D3D /* beeHiveFix.png in Resources */ = {isa = PBXBuildFile; fileRef = 6E1650CC1CDBFC7400004D3D /* beeHiveFix.png */; };
		6E16513C1CDBFC7400004D3D /* blackCircle.png in Resources */ = {isa = PBXBuildFile; fileRef = 6E1650CD1CDBFC7400004D3D /* blackCircle.png */; };
		6E16513D1CDBFC7400004D3D /* bloodDrop.png in Resources */ = {isa = PBXBuildFile; fileRef = 6E1650CE1CDBFC7400004D3D /* bloodDrop.png */; };
		6E16513E1CDBFC7400004D3D /* bloodSplat@2x.png in Resources */ = {isa = PBXBuildFile; fileRef = 6E1650CF1CDBFC7400004D3D /* bloodSplat@2x.png */; };
		6E16513F1CDBFC7400004D3D /* blue.png in Resources */ = {isa = PBXBuildFile; fileRef = 6E1650D01CDBFC7400004D3D /* blue.png */; };
		6E1651401CDBFC7400004D3D /* bomb@2x.png in Resources */ = {isa = PBXBuildFile; fileRef = 6E1650D11CDBFC7400004D3D /* bomb@2x.png */; };
		6E1651411CDBFC7400004D3D /* bombPowerUp@2x.png in Resources */ = {isa = PBXBuildFile; fileRef = 6E1650D21CDBFC7400004D3D /* bombPowerUp@2x.png */; };
		6E1651421CDBFC7400004D3D /* bone2.png in Resources */ = {isa = PBXBuildFile; fileRef = 6E1650D31CDBFC7400004D3D /* bone2.png */; };
		6E1651431CDBFC7400004D3D /* Bonefish@2x.png in Resources */ = {isa = PBXBuildFile; fileRef = 6E1650D41CDBFC7400004D3D /* Bonefish@2x.png */; };
		6E1651441CDBFC7400004D3D /* bullet@2x.png in Resources */ = {isa = PBXBuildFile; fileRef = 6E1650D51CDBFC7400004D3D /* bullet@2x.png */; };
		6E1651451CDBFC7400004D3D /* bulletSmall@2x.png in Resources */ = {isa = PBXBuildFile; fileRef = 6E1650D61CDBFC7400004D3D /* bulletSmall@2x.png */; };
		6E1651461CDBFC7400004D3D /* cartoonAxe@2x.png in Resources */ = {isa = PBXBuildFile; fileRef = 6E1650D71CDBFC7400004D3D /* cartoonAxe@2x.png */; };
		6E1651471CDBFC7400004D3D /* cartoonFire.png in Resources */ = {isa = PBXBuildFile; fileRef = 6E1650D81CDBFC7400004D3D /* cartoonFire.png */; };
		6E1651481CDBFC7400004D3D /* cleaver.png in Resources */ = {isa = PBXBuildFile; fileRef = 6E1650D91CDBFC7400004D3D /* cleaver.png */; };
		6E1651491CDBFC7400004D3D /* cleaver1@2x.png in Resources */ = {isa = PBXBuildFile; fileRef = 6E1650DA1CDBFC7400004D3D /* cleaver1@2x.png */; };
		6E16514A1CDBFC7400004D3D /* clockPowerUp@2x.png in Resources */ = {isa = PBXBuildFile; fileRef = 6E1650DB1CDBFC7400004D3D /* clockPowerUp@2x.png */; };
		6E16514B1CDBFC7400004D3D /* Default-568h.png in Resources */ = {isa = PBXBuildFile; fileRef = 6E1650DC1CDBFC7400004D3D /* Default-568h.png */; };
		6E16514C1CDBFC7400004D3D /* Default-568h@2x.png in Resources */ = {isa = PBXBuildFile; fileRef = 6E1650DD1CDBFC7400004D3D /* Default-568h@2x.png */; };
		6E16514D1CDBFC7400004D3D /* Default-667h@2x.png in Resources */ = {isa = PBXBuildFile; fileRef = 6E1650DE1CDBFC7400004D3D /* Default-667h@2x.png */; };
		6E16514E1CDBFC7400004D3D /* Default-736h@3x.png in Resources */ = {isa = PBXBuildFile; fileRef = 6E1650DF1CDBFC7400004D3D /* Default-736h@3x.png */; };
		6E16514F1CDBFC7400004D3D /* Default-736h@3x1.png in Resources */ = {isa = PBXBuildFile; fileRef = 6E1650E01CDBFC7400004D3D /* Default-736h@3x1.png */; };
		6E1651501CDBFC7400004D3D /* Default.png in Resources */ = {isa = PBXBuildFile; fileRef = 6E1650E11CDBFC7400004D3D /* Default.png */; };
		6E1651511CDBFC7400004D3D /* Default@2x.png in Resources */ = {isa = PBXBuildFile; fileRef = 6E1650E21CDBFC7400004D3D /* Default@2x.png */; };
		6E1651521CDBFC7400004D3D /* double@2x.png in Resources */ = {isa = PBXBuildFile; fileRef = 6E1650E31CDBFC7400004D3D /* double@2x.png */; };
		6E1651531CDBFC7400004D3D /* elephant@2x.png in Resources */ = {isa = PBXBuildFile; fileRef = 6E1650E41CDBFC7400004D3D /* elephant@2x.png */; };
		6E1651541CDBFC7400004D3D /* feather.png in Resources */ = {isa = PBXBuildFile; fileRef = 6E1650E51CDBFC7400004D3D /* feather.png */; };
		6E1651551CDBFC7400004D3D /* featherBrown@2x.png in Resources */ = {isa = PBXBuildFile; fileRef = 6E1650E61CDBFC7400004D3D /* featherBrown@2x.png */; };
		6E1651561CDBFC7400004D3D /* finger@2x.png in Resources */ = {isa = PBXBuildFile; fileRef = 6E1650E71CDBFC7400004D3D /* finger@2x.png */; };
		6E1651571CDBFC7400004D3D /* flame.png in Resources */ = {isa = PBXBuildFile; fileRef = 6E1650E81CDBFC7400004D3D /* flame.png */; };
		6E1651581CDBFC7400004D3D /* fluff2.png in Resources */ = {isa = PBXBuildFile; fileRef = 6E1650E91CDBFC7400004D3D /* fluff2.png */; };
		6E1651591CDBFC7400004D3D /* geryFish.png in Resources */ = {isa = PBXBuildFile; fileRef = 6E1650EA1CDBFC7400004D3D /* geryFish.png */; };
		6E16515A1CDBFC7400004D3D /* giraffe@2x.png in Resources */ = {isa = PBXBuildFile; fileRef = 6E1650EB1CDBFC7400004D3D /* giraffe@2x.png */; };
		6E16515B1CDBFC7400004D3D /* goat@2x.png in Resources */ = {isa = PBXBuildFile; fileRef = 6E1650EC1CDBFC7400004D3D /* goat@2x.png */; };
		6E16515C1CDBFC7400004D3D /* goatWhite.png in Resources */ = {isa = PBXBuildFile; fileRef = 6E1650ED1CDBFC7400004D3D /* goatWhite.png */; };
		6E16515D1CDBFC7400004D3D /* gold penguin@2x.png in Resources */ = {isa = PBXBuildFile; fileRef = 6E1650EE1CDBFC7400004D3D /* gold penguin@2x.png */; };
		6E16515E1CDBFC7400004D3D /* gold1.png in Resources */ = {isa = PBXBuildFile; fileRef = 6E1650EF1CDBFC7400004D3D /* gold1.png */; };
		6E16515F1CDBFC7400004D3D /* gun.png in Resources */ = {isa = PBXBuildFile; fileRef = 6E1650F01CDBFC7400004D3D /* gun.png */; };
		6E1651601CDBFC7400004D3D /* gun@2x.png in Resources */ = {isa = PBXBuildFile; fileRef = 6E1650F11CDBFC7400004D3D /* gun@2x.png */; };
		6E1651611CDBFC7400004D3D /* gunFlip@2x.png in Resources */ = {isa = PBXBuildFile; fileRef = 6E1650F21CDBFC7400004D3D /* gunFlip@2x.png */; };
		6E1651621CDBFC7400004D3D /* halo@2x.png in Resources */ = {isa = PBXBuildFile; fileRef = 6E1650F31CDBFC7400004D3D /* halo@2x.png */; };
		6E1651631CDBFC7400004D3D /* hammer@2x.png in Resources */ = {isa = PBXBuildFile; fileRef = 6E1650F41CDBFC7400004D3D /* hammer@2x.png */; };
		6E1651641CDBFC7400004D3D /* hippo@2x.png in Resources */ = {isa = PBXBuildFile; fileRef = 6E1650F51CDBFC7400004D3D /* hippo@2x.png */; };
		6E1651651CDBFC7400004D3D /* InformationPage@2x.png in Resources */ = {isa = PBXBuildFile; fileRef = 6E1650F61CDBFC7400004D3D /* InformationPage@2x.png */; };
		6E1651661CDBFC7400004D3D /* InformationPageUpdate@2x.png in Resources */ = {isa = PBXBuildFile; fileRef = 6E1650F71CDBFC7400004D3D /* InformationPageUpdate@2x.png */; };
		6E1651671CDBFC7400004D3D /* knife@2x.png in Resources */ = {isa = PBXBuildFile; fileRef = 6E1650F81CDBFC7400004D3D /* knife@2x.png */; };
		6E1651681CDBFC7400004D3D /* LambChop.png in Resources */ = {isa = PBXBuildFile; fileRef = 6E1650F91CDBFC7400004D3D /* LambChop.png */; };
		6E1651691CDBFC7400004D3D /* largeBeaver.png in Resources */ = {isa = PBXBuildFile; fileRef = 6E1650FA1CDBFC7400004D3D /* largeBeaver.png */; };
		6E16516A1CDBFC7400004D3D /* largeBee.png in Resources */ = {isa = PBXBuildFile; fileRef = 6E1650FB1CDBFC7400004D3D /* largeBee.png */; };
		6E16516B1CDBFC7400004D3D /* largeElephant.png in Resources */ = {isa = PBXBuildFile; fileRef = 6E1650FC1CDBFC7400004D3D /* largeElephant.png */; };
		6E16516C1CDBFC7400004D3D /* largeGiraffe.png in Resources */ = {isa = PBXBuildFile; fileRef = 6E1650FD1CDBFC7400004D3D /* largeGiraffe.png */; };
		6E16516D1CDBFC7400004D3D /* largeGoat.png in Resources */ = {isa = PBXBuildFile; fileRef = 6E1650FE1CDBFC7400004D3D /* largeGoat.png */; };
		6E16516E1CDBFC7400004D3D /* largeGoatFix.png in Resources */ = {isa = PBXBuildFile; fileRef = 6E1650FF1CDBFC7400004D3D /* largeGoatFix.png */; };
		6E16516F1CDBFC7400004D3D /* largeGoldPenguin.png in Resources */ = {isa = PBXBuildFile; fileRef = 6E1651001CDBFC7400004D3D /* largeGoldPenguin.png */; };
		6E1651701CDBFC7400004D3D /* largeHippo.png in Resources */ = {isa = PBXBuildFile; fileRef = 6E1651011CDBFC7400004D3D /* largeHippo.png */; };
		6E1651711CDBFC7400004D3D /* largeMoose.png in Resources */ = {isa = PBXBuildFile; fileRef = 6E1651021CDBFC7400004D3D /* largeMoose.png */; };
		6E1651721CDBFC7400004D3D /* largeOwl.png in Resources */ = {isa = PBXBuildFile; fileRef = 6E1651031CDBFC7400004D3D /* largeOwl.png */; };
		6E1651731CDBFC7400004D3D /* largePenguin.png in Resources */ = {isa = PBXBuildFile; fileRef = 6E1651041CDBFC7400004D3D /* largePenguin.png */; };
		6E1651741CDBFC7400004D3D /* largePig.png in Resources */ = {isa = PBXBuildFile; fileRef = 6E1651051CDBFC7400004D3D /* largePig.png */; };
		6E1651751CDBFC7400004D3D /* largeSheep.png in Resources */ = {isa = PBXBuildFile; fileRef = 6E1651061CDBFC7400004D3D /* largeSheep.png */; };
		6E1651761CDBFC7400004D3D /* LargeTurkey.png in Resources */ = {isa = PBXBuildFile; fileRef = 6E1651071CDBFC7400004D3D /* LargeTurkey.png */; };
		6E1651771CDBFC7400004D3D /* leaf.png in Resources */ = {isa = PBXBuildFile; fileRef = 6E1651081CDBFC7400004D3D /* leaf.png */; };
		6E1651781CDBFC7400004D3D /* loadScreen@2x.png in Resources */ = {isa = PBXBuildFile; fileRef = 6E1651091CDBFC7400004D3D /* loadScreen@2x.png */; };
		6E1651791CDBFC7400004D3D /* log.png in Resources */ = {isa = PBXBuildFile; fileRef = 6E16510A1CDBFC7400004D3D /* log.png */; };
		6E16517A1CDBFC7400004D3D /* mallet@2x.png in Resources */ = {isa = PBXBuildFile; fileRef = 6E16510B1CDBFC7400004D3D /* mallet@2x.png */; };
		6E16517B1CDBFC7400004D3D /* moose@2x.png in Resources */ = {isa = PBXBuildFile; fileRef = 6E16510C1CDBFC7400004D3D /* moose@2x.png */; };
		6E16517C1CDBFC7400004D3D /* mouse.png in Resources */ = {isa = PBXBuildFile; fileRef = 6E16510D1CDBFC7400004D3D /* mouse.png */; };
		6E16517D1CDBFC7400004D3D /* musicNote@2x.png in Resources */ = {isa = PBXBuildFile; fileRef = 6E16510E1CDBFC7400004D3D /* musicNote@2x.png */; };
		6E16517E1CDBFC7400004D3D /* musicNoteFix@2x.png in Resources */ = {isa = PBXBuildFile; fileRef = 6E16510F1CDBFC7400004D3D /* musicNoteFix@2x.png */; };
		6E16517F1CDBFC7400004D3D /* MusicNoteWhite.png in Resources */ = {isa = PBXBuildFile; fileRef = 6E1651101CDBFC7400004D3D /* MusicNoteWhite.png */; };
		6E1651801CDBFC7400004D3D /* oFIsh@2x.png in Resources */ = {isa = PBXBuildFile; fileRef = 6E1651111CDBFC7400004D3D /* oFIsh@2x.png */; };
		6E1651811CDBFC7400004D3D /* organe.png in Resources */ = {isa = PBXBuildFile; fileRef = 6E1651121CDBFC7400004D3D /* organe.png */; };
		6E1651821CDBFC7400004D3D /* owl@2x.png in Resources */ = {isa = PBXBuildFile; fileRef = 6E1651131CDBFC7400004D3D /* owl@2x.png */; };
		6E1651831CDBFC7400004D3D /* pauseButton.png in Resources */ = {isa = PBXBuildFile; fileRef = 6E1651141CDBFC7400004D3D /* pauseButton.png */; };
		6E1651841CDBFC7400004D3D /* penguin.png in Resources */ = {isa = PBXBuildFile; fileRef = 6E1651151CDBFC7400004D3D /* penguin.png */; };
		6E1651851CDBFC7400004D3D /* penguin@2x.png in Resources */ = {isa = PBXBuildFile; fileRef = 6E1651161CDBFC7400004D3D /* penguin@2x.png */; };
		6E1651861CDBFC7400004D3D /* pig@2x.png in Resources */ = {isa = PBXBuildFile; fileRef = 6E1651171CDBFC7400004D3D /* pig@2x.png */; };
		6E1651871CDBFC7400004D3D /* powerup@2x.png in Resources */ = {isa = PBXBuildFile; fileRef = 6E1651181CDBFC7400004D3D /* powerup@2x.png */; };
		6E1651881CDBFC7400004D3D /* sampleBackground.png in Resources */ = {isa = PBXBuildFile; fileRef = 6E1651191CDBFC7400004D3D /* sampleBackground.png */; };
		6E1651891CDBFC7400004D3D /* scythe@2x.png in Resources */ = {isa = PBXBuildFile; fileRef = 6E16511A1CDBFC7400004D3D /* scythe@2x.png */; };
		6E16518A1CDBFC7400004D3D /* shareImage@2x.png in Resources */ = {isa = PBXBuildFile; fileRef = 6E16511B1CDBFC7400004D3D /* shareImage@2x.png */; };
		6E16518B1CDBFC7400004D3D /* sheep@2x.png in Resources */ = {isa = PBXBuildFile; fileRef = 6E16511C1CDBFC7400004D3D /* sheep@2x.png */; };
		6E16518C1CDBFC7400004D3D /* spark.png in Resources */ = {isa = PBXBuildFile; fileRef = 6E16511D1CDBFC7400004D3D /* spark.png */; };
		6E16518D1CDBFC7400004D3D /* sword@2x.png in Resources */ = {isa = PBXBuildFile; fileRef = 6E16511E1CDBFC7400004D3D /* sword@2x.png */; };
		6E16518E1CDBFC7400004D3D /* theSaus@2x.png in Resources */ = {isa = PBXBuildFile; fileRef = 6E16511F1CDBFC7400004D3D /* theSaus@2x.png */; };
		6E16518F1CDBFC7400004D3D /* turkey@2x.png in Resources */ = {isa = PBXBuildFile; fileRef = 6E1651201CDBFC7400004D3D /* turkey@2x.png */; };
		6E1651901CDBFC7400004D3D /* turqois.png in Resources */ = {isa = PBXBuildFile; fileRef = 6E1651211CDBFC7400004D3D /* turqois.png */; };
		6E1651911CDBFC7400004D3D /* waterDrop.png in Resources */ = {isa = PBXBuildFile; fileRef = 6E1651221CDBFC7400004D3D /* waterDrop.png */; };
		6E1651921CDBFC7400004D3D /* whiteBeaver@2x.png in Resources */ = {isa = PBXBuildFile; fileRef = 6E1651231CDBFC7400004D3D /* whiteBeaver@2x.png */; };
		6E1651931CDBFC7400004D3D /* whiteBee@2x.png in Resources */ = {isa = PBXBuildFile; fileRef = 6E1651241CDBFC7400004D3D /* whiteBee@2x.png */; };
		6E1651941CDBFC7400004D3D /* whiteBeeFixTest3@2x.png in Resources */ = {isa = PBXBuildFile; fileRef = 6E1651251CDBFC7400004D3D /* whiteBeeFixTest3@2x.png */; };
		6E1651951CDBFC7400004D3D /* whiteElephant.png in Resources */ = {isa = PBXBuildFile; fileRef = 6E1651261CDBFC7400004D3D /* whiteElephant.png */; };
		6E1651961CDBFC7400004D3D /* whiteElephant1@2x.png in Resources */ = {isa = PBXBuildFile; fileRef = 6E1651271CDBFC7400004D3D /* whiteElephant1@2x.png */; };
		6E1651971CDBFC7400004D3D /* whiteGiraffe@2x.png in Resources */ = {isa = PBXBuildFile; fileRef = 6E1651281CDBFC7400004D3D /* whiteGiraffe@2x.png */; };
		6E1651981CDBFC7400004D3D /* whiteGiraffeFix@2x.png in Resources */ = {isa = PBXBuildFile; fileRef = 6E1651291CDBFC7400004D3D /* whiteGiraffeFix@2x.png */; };
		6E1651991CDBFC7400004D3D /* whiteGoatFix@2x.png in Resources */ = {isa = PBXBuildFile; fileRef = 6E16512A1CDBFC7400004D3D /* whiteGoatFix@2x.png */; };
		6E16519A1CDBFC7400004D3D /* whiteGoldPenguin@2x.png in Resources */ = {isa = PBXBuildFile; fileRef = 6E16512B1CDBFC7400004D3D /* whiteGoldPenguin@2x.png */; };
		6E16519B1CDBFC7400004D3D /* whiteHippoFix@2x.png in Resources */ = {isa = PBXBuildFile; fileRef = 6E16512C1CDBFC7400004D3D /* whiteHippoFix@2x.png */; };
		6E16519C1CDBFC7400004D3D /* whiteMooseFix6@2x.png in Resources */ = {isa = PBXBuildFile; fileRef = 6E16512D1CDBFC7400004D3D /* whiteMooseFix6@2x.png */; };
		6E16519D1CDBFC7400004D3D /* whiteMusicNote@2x.png in Resources */ = {isa = PBXBuildFile; fileRef = 6E16512E1CDBFC7400004D3D /* whiteMusicNote@2x.png */; };
		6E16519E1CDBFC7400004D3D /* whiteOwlFix3@2x.png in Resources */ = {isa = PBXBuildFile; fileRef = 6E16512F1CDBFC7400004D3D /* whiteOwlFix3@2x.png */; };
		6E16519F1CDBFC7400004D3D /* whitePigFix@2x.png in Resources */ = {isa = PBXBuildFile; fileRef = 6E1651301CDBFC7400004D3D /* whitePigFix@2x.png */; };
		6E1651A01CDBFC7400004D3D /* whiteSheepFix@2x.png in Resources */ = {isa = PBXBuildFile; fileRef = 6E1651311CDBFC7400004D3D /* whiteSheepFix@2x.png */; };
		6E1651A11CDBFC7400004D3D /* whiteTurkey@2x.png in Resources */ = {isa = PBXBuildFile; fileRef = 6E1651321CDBFC7400004D3D /* whiteTurkey@2x.png */; };
		6E55D0FE1CDFF0E100E7A983 /* menuSong.mp3 in Resources */ = {isa = PBXBuildFile; fileRef = 6E55D0FD1CDFF0E100E7A983 /* menuSong.mp3 */; };
		6E55D1001CDFFE1800E7A983 /* menuSong.mp3 in Resources */ = {isa = PBXBuildFile; fileRef = 6E55D0FF1CDFFE1800E7A983 /* menuSong.mp3 */; };
		6E55D10A1CE0021A00E7A983 /* taco.png in Resources */ = {isa = PBXBuildFile; fileRef = 6E55D1091CE0021A00E7A983 /* taco.png */; };
		6E55D10C1CE0023700E7A983 /* taco@2x.png in Resources */ = {isa = PBXBuildFile; fileRef = 6E55D10B1CE0023700E7A983 /* taco@2x.png */; };
		6E55D10E1CE0025500E7A983 /* taco@3x.png in Resources */ = {isa = PBXBuildFile; fileRef = 6E55D10D1CE0025500E7A983 /* taco@3x.png */; };
		6E55D1131CE0052400E7A983 /* trumpFace.png in Resources */ = {isa = PBXBuildFile; fileRef = 6E55D1111CE0052400E7A983 /* trumpFace.png */; };
		6E55D1141CE0052400E7A983 /* trumpFace@2x.png in Resources */ = {isa = PBXBuildFile; fileRef = 6E55D1121CE0052400E7A983 /* trumpFace@2x.png */; };
		6E55D11B1CE0073500E7A983 /* trumpFace.png in Resources */ = {isa = PBXBuildFile; fileRef = 6E55D1191CE0073500E7A983 /* trumpFace.png */; };
		6E55D11C1CE0073500E7A983 /* trumpFace@2x.png in Resources */ = {isa = PBXBuildFile; fileRef = 6E55D11A1CE0073500E7A983 /* trumpFace@2x.png */; };
		6E55D1231CE00E5200E7A983 /* burrito.png in Resources */ = {isa = PBXBuildFile; fileRef = 6E55D1211CE00E5200E7A983 /* burrito.png */; };
		6E55D1241CE00E5200E7A983 /* burrito@2x.png in Resources */ = {isa = PBXBuildFile; fileRef = 6E55D1221CE00E5200E7A983 /* burrito@2x.png */; };
		6E55D12B1CE0104600E7A983 /* maracas.png in Resources */ = {isa = PBXBuildFile; fileRef = 6E55D1291CE0104600E7A983 /* maracas.png */; };
		6E55D12C1CE0104600E7A983 /* maracas@2x.png in Resources */ = {isa = PBXBuildFile; fileRef = 6E55D12A1CE0104600E7A983 /* maracas@2x.png */; };
		6E55D1331CE011EA00E7A983 /* poncho.png in Resources */ = {isa = PBXBuildFile; fileRef = 6E55D1311CE011EA00E7A983 /* poncho.png */; };
		6E55D1341CE011EA00E7A983 /* poncho@2x.png in Resources */ = {isa = PBXBuildFile; fileRef = 6E55D1321CE011EA00E7A983 /* poncho@2x.png */; };
		6E55D13B1CE0127700E7A983 /* donkey.png in Resources */ = {isa = PBXBuildFile; fileRef = 6E55D1391CE0127700E7A983 /* donkey.png */; };
		6E55D13C1CE0127700E7A983 /* donkey@2x.png in Resources */ = {isa = PBXBuildFile; fileRef = 6E55D13A1CE0127700E7A983 /* donkey@2x.png */; };
		6E55D13F1CE012E600E7A983 /* sombrero.png in Resources */ = {isa = PBXBuildFile; fileRef = 6E55D13D1CE012E600E7A983 /* sombrero.png */; };
		6E55D1401CE012E600E7A983 /* sombrero@2x.png in Resources */ = {isa = PBXBuildFile; fileRef = 6E55D13E1CE012E600E7A983 /* sombrero@2x.png */; };
		6E55D1431CE013AE00E7A983 /* money.png in Resources */ = {isa = PBXBuildFile; fileRef = 6E55D1411CE013AE00E7A983 /* money.png */; };
		6E55D1441CE013AE00E7A983 /* money@2x.png in Resources */ = {isa = PBXBuildFile; fileRef = 6E55D1421CE013AE00E7A983 /* money@2x.png */; };
		6E55D14B1CE0170700E7A983 /* TrumpwithWings.png in Resources */ = {isa = PBXBuildFile; fileRef = 6E55D1491CE0170700E7A983 /* TrumpwithWings.png */; };
		6E55D14C1CE0170700E7A983 /* TrumpwithWings@2x.png in Resources */ = {isa = PBXBuildFile; fileRef = 6E55D14A1CE0170700E7A983 /* TrumpwithWings@2x.png */; };
		6E55D14F1CE0185100E7A983 /* TrumpwithWings.png in Resources */ = {isa = PBXBuildFile; fileRef = 6E55D14D1CE0185100E7A983 /* TrumpwithWings.png */; };
		6E55D1501CE0185100E7A983 /* TrumpwithWings@2x.png in Resources */ = {isa = PBXBuildFile; fileRef = 6E55D14E1CE0185100E7A983 /* TrumpwithWings@2x.png */; };
		6E55D1531CE019CE00E7A983 /* chanclas.png in Resources */ = {isa = PBXBuildFile; fileRef = 6E55D1511CE019CE00E7A983 /* chanclas.png */; };
		6E55D1541CE019CE00E7A983 /* chanclas@2x.png in Resources */ = {isa = PBXBuildFile; fileRef = 6E55D1521CE019CE00E7A983 /* chanclas@2x.png */; };
		6E55D15B1CE01BAD00E7A983 /* coins.png in Resources */ = {isa = PBXBuildFile; fileRef = 6E55D1591CE01BAD00E7A983 /* coins.png */; };
		6E55D15C1CE01BAD00E7A983 /* coins@2x.png in Resources */ = {isa = PBXBuildFile; fileRef = 6E55D15A1CE01BAD00E7A983 /* coins@2x.png */; };
		6EAAEB331CE8100500070F36 /* trumpPoncho@2x.png in Resources */ = {isa = PBXBuildFile; fileRef = 6EAAEB311CE8100500070F36 /* trumpPoncho@2x.png */; };
		6EAAEB341CE8100500070F36 /* trumpPoncho.png in Resources */ = {isa = PBXBuildFile; fileRef = 6EAAEB321CE8100500070F36 /* trumpPoncho.png */; };
		6EBCC96E1CDBF69100EAE7A8 /* main.m in Sources */ = {isa = PBXBuildFile; fileRef = 6EBCC96D1CDBF69100EAE7A8 /* main.m */; };
		6EBCC9711CDBF69100EAE7A8 /* AppDelegate.m in Sources */ = {isa = PBXBuildFile; fileRef = 6EBCC9701CDBF69100EAE7A8 /* AppDelegate.m */; };
		6EBCC9741CDBF69100EAE7A8 /* GameScene.m in Sources */ = {isa = PBXBuildFile; fileRef = 6EBCC9731CDBF69100EAE7A8 /* GameScene.m */; };
		6EBCC9761CDBF69100EAE7A8 /* GameScene.sks in Resources */ = {isa = PBXBuildFile; fileRef = 6EBCC9751CDBF69100EAE7A8 /* GameScene.sks */; };
		6EBCC9791CDBF69100EAE7A8 /* GameViewController.m in Sources */ = {isa = PBXBuildFile; fileRef = 6EBCC9781CDBF69100EAE7A8 /* GameViewController.m */; };
		6EBCC97C1CDBF69100EAE7A8 /* Main.storyboard in Resources */ = {isa = PBXBuildFile; fileRef = 6EBCC97A1CDBF69100EAE7A8 /* Main.storyboard */; };
		6EBCC97E1CDBF69100EAE7A8 /* Assets.xcassets in Resources */ = {isa = PBXBuildFile; fileRef = 6EBCC97D1CDBF69100EAE7A8 /* Assets.xcassets */; };
		6EBCC9811CDBF69100EAE7A8 /* LaunchScreen.storyboard in Resources */ = {isa = PBXBuildFile; fileRef = 6EBCC97F1CDBF69100EAE7A8 /* LaunchScreen.storyboard */; };
		6EBCC98C1CDBF69100EAE7A8 /* Trump_DodgeTests.m in Sources */ = {isa = PBXBuildFile; fileRef = 6EBCC98B1CDBF69100EAE7A8 /* Trump_DodgeTests.m */; };
		6EBCC9971CDBF69100EAE7A8 /* Trump_DodgeUITests.m in Sources */ = {isa = PBXBuildFile; fileRef = 6EBCC9961CDBF69100EAE7A8 /* Trump_DodgeUITests.m */; };
		6EC5E5AE1CE57967009C98B4 /* toupeAnnimation.sks in Resources */ = {isa = PBXBuildFile; fileRef = 6EC5E5AD1CE57967009C98B4 /* toupeAnnimation.sks */; };
		6EC5E5B21CE57EC3009C98B4 /* ExplosionAnimation2.sks in Resources */ = {isa = PBXBuildFile; fileRef = 6EC5E5B11CE57EC3009C98B4 /* ExplosionAnimation2.sks */; };
		6EDC6FD21CE300050041E63D /* ExplosionAnimation.sks in Resources */ = {isa = PBXBuildFile; fileRef = 6EDC6FD11CE300050041E63D /* ExplosionAnimation.sks */; };
/* End PBXBuildFile section */

/* Begin PBXContainerItemProxy section */
		6EBCC9881CDBF69100EAE7A8 /* PBXContainerItemProxy */ = {
			isa = PBXContainerItemProxy;
			containerPortal = 6EBCC9611CDBF69100EAE7A8 /* Project object */;
			proxyType = 1;
			remoteGlobalIDString = 6EBCC9681CDBF69100EAE7A8;
			remoteInfo = "Trump Dodge";
		};
		6EBCC9931CDBF69100EAE7A8 /* PBXContainerItemProxy */ = {
			isa = PBXContainerItemProxy;
			containerPortal = 6EBCC9611CDBF69100EAE7A8 /* Project object */;
			proxyType = 1;
			remoteGlobalIDString = 6EBCC9681CDBF69100EAE7A8;
			remoteInfo = "Trump Dodge";
		};
/* End PBXContainerItemProxy section */

/* Begin PBXFileReference section */
		6E02320C1CE2EEE400472856 /* desert_day.png */ = {isa = PBXFileReference; lastKnownFileType = image.png; path = desert_day.png; sourceTree = "<group>"; };
		6E02320E1CE2EF5300472856 /* desert_night.png */ = {isa = PBXFileReference; lastKnownFileType = image.png; path = desert_night.png; sourceTree = "<group>"; };
		6E0232101CE2F1A400472856 /* brick wall.png */ = {isa = PBXFileReference; lastKnownFileType = image.png; path = "brick wall.png"; sourceTree = "<group>"; };
		6E0232111CE2F1A400472856 /* brick wall@2x.png */ = {isa = PBXFileReference; lastKnownFileType = image.png; path = "brick wall@2x.png"; sourceTree = "<group>"; };
		6E0232141CE2F2A400472856 /* mexicanScaled@2x.png */ = {isa = PBXFileReference; lastKnownFileType = image.png; path = "mexicanScaled@2x.png"; sourceTree = "<group>"; };
		6E0232161CE2F31100472856 /* cactus.png */ = {isa = PBXFileReference; lastKnownFileType = image.png; path = cactus.png; sourceTree = "<group>"; };
		6E0232171CE2F31100472856 /* cactus@2x.png */ = {isa = PBXFileReference; lastKnownFileType = image.png; path = "cactus@2x.png"; sourceTree = "<group>"; };
		6E02321A1CE2F31F00472856 /* mexicanScaled.png */ = {isa = PBXFileReference; lastKnownFileType = image.png; path = mexicanScaled.png; sourceTree = "<group>"; };
		6E02321C1CE2F59600472856 /* burritTest@2x.png */ = {isa = PBXFileReference; lastKnownFileType = image.png; path = "burritTest@2x.png"; sourceTree = "<group>"; };
		6E02321E1CE2F68200472856 /* burritoTest@2x.png */ = {isa = PBXFileReference; lastKnownFileType = image.png; path = "burritoTest@2x.png"; sourceTree = "<group>"; };
		6E0232201CE2F6A700472856 /* burritoTest.png */ = {isa = PBXFileReference; lastKnownFileType = image.png; path = burritoTest.png; sourceTree = "<group>"; };
		6E0232221CE2F79700472856 /* explosion.mp3 */ = {isa = PBXFileReference; lastKnownFileType = audio.mp3; path = explosion.mp3; sourceTree = "<group>"; };
		6E0232241CE2FB8D00472856 /* cash.mp3 */ = {isa = PBXFileReference; lastKnownFileType = audio.mp3; path = cash.mp3; sourceTree = "<group>"; };
		6E0232261CE2FCF100472856 /* moneyExplosion.sks */ = {isa = PBXFileReference; lastKnownFileType = file.sks; name = moneyExplosion.sks; path = ../moneyExplosion.sks; sourceTree = "<group>"; };
		6E0D27FF1CE903F8003A13F5 /* moustache.png */ = {isa = PBXFileReference; lastKnownFileType = image.png; path = moustache.png; sourceTree = "<group>"; };
		6E0D28001CE903F9003A13F5 /* moustache@2x.png */ = {isa = PBXFileReference; lastKnownFileType = image.png; path = "moustache@2x.png"; sourceTree = "<group>"; };
		6E14DE301CE578BB009C81CF /* trumpToupe@2x.png */ = {isa = PBXFileReference; lastKnownFileType = image.png; path = "trumpToupe@2x.png"; sourceTree = "<group>"; };
		6E14DE311CE578BB009C81CF /* trumpToupe.png */ = {isa = PBXFileReference; lastKnownFileType = image.png; path = trumpToupe.png; sourceTree = "<group>"; };
		6E1650C61CDBFC7400004D3D /* antlers.png */ = {isa = PBXFileReference; lastKnownFileType = image.png; path = antlers.png; sourceTree = "<group>"; };
		6E1650C81CDBFC7400004D3D /* Axe1@2x.png */ = {isa = PBXFileReference; lastKnownFileType = image.png; path = "Axe1@2x.png"; sourceTree = "<group>"; };
		6E1650C91CDBFC7400004D3D /* bacon.png */ = {isa = PBXFileReference; lastKnownFileType = image.png; path = bacon.png; sourceTree = "<group>"; };
		6E1650CA1CDBFC7400004D3D /* beaver@2x.png */ = {isa = PBXFileReference; lastKnownFileType = image.png; path = "beaver@2x.png"; sourceTree = "<group>"; };
		6E1650CB1CDBFC7400004D3D /* bee@2x.png */ = {isa = PBXFileReference; lastKnownFileType = image.png; path = "bee@2x.png"; sourceTree = "<group>"; };
		6E1650CC1CDBFC7400004D3D /* beeHiveFix.png */ = {isa = PBXFileReference; lastKnownFileType = image.png; path = beeHiveFix.png; sourceTree = "<group>"; };
		6E1650CD1CDBFC7400004D3D /* blackCircle.png */ = {isa = PBXFileReference; lastKnownFileType = image.png; path = blackCircle.png; sourceTree = "<group>"; };
		6E1650CE1CDBFC7400004D3D /* bloodDrop.png */ = {isa = PBXFileReference; lastKnownFileType = image.png; path = bloodDrop.png; sourceTree = "<group>"; };
		6E1650CF1CDBFC7400004D3D /* bloodSplat@2x.png */ = {isa = PBXFileReference; lastKnownFileType = image.png; path = "bloodSplat@2x.png"; sourceTree = "<group>"; };
		6E1650D01CDBFC7400004D3D /* blue.png */ = {isa = PBXFileReference; lastKnownFileType = image.png; path = blue.png; sourceTree = "<group>"; };
		6E1650D11CDBFC7400004D3D /* bomb@2x.png */ = {isa = PBXFileReference; lastKnownFileType = image.png; path = "bomb@2x.png"; sourceTree = "<group>"; };
		6E1650D21CDBFC7400004D3D /* bombPowerUp@2x.png */ = {isa = PBXFileReference; lastKnownFileType = image.png; path = "bombPowerUp@2x.png"; sourceTree = "<group>"; };
		6E1650D31CDBFC7400004D3D /* bone2.png */ = {isa = PBXFileReference; lastKnownFileType = image.png; path = bone2.png; sourceTree = "<group>"; };
		6E1650D41CDBFC7400004D3D /* Bonefish@2x.png */ = {isa = PBXFileReference; lastKnownFileType = image.png; path = "Bonefish@2x.png"; sourceTree = "<group>"; };
		6E1650D51CDBFC7400004D3D /* bullet@2x.png */ = {isa = PBXFileReference; lastKnownFileType = image.png; path = "bullet@2x.png"; sourceTree = "<group>"; };
		6E1650D61CDBFC7400004D3D /* bulletSmall@2x.png */ = {isa = PBXFileReference; lastKnownFileType = image.png; path = "bulletSmall@2x.png"; sourceTree = "<group>"; };
		6E1650D71CDBFC7400004D3D /* cartoonAxe@2x.png */ = {isa = PBXFileReference; lastKnownFileType = image.png; path = "cartoonAxe@2x.png"; sourceTree = "<group>"; };
		6E1650D81CDBFC7400004D3D /* cartoonFire.png */ = {isa = PBXFileReference; lastKnownFileType = image.png; path = cartoonFire.png; sourceTree = "<group>"; };
		6E1650D91CDBFC7400004D3D /* cleaver.png */ = {isa = PBXFileReference; lastKnownFileType = image.png; path = cleaver.png; sourceTree = "<group>"; };
		6E1650DA1CDBFC7400004D3D /* cleaver1@2x.png */ = {isa = PBXFileReference; lastKnownFileType = image.png; path = "cleaver1@2x.png"; sourceTree = "<group>"; };
		6E1650DB1CDBFC7400004D3D /* clockPowerUp@2x.png */ = {isa = PBXFileReference; lastKnownFileType = image.png; path = "clockPowerUp@2x.png"; sourceTree = "<group>"; };
		6E1650DC1CDBFC7400004D3D /* Default-568h.png */ = {isa = PBXFileReference; lastKnownFileType = image.png; path = "Default-568h.png"; sourceTree = "<group>"; };
		6E1650DD1CDBFC7400004D3D /* Default-568h@2x.png */ = {isa = PBXFileReference; lastKnownFileType = image.png; path = "Default-568h@2x.png"; sourceTree = "<group>"; };
		6E1650DE1CDBFC7400004D3D /* Default-667h@2x.png */ = {isa = PBXFileReference; lastKnownFileType = image.png; path = "Default-667h@2x.png"; sourceTree = "<group>"; };
		6E1650DF1CDBFC7400004D3D /* Default-736h@3x.png */ = {isa = PBXFileReference; lastKnownFileType = image.png; path = "Default-736h@3x.png"; sourceTree = "<group>"; };
		6E1650E01CDBFC7400004D3D /* Default-736h@3x1.png */ = {isa = PBXFileReference; lastKnownFileType = image.png; path = "Default-736h@3x1.png"; sourceTree = "<group>"; };
		6E1650E11CDBFC7400004D3D /* Default.png */ = {isa = PBXFileReference; lastKnownFileType = image.png; path = Default.png; sourceTree = "<group>"; };
		6E1650E21CDBFC7400004D3D /* Default@2x.png */ = {isa = PBXFileReference; lastKnownFileType = image.png; path = "Default@2x.png"; sourceTree = "<group>"; };
		6E1650E31CDBFC7400004D3D /* double@2x.png */ = {isa = PBXFileReference; lastKnownFileType = image.png; path = "double@2x.png"; sourceTree = "<group>"; };
		6E1650E41CDBFC7400004D3D /* elephant@2x.png */ = {isa = PBXFileReference; lastKnownFileType = image.png; path = "elephant@2x.png"; sourceTree = "<group>"; };
		6E1650E51CDBFC7400004D3D /* feather.png */ = {isa = PBXFileReference; lastKnownFileType = image.png; path = feather.png; sourceTree = "<group>"; };
		6E1650E61CDBFC7400004D3D /* featherBrown@2x.png */ = {isa = PBXFileReference; lastKnownFileType = image.png; path = "featherBrown@2x.png"; sourceTree = "<group>"; };
		6E1650E71CDBFC7400004D3D /* finger@2x.png */ = {isa = PBXFileReference; lastKnownFileType = image.png; path = "finger@2x.png"; sourceTree = "<group>"; };
		6E1650E81CDBFC7400004D3D /* flame.png */ = {isa = PBXFileReference; lastKnownFileType = image.png; path = flame.png; sourceTree = "<group>"; };
		6E1650E91CDBFC7400004D3D /* fluff2.png */ = {isa = PBXFileReference; lastKnownFileType = image.png; path = fluff2.png; sourceTree = "<group>"; };
		6E1650EA1CDBFC7400004D3D /* geryFish.png */ = {isa = PBXFileReference; lastKnownFileType = image.png; path = geryFish.png; sourceTree = "<group>"; };
		6E1650EB1CDBFC7400004D3D /* giraffe@2x.png */ = {isa = PBXFileReference; lastKnownFileType = image.png; path = "giraffe@2x.png"; sourceTree = "<group>"; };
		6E1650EC1CDBFC7400004D3D /* goat@2x.png */ = {isa = PBXFileReference; lastKnownFileType = image.png; path = "goat@2x.png"; sourceTree = "<group>"; };
		6E1650ED1CDBFC7400004D3D /* goatWhite.png */ = {isa = PBXFileReference; lastKnownFileType = image.png; path = goatWhite.png; sourceTree = "<group>"; };
		6E1650EE1CDBFC7400004D3D /* gold penguin@2x.png */ = {isa = PBXFileReference; lastKnownFileType = image.png; path = "gold penguin@2x.png"; sourceTree = "<group>"; };
		6E1650EF1CDBFC7400004D3D /* gold1.png */ = {isa = PBXFileReference; lastKnownFileType = image.png; path = gold1.png; sourceTree = "<group>"; };
		6E1650F01CDBFC7400004D3D /* gun.png */ = {isa = PBXFileReference; lastKnownFileType = image.png; path = gun.png; sourceTree = "<group>"; };
		6E1650F11CDBFC7400004D3D /* gun@2x.png */ = {isa = PBXFileReference; lastKnownFileType = image.png; path = "gun@2x.png"; sourceTree = "<group>"; };
		6E1650F21CDBFC7400004D3D /* gunFlip@2x.png */ = {isa = PBXFileReference; lastKnownFileType = image.png; path = "gunFlip@2x.png"; sourceTree = "<group>"; };
		6E1650F31CDBFC7400004D3D /* halo@2x.png */ = {isa = PBXFileReference; lastKnownFileType = image.png; path = "halo@2x.png"; sourceTree = "<group>"; };
		6E1650F41CDBFC7400004D3D /* hammer@2x.png */ = {isa = PBXFileReference; lastKnownFileType = image.png; path = "hammer@2x.png"; sourceTree = "<group>"; };
		6E1650F51CDBFC7400004D3D /* hippo@2x.png */ = {isa = PBXFileReference; lastKnownFileType = image.png; path = "hippo@2x.png"; sourceTree = "<group>"; };
		6E1650F61CDBFC7400004D3D /* InformationPage@2x.png */ = {isa = PBXFileReference; lastKnownFileType = image.png; path = "InformationPage@2x.png"; sourceTree = "<group>"; };
		6E1650F71CDBFC7400004D3D /* InformationPageUpdate@2x.png */ = {isa = PBXFileReference; lastKnownFileType = image.png; path = "InformationPageUpdate@2x.png"; sourceTree = "<group>"; };
		6E1650F81CDBFC7400004D3D /* knife@2x.png */ = {isa = PBXFileReference; lastKnownFileType = image.png; path = "knife@2x.png"; sourceTree = "<group>"; };
		6E1650F91CDBFC7400004D3D /* LambChop.png */ = {isa = PBXFileReference; lastKnownFileType = image.png; path = LambChop.png; sourceTree = "<group>"; };
		6E1650FA1CDBFC7400004D3D /* largeBeaver.png */ = {isa = PBXFileReference; lastKnownFileType = image.png; path = largeBeaver.png; sourceTree = "<group>"; };
		6E1650FB1CDBFC7400004D3D /* largeBee.png */ = {isa = PBXFileReference; lastKnownFileType = image.png; path = largeBee.png; sourceTree = "<group>"; };
		6E1650FC1CDBFC7400004D3D /* largeElephant.png */ = {isa = PBXFileReference; lastKnownFileType = image.png; path = largeElephant.png; sourceTree = "<group>"; };
		6E1650FD1CDBFC7400004D3D /* largeGiraffe.png */ = {isa = PBXFileReference; lastKnownFileType = image.png; path = largeGiraffe.png; sourceTree = "<group>"; };
		6E1650FE1CDBFC7400004D3D /* largeGoat.png */ = {isa = PBXFileReference; lastKnownFileType = image.png; path = largeGoat.png; sourceTree = "<group>"; };
		6E1650FF1CDBFC7400004D3D /* largeGoatFix.png */ = {isa = PBXFileReference; lastKnownFileType = image.png; path = largeGoatFix.png; sourceTree = "<group>"; };
		6E1651001CDBFC7400004D3D /* largeGoldPenguin.png */ = {isa = PBXFileReference; lastKnownFileType = image.png; path = largeGoldPenguin.png; sourceTree = "<group>"; };
		6E1651011CDBFC7400004D3D /* largeHippo.png */ = {isa = PBXFileReference; lastKnownFileType = image.png; path = largeHippo.png; sourceTree = "<group>"; };
		6E1651021CDBFC7400004D3D /* largeMoose.png */ = {isa = PBXFileReference; lastKnownFileType = image.png; path = largeMoose.png; sourceTree = "<group>"; };
		6E1651031CDBFC7400004D3D /* largeOwl.png */ = {isa = PBXFileReference; lastKnownFileType = image.png; path = largeOwl.png; sourceTree = "<group>"; };
		6E1651041CDBFC7400004D3D /* largePenguin.png */ = {isa = PBXFileReference; lastKnownFileType = image.png; path = largePenguin.png; sourceTree = "<group>"; };
		6E1651051CDBFC7400004D3D /* largePig.png */ = {isa = PBXFileReference; lastKnownFileType = image.png; path = largePig.png; sourceTree = "<group>"; };
		6E1651061CDBFC7400004D3D /* largeSheep.png */ = {isa = PBXFileReference; lastKnownFileType = image.png; path = largeSheep.png; sourceTree = "<group>"; };
		6E1651071CDBFC7400004D3D /* LargeTurkey.png */ = {isa = PBXFileReference; lastKnownFileType = image.png; path = LargeTurkey.png; sourceTree = "<group>"; };
		6E1651081CDBFC7400004D3D /* leaf.png */ = {isa = PBXFileReference; lastKnownFileType = image.png; path = leaf.png; sourceTree = "<group>"; };
		6E1651091CDBFC7400004D3D /* loadScreen@2x.png */ = {isa = PBXFileReference; lastKnownFileType = image.png; path = "loadScreen@2x.png"; sourceTree = "<group>"; };
		6E16510A1CDBFC7400004D3D /* log.png */ = {isa = PBXFileReference; lastKnownFileType = image.png; path = log.png; sourceTree = "<group>"; };
		6E16510B1CDBFC7400004D3D /* mallet@2x.png */ = {isa = PBXFileReference; lastKnownFileType = image.png; path = "mallet@2x.png"; sourceTree = "<group>"; };
		6E16510C1CDBFC7400004D3D /* moose@2x.png */ = {isa = PBXFileReference; lastKnownFileType = image.png; path = "moose@2x.png"; sourceTree = "<group>"; };
		6E16510D1CDBFC7400004D3D /* mouse.png */ = {isa = PBXFileReference; lastKnownFileType = image.png; path = mouse.png; sourceTree = "<group>"; };
		6E16510E1CDBFC7400004D3D /* musicNote@2x.png */ = {isa = PBXFileReference; lastKnownFileType = image.png; path = "musicNote@2x.png"; sourceTree = "<group>"; };
		6E16510F1CDBFC7400004D3D /* musicNoteFix@2x.png */ = {isa = PBXFileReference; lastKnownFileType = image.png; path = "musicNoteFix@2x.png"; sourceTree = "<group>"; };
		6E1651101CDBFC7400004D3D /* MusicNoteWhite.png */ = {isa = PBXFileReference; lastKnownFileType = image.png; path = MusicNoteWhite.png; sourceTree = "<group>"; };
		6E1651111CDBFC7400004D3D /* oFIsh@2x.png */ = {isa = PBXFileReference; lastKnownFileType = image.png; path = "oFIsh@2x.png"; sourceTree = "<group>"; };
		6E1651121CDBFC7400004D3D /* organe.png */ = {isa = PBXFileReference; lastKnownFileType = image.png; path = organe.png; sourceTree = "<group>"; };
		6E1651131CDBFC7400004D3D /* owl@2x.png */ = {isa = PBXFileReference; lastKnownFileType = image.png; path = "owl@2x.png"; sourceTree = "<group>"; };
		6E1651141CDBFC7400004D3D /* pauseButton.png */ = {isa = PBXFileReference; lastKnownFileType = image.png; path = pauseButton.png; sourceTree = "<group>"; };
		6E1651151CDBFC7400004D3D /* penguin.png */ = {isa = PBXFileReference; lastKnownFileType = image.png; path = penguin.png; sourceTree = "<group>"; };
		6E1651161CDBFC7400004D3D /* penguin@2x.png */ = {isa = PBXFileReference; lastKnownFileType = image.png; path = "penguin@2x.png"; sourceTree = "<group>"; };
		6E1651171CDBFC7400004D3D /* pig@2x.png */ = {isa = PBXFileReference; lastKnownFileType = image.png; path = "pig@2x.png"; sourceTree = "<group>"; };
		6E1651181CDBFC7400004D3D /* powerup@2x.png */ = {isa = PBXFileReference; lastKnownFileType = image.png; path = "powerup@2x.png"; sourceTree = "<group>"; };
		6E1651191CDBFC7400004D3D /* sampleBackground.png */ = {isa = PBXFileReference; lastKnownFileType = image.png; path = sampleBackground.png; sourceTree = "<group>"; };
		6E16511A1CDBFC7400004D3D /* scythe@2x.png */ = {isa = PBXFileReference; lastKnownFileType = image.png; path = "scythe@2x.png"; sourceTree = "<group>"; };
		6E16511B1CDBFC7400004D3D /* shareImage@2x.png */ = {isa = PBXFileReference; lastKnownFileType = image.png; path = "shareImage@2x.png"; sourceTree = "<group>"; };
		6E16511C1CDBFC7400004D3D /* sheep@2x.png */ = {isa = PBXFileReference; lastKnownFileType = image.png; path = "sheep@2x.png"; sourceTree = "<group>"; };
		6E16511D1CDBFC7400004D3D /* spark.png */ = {isa = PBXFileReference; lastKnownFileType = image.png; path = spark.png; sourceTree = "<group>"; };
		6E16511E1CDBFC7400004D3D /* sword@2x.png */ = {isa = PBXFileReference; lastKnownFileType = image.png; path = "sword@2x.png"; sourceTree = "<group>"; };
		6E16511F1CDBFC7400004D3D /* theSaus@2x.png */ = {isa = PBXFileReference; lastKnownFileType = image.png; path = "theSaus@2x.png"; sourceTree = "<group>"; };
		6E1651201CDBFC7400004D3D /* turkey@2x.png */ = {isa = PBXFileReference; lastKnownFileType = image.png; path = "turkey@2x.png"; sourceTree = "<group>"; };
		6E1651211CDBFC7400004D3D /* turqois.png */ = {isa = PBXFileReference; lastKnownFileType = image.png; path = turqois.png; sourceTree = "<group>"; };
		6E1651221CDBFC7400004D3D /* waterDrop.png */ = {isa = PBXFileReference; lastKnownFileType = image.png; path = waterDrop.png; sourceTree = "<group>"; };
		6E1651231CDBFC7400004D3D /* whiteBeaver@2x.png */ = {isa = PBXFileReference; lastKnownFileType = image.png; path = "whiteBeaver@2x.png"; sourceTree = "<group>"; };
		6E1651241CDBFC7400004D3D /* whiteBee@2x.png */ = {isa = PBXFileReference; lastKnownFileType = image.png; path = "whiteBee@2x.png"; sourceTree = "<group>"; };
		6E1651251CDBFC7400004D3D /* whiteBeeFixTest3@2x.png */ = {isa = PBXFileReference; lastKnownFileType = image.png; path = "whiteBeeFixTest3@2x.png"; sourceTree = "<group>"; };
		6E1651261CDBFC7400004D3D /* whiteElephant.png */ = {isa = PBXFileReference; lastKnownFileType = image.png; path = whiteElephant.png; sourceTree = "<group>"; };
		6E1651271CDBFC7400004D3D /* whiteElephant1@2x.png */ = {isa = PBXFileReference; lastKnownFileType = image.png; path = "whiteElephant1@2x.png"; sourceTree = "<group>"; };
		6E1651281CDBFC7400004D3D /* whiteGiraffe@2x.png */ = {isa = PBXFileReference; lastKnownFileType = image.png; path = "whiteGiraffe@2x.png"; sourceTree = "<group>"; };
		6E1651291CDBFC7400004D3D /* whiteGiraffeFix@2x.png */ = {isa = PBXFileReference; lastKnownFileType = image.png; path = "whiteGiraffeFix@2x.png"; sourceTree = "<group>"; };
		6E16512A1CDBFC7400004D3D /* whiteGoatFix@2x.png */ = {isa = PBXFileReference; lastKnownFileType = image.png; path = "whiteGoatFix@2x.png"; sourceTree = "<group>"; };
		6E16512B1CDBFC7400004D3D /* whiteGoldPenguin@2x.png */ = {isa = PBXFileReference; lastKnownFileType = image.png; path = "whiteGoldPenguin@2x.png"; sourceTree = "<group>"; };
		6E16512C1CDBFC7400004D3D /* whiteHippoFix@2x.png */ = {isa = PBXFileReference; lastKnownFileType = image.png; path = "whiteHippoFix@2x.png"; sourceTree = "<group>"; };
		6E16512D1CDBFC7400004D3D /* whiteMooseFix6@2x.png */ = {isa = PBXFileReference; lastKnownFileType = image.png; path = "whiteMooseFix6@2x.png"; sourceTree = "<group>"; };
		6E16512E1CDBFC7400004D3D /* whiteMusicNote@2x.png */ = {isa = PBXFileReference; lastKnownFileType = image.png; path = "whiteMusicNote@2x.png"; sourceTree = "<group>"; };
		6E16512F1CDBFC7400004D3D /* whiteOwlFix3@2x.png */ = {isa = PBXFileReference; lastKnownFileType = image.png; path = "whiteOwlFix3@2x.png"; sourceTree = "<group>"; };
		6E1651301CDBFC7400004D3D /* whitePigFix@2x.png */ = {isa = PBXFileReference; lastKnownFileType = image.png; path = "whitePigFix@2x.png"; sourceTree = "<group>"; };
		6E1651311CDBFC7400004D3D /* whiteSheepFix@2x.png */ = {isa = PBXFileReference; lastKnownFileType = image.png; path = "whiteSheepFix@2x.png"; sourceTree = "<group>"; };
		6E1651321CDBFC7400004D3D /* whiteTurkey@2x.png */ = {isa = PBXFileReference; lastKnownFileType = image.png; path = "whiteTurkey@2x.png"; sourceTree = "<group>"; };
		6E55D0FD1CDFF0E100E7A983 /* menuSong.mp3 */ = {isa = PBXFileReference; lastKnownFileType = audio.mp3; path = menuSong.mp3; sourceTree = "<group>"; };
		6E55D0FF1CDFFE1800E7A983 /* menuSong.mp3 */ = {isa = PBXFileReference; lastKnownFileType = audio.mp3; path = menuSong.mp3; sourceTree = "<group>"; };
		6E55D1091CE0021A00E7A983 /* taco.png */ = {isa = PBXFileReference; lastKnownFileType = image.png; path = taco.png; sourceTree = "<group>"; };
		6E55D10B1CE0023700E7A983 /* taco@2x.png */ = {isa = PBXFileReference; lastKnownFileType = image.png; path = "taco@2x.png"; sourceTree = "<group>"; };
		6E55D10D1CE0025500E7A983 /* taco@3x.png */ = {isa = PBXFileReference; lastKnownFileType = image.png; path = "taco@3x.png"; sourceTree = "<group>"; };
		6E55D1111CE0052400E7A983 /* trumpFace.png */ = {isa = PBXFileReference; lastKnownFileType = image.png; path = trumpFace.png; sourceTree = "<group>"; };
		6E55D1121CE0052400E7A983 /* trumpFace@2x.png */ = {isa = PBXFileReference; lastKnownFileType = image.png; path = "trumpFace@2x.png"; sourceTree = "<group>"; };
		6E55D1191CE0073500E7A983 /* trumpFace.png */ = {isa = PBXFileReference; lastKnownFileType = image.png; path = trumpFace.png; sourceTree = "<group>"; };
		6E55D11A1CE0073500E7A983 /* trumpFace@2x.png */ = {isa = PBXFileReference; lastKnownFileType = image.png; path = "trumpFace@2x.png"; sourceTree = "<group>"; };
		6E55D1211CE00E5200E7A983 /* burrito.png */ = {isa = PBXFileReference; lastKnownFileType = image.png; path = burrito.png; sourceTree = "<group>"; };
		6E55D1221CE00E5200E7A983 /* burrito@2x.png */ = {isa = PBXFileReference; lastKnownFileType = image.png; path = "burrito@2x.png"; sourceTree = "<group>"; };
		6E55D1291CE0104600E7A983 /* maracas.png */ = {isa = PBXFileReference; lastKnownFileType = image.png; path = maracas.png; sourceTree = "<group>"; };
		6E55D12A1CE0104600E7A983 /* maracas@2x.png */ = {isa = PBXFileReference; lastKnownFileType = image.png; path = "maracas@2x.png"; sourceTree = "<group>"; };
		6E55D1311CE011EA00E7A983 /* poncho.png */ = {isa = PBXFileReference; lastKnownFileType = image.png; path = poncho.png; sourceTree = "<group>"; };
		6E55D1321CE011EA00E7A983 /* poncho@2x.png */ = {isa = PBXFileReference; lastKnownFileType = image.png; path = "poncho@2x.png"; sourceTree = "<group>"; };
		6E55D1391CE0127700E7A983 /* donkey.png */ = {isa = PBXFileReference; lastKnownFileType = image.png; path = donkey.png; sourceTree = "<group>"; };
		6E55D13A1CE0127700E7A983 /* donkey@2x.png */ = {isa = PBXFileReference; lastKnownFileType = image.png; path = "donkey@2x.png"; sourceTree = "<group>"; };
		6E55D13D1CE012E600E7A983 /* sombrero.png */ = {isa = PBXFileReference; lastKnownFileType = image.png; path = sombrero.png; sourceTree = "<group>"; };
		6E55D13E1CE012E600E7A983 /* sombrero@2x.png */ = {isa = PBXFileReference; lastKnownFileType = image.png; path = "sombrero@2x.png"; sourceTree = "<group>"; };
		6E55D1411CE013AE00E7A983 /* money.png */ = {isa = PBXFileReference; lastKnownFileType = image.png; path = money.png; sourceTree = "<group>"; };
		6E55D1421CE013AE00E7A983 /* money@2x.png */ = {isa = PBXFileReference; lastKnownFileType = image.png; path = "money@2x.png"; sourceTree = "<group>"; };
		6E55D1491CE0170700E7A983 /* TrumpwithWings.png */ = {isa = PBXFileReference; lastKnownFileType = image.png; path = TrumpwithWings.png; sourceTree = "<group>"; };
		6E55D14A1CE0170700E7A983 /* TrumpwithWings@2x.png */ = {isa = PBXFileReference; lastKnownFileType = image.png; path = "TrumpwithWings@2x.png"; sourceTree = "<group>"; };
		6E55D14D1CE0185100E7A983 /* TrumpwithWings.png */ = {isa = PBXFileReference; lastKnownFileType = image.png; path = TrumpwithWings.png; sourceTree = "<group>"; };
		6E55D14E1CE0185100E7A983 /* TrumpwithWings@2x.png */ = {isa = PBXFileReference; lastKnownFileType = image.png; path = "TrumpwithWings@2x.png"; sourceTree = "<group>"; };
		6E55D1511CE019CE00E7A983 /* chanclas.png */ = {isa = PBXFileReference; lastKnownFileType = image.png; path = chanclas.png; sourceTree = "<group>"; };
		6E55D1521CE019CE00E7A983 /* chanclas@2x.png */ = {isa = PBXFileReference; lastKnownFileType = image.png; path = "chanclas@2x.png"; sourceTree = "<group>"; };
		6E55D1591CE01BAD00E7A983 /* coins.png */ = {isa = PBXFileReference; lastKnownFileType = image.png; path = coins.png; sourceTree = "<group>"; };
		6E55D15A1CE01BAD00E7A983 /* coins@2x.png */ = {isa = PBXFileReference; lastKnownFileType = image.png; path = "coins@2x.png"; sourceTree = "<group>"; };
		6EAAEB311CE8100500070F36 /* trumpPoncho@2x.png */ = {isa = PBXFileReference; lastKnownFileType = image.png; path = "trumpPoncho@2x.png"; sourceTree = "<group>"; };
		6EAAEB321CE8100500070F36 /* trumpPoncho.png */ = {isa = PBXFileReference; lastKnownFileType = image.png; path = trumpPoncho.png; sourceTree = "<group>"; };
		6EBCC9691CDBF69100EAE7A8 /* Trump Dodge.app */ = {isa = PBXFileReference; explicitFileType = wrapper.application; includeInIndex = 0; path = "Trump Dodge.app"; sourceTree = BUILT_PRODUCTS_DIR; };
		6EBCC96D1CDBF69100EAE7A8 /* main.m */ = {isa = PBXFileReference; lastKnownFileType = sourcecode.c.objc; path = main.m; sourceTree = "<group>"; };
		6EBCC96F1CDBF69100EAE7A8 /* AppDelegate.h */ = {isa = PBXFileReference; lastKnownFileType = sourcecode.c.h; path = AppDelegate.h; sourceTree = "<group>"; };
		6EBCC9701CDBF69100EAE7A8 /* AppDelegate.m */ = {isa = PBXFileReference; lastKnownFileType = sourcecode.c.objc; path = AppDelegate.m; sourceTree = "<group>"; };
		6EBCC9721CDBF69100EAE7A8 /* GameScene.h */ = {isa = PBXFileReference; lastKnownFileType = sourcecode.c.h; path = GameScene.h; sourceTree = "<group>"; };
		6EBCC9731CDBF69100EAE7A8 /* GameScene.m */ = {isa = PBXFileReference; lastKnownFileType = sourcecode.c.objc; path = GameScene.m; sourceTree = "<group>"; };
		6EBCC9751CDBF69100EAE7A8 /* GameScene.sks */ = {isa = PBXFileReference; lastKnownFileType = file.sks; path = GameScene.sks; sourceTree = "<group>"; };
		6EBCC9771CDBF69100EAE7A8 /* GameViewController.h */ = {isa = PBXFileReference; lastKnownFileType = sourcecode.c.h; path = GameViewController.h; sourceTree = "<group>"; };
		6EBCC9781CDBF69100EAE7A8 /* GameViewController.m */ = {isa = PBXFileReference; lastKnownFileType = sourcecode.c.objc; path = GameViewController.m; sourceTree = "<group>"; };
		6EBCC97B1CDBF69100EAE7A8 /* Base */ = {isa = PBXFileReference; lastKnownFileType = file.storyboard; name = Base; path = Base.lproj/Main.storyboard; sourceTree = "<group>"; };
		6EBCC97D1CDBF69100EAE7A8 /* Assets.xcassets */ = {isa = PBXFileReference; lastKnownFileType = folder.assetcatalog; path = Assets.xcassets; sourceTree = "<group>"; };
		6EBCC9801CDBF69100EAE7A8 /* Base */ = {isa = PBXFileReference; lastKnownFileType = file.storyboard; name = Base; path = Base.lproj/LaunchScreen.storyboard; sourceTree = "<group>"; };
		6EBCC9821CDBF69100EAE7A8 /* Info.plist */ = {isa = PBXFileReference; lastKnownFileType = text.plist.xml; path = Info.plist; sourceTree = "<group>"; };
		6EBCC9871CDBF69100EAE7A8 /* Trump DodgeTests.xctest */ = {isa = PBXFileReference; explicitFileType = wrapper.cfbundle; includeInIndex = 0; path = "Trump DodgeTests.xctest"; sourceTree = BUILT_PRODUCTS_DIR; };
		6EBCC98B1CDBF69100EAE7A8 /* Trump_DodgeTests.m */ = {isa = PBXFileReference; lastKnownFileType = sourcecode.c.objc; path = Trump_DodgeTests.m; sourceTree = "<group>"; };
		6EBCC98D1CDBF69100EAE7A8 /* Info.plist */ = {isa = PBXFileReference; lastKnownFileType = text.plist.xml; path = Info.plist; sourceTree = "<group>"; };
		6EBCC9921CDBF69100EAE7A8 /* Trump DodgeUITests.xctest */ = {isa = PBXFileReference; explicitFileType = wrapper.cfbundle; includeInIndex = 0; path = "Trump DodgeUITests.xctest"; sourceTree = BUILT_PRODUCTS_DIR; };
		6EBCC9961CDBF69100EAE7A8 /* Trump_DodgeUITests.m */ = {isa = PBXFileReference; lastKnownFileType = sourcecode.c.objc; path = Trump_DodgeUITests.m; sourceTree = "<group>"; };
		6EBCC9981CDBF69100EAE7A8 /* Info.plist */ = {isa = PBXFileReference; lastKnownFileType = text.plist.xml; path = Info.plist; sourceTree = "<group>"; };
		6EC5E5AD1CE57967009C98B4 /* toupeAnnimation.sks */ = {isa = PBXFileReference; lastKnownFileType = file.sks; path = toupeAnnimation.sks; sourceTree = "<group>"; };
		6EC5E5B11CE57EC3009C98B4 /* ExplosionAnimation2.sks */ = {isa = PBXFileReference; lastKnownFileType = file.sks; path = ExplosionAnimation2.sks; sourceTree = "<group>"; };
		6EDC6FD11CE300050041E63D /* ExplosionAnimation.sks */ = {isa = PBXFileReference; lastKnownFileType = file.sks; path = ExplosionAnimation.sks; sourceTree = "<group>"; };
/* End PBXFileReference section */

/* Begin PBXFrameworksBuildPhase section */
		6EBCC9661CDBF69100EAE7A8 /* Frameworks */ = {
			isa = PBXFrameworksBuildPhase;
			buildActionMask = 2147483647;
			files = (
			);
			runOnlyForDeploymentPostprocessing = 0;
		};
		6EBCC9841CDBF69100EAE7A8 /* Frameworks */ = {
			isa = PBXFrameworksBuildPhase;
			buildActionMask = 2147483647;
			files = (
			);
			runOnlyForDeploymentPostprocessing = 0;
		};
		6EBCC98F1CDBF69100EAE7A8 /* Frameworks */ = {
			isa = PBXFrameworksBuildPhase;
			buildActionMask = 2147483647;
			files = (
			);
			runOnlyForDeploymentPostprocessing = 0;
		};
/* End PBXFrameworksBuildPhase section */

/* Begin PBXGroup section */
		6EBCC9601CDBF69100EAE7A8 = {
			isa = PBXGroup;
			children = (
				6EBCC96B1CDBF69100EAE7A8 /* Trump Dodge */,
				6EBCC98A1CDBF69100EAE7A8 /* Trump DodgeTests */,
				6EBCC9951CDBF69100EAE7A8 /* Trump DodgeUITests */,
				6EBCC96A1CDBF69100EAE7A8 /* Products */,
			);
			sourceTree = "<group>";
		};
		6EBCC96A1CDBF69100EAE7A8 /* Products */ = {
			isa = PBXGroup;
			children = (
				6EBCC9691CDBF69100EAE7A8 /* Trump Dodge.app */,
				6EBCC9871CDBF69100EAE7A8 /* Trump DodgeTests.xctest */,
				6EBCC9921CDBF69100EAE7A8 /* Trump DodgeUITests.xctest */,
			);
			name = Products;
			sourceTree = "<group>";
		};
		6EBCC96B1CDBF69100EAE7A8 /* Trump Dodge */ = {
			isa = PBXGroup;
			children = (
				6EBCC96F1CDBF69100EAE7A8 /* AppDelegate.h */,
				6EBCC9701CDBF69100EAE7A8 /* AppDelegate.m */,
				6EBCC9721CDBF69100EAE7A8 /* GameScene.h */,
				6EBCC9731CDBF69100EAE7A8 /* GameScene.m */,
				6EBCC9751CDBF69100EAE7A8 /* GameScene.sks */,
				6EBCC9771CDBF69100EAE7A8 /* GameViewController.h */,
				6EBCC9781CDBF69100EAE7A8 /* GameViewController.m */,
				6EBCC97A1CDBF69100EAE7A8 /* Main.storyboard */,
				6EBCC97D1CDBF69100EAE7A8 /* Assets.xcassets */,
				6E0232261CE2FCF100472856 /* moneyExplosion.sks */,
				6EDC6FD11CE300050041E63D /* ExplosionAnimation.sks */,
				6EC5E5AD1CE57967009C98B4 /* toupeAnnimation.sks */,
				6EC5E5B11CE57EC3009C98B4 /* ExplosionAnimation2.sks */,
				6EBCC97F1CDBF69100EAE7A8 /* LaunchScreen.storyboard */,
				6EBCC9821CDBF69100EAE7A8 /* Info.plist */,
				6EBCC96C1CDBF69100EAE7A8 /* Supporting Files */,
			);
			path = "Trump Dodge";
			sourceTree = "<group>";
		};
		6EBCC96C1CDBF69100EAE7A8 /* Supporting Files */ = {
			isa = PBXGroup;
			children = (
				6E1650C61CDBFC7400004D3D /* antlers.png */,
				6EAAEB311CE8100500070F36 /* trumpPoncho@2x.png */,
				6EAAEB321CE8100500070F36 /* trumpPoncho.png */,
				6E55D13D1CE012E600E7A983 /* sombrero.png */,
				6E02320C1CE2EEE400472856 /* desert_day.png */,
				6E0232201CE2F6A700472856 /* burritoTest.png */,
				6E14DE301CE578BB009C81CF /* trumpToupe@2x.png */,
				6E14DE311CE578BB009C81CF /* trumpToupe.png */,
				6E02321A1CE2F31F00472856 /* mexicanScaled.png */,
				6E55D13E1CE012E600E7A983 /* sombrero@2x.png */,
				6E0232101CE2F1A400472856 /* brick wall.png */,
				6E0232161CE2F31100472856 /* cactus.png */,
				6E0232171CE2F31100472856 /* cactus@2x.png */,
				6E0232111CE2F1A400472856 /* brick wall@2x.png */,
				6E02321E1CE2F68200472856 /* burritoTest@2x.png */,
				6E0232141CE2F2A400472856 /* mexicanScaled@2x.png */,
				6E55D1411CE013AE00E7A983 /* money.png */,
				6E0232221CE2F79700472856 /* explosion.mp3 */,
				6E02321C1CE2F59600472856 /* burritTest@2x.png */,
				6E02320E1CE2EF5300472856 /* desert_night.png */,
				6E55D1491CE0170700E7A983 /* TrumpwithWings.png */,
				6E55D14A1CE0170700E7A983 /* TrumpwithWings@2x.png */,
				6E55D1591CE01BAD00E7A983 /* coins.png */,
				6E55D15A1CE01BAD00E7A983 /* coins@2x.png */,
				6E55D1421CE013AE00E7A983 /* money@2x.png */,
				6E55D1511CE019CE00E7A983 /* chanclas.png */,
				6E0232241CE2FB8D00472856 /* cash.mp3 */,
				6E55D1521CE019CE00E7A983 /* chanclas@2x.png */,
				6E55D1391CE0127700E7A983 /* donkey.png */,
				6E55D13A1CE0127700E7A983 /* donkey@2x.png */,
				6E1650C81CDBFC7400004D3D /* Axe1@2x.png */,
				6E55D14D1CE0185100E7A983 /* TrumpwithWings.png */,
				6E0D27FF1CE903F8003A13F5 /* moustache.png */,
				6E0D28001CE903F9003A13F5 /* moustache@2x.png */,
				6E55D14E1CE0185100E7A983 /* TrumpwithWings@2x.png */,
				6E55D0FF1CDFFE1800E7A983 /* menuSong.mp3 */,
				6E55D1211CE00E5200E7A983 /* burrito.png */,
				6E55D1221CE00E5200E7A983 /* burrito@2x.png */,
				6E1650C91CDBFC7400004D3D /* bacon.png */,
				6E55D1311CE011EA00E7A983 /* poncho.png */,
				6E55D1321CE011EA00E7A983 /* poncho@2x.png */,
				6E1650CA1CDBFC7400004D3D /* beaver@2x.png */,
				6E1650CB1CDBFC7400004D3D /* bee@2x.png */,
				6E55D1291CE0104600E7A983 /* maracas.png */,
				6E55D12A1CE0104600E7A983 /* maracas@2x.png */,
				6E1650CC1CDBFC7400004D3D /* beeHiveFix.png */,
				6E1650CD1CDBFC7400004D3D /* blackCircle.png */,
				6E55D1111CE0052400E7A983 /* trumpFace.png */,
				6E55D1121CE0052400E7A983 /* trumpFace@2x.png */,
				6E1650CE1CDBFC7400004D3D /* bloodDrop.png */,
				6E1650CF1CDBFC7400004D3D /* bloodSplat@2x.png */,
				6E1650D01CDBFC7400004D3D /* blue.png */,
				6E1650D11CDBFC7400004D3D /* bomb@2x.png */,
				6E1650D21CDBFC7400004D3D /* bombPowerUp@2x.png */,
				6E1650D31CDBFC7400004D3D /* bone2.png */,
				6E55D10B1CE0023700E7A983 /* taco@2x.png */,
				6E1650D41CDBFC7400004D3D /* Bonefish@2x.png */,
				6E1650D51CDBFC7400004D3D /* bullet@2x.png */,
				6E55D10D1CE0025500E7A983 /* taco@3x.png */,
				6E55D1091CE0021A00E7A983 /* taco.png */,
				6E1650D61CDBFC7400004D3D /* bulletSmall@2x.png */,
				6E1650D71CDBFC7400004D3D /* cartoonAxe@2x.png */,
				6E1650D81CDBFC7400004D3D /* cartoonFire.png */,
				6E1650D91CDBFC7400004D3D /* cleaver.png */,
				6E1650DA1CDBFC7400004D3D /* cleaver1@2x.png */,
				6E1650DB1CDBFC7400004D3D /* clockPowerUp@2x.png */,
				6E1650DC1CDBFC7400004D3D /* Default-568h.png */,
				6E1650DD1CDBFC7400004D3D /* Default-568h@2x.png */,
				6E1650DE1CDBFC7400004D3D /* Default-667h@2x.png */,
				6E1650DF1CDBFC7400004D3D /* Default-736h@3x.png */,
				6E1650E01CDBFC7400004D3D /* Default-736h@3x1.png */,
				6E1650E11CDBFC7400004D3D /* Default.png */,
				6E1650E21CDBFC7400004D3D /* Default@2x.png */,
				6E1650E31CDBFC7400004D3D /* double@2x.png */,
				6E1650E41CDBFC7400004D3D /* elephant@2x.png */,
				6E1650E51CDBFC7400004D3D /* feather.png */,
				6E1650E61CDBFC7400004D3D /* featherBrown@2x.png */,
				6E1650E71CDBFC7400004D3D /* finger@2x.png */,
				6E1650E81CDBFC7400004D3D /* flame.png */,
				6E1650E91CDBFC7400004D3D /* fluff2.png */,
				6E1650EA1CDBFC7400004D3D /* geryFish.png */,
				6E1650EB1CDBFC7400004D3D /* giraffe@2x.png */,
				6E1650EC1CDBFC7400004D3D /* goat@2x.png */,
				6E1650ED1CDBFC7400004D3D /* goatWhite.png */,
				6E1650EE1CDBFC7400004D3D /* gold penguin@2x.png */,
				6E1650EF1CDBFC7400004D3D /* gold1.png */,
				6E1650F01CDBFC7400004D3D /* gun.png */,
				6E1650F11CDBFC7400004D3D /* gun@2x.png */,
				6E1650F21CDBFC7400004D3D /* gunFlip@2x.png */,
				6E1650F31CDBFC7400004D3D /* halo@2x.png */,
				6E1650F41CDBFC7400004D3D /* hammer@2x.png */,
				6E1650F51CDBFC7400004D3D /* hippo@2x.png */,
				6E1650F61CDBFC7400004D3D /* InformationPage@2x.png */,
				6E1650F71CDBFC7400004D3D /* InformationPageUpdate@2x.png */,
				6E1650F81CDBFC7400004D3D /* knife@2x.png */,
				6E1650F91CDBFC7400004D3D /* LambChop.png */,
				6E1650FA1CDBFC7400004D3D /* largeBeaver.png */,
				6E1650FB1CDBFC7400004D3D /* largeBee.png */,
				6E1650FC1CDBFC7400004D3D /* largeElephant.png */,
				6E1650FD1CDBFC7400004D3D /* largeGiraffe.png */,
				6E1650FE1CDBFC7400004D3D /* largeGoat.png */,
				6E1650FF1CDBFC7400004D3D /* largeGoatFix.png */,
				6E1651001CDBFC7400004D3D /* largeGoldPenguin.png */,
				6E55D0FD1CDFF0E100E7A983 /* menuSong.mp3 */,
				6E1651011CDBFC7400004D3D /* largeHippo.png */,
				6E1651021CDBFC7400004D3D /* largeMoose.png */,
				6E1651031CDBFC7400004D3D /* largeOwl.png */,
				6E1651041CDBFC7400004D3D /* largePenguin.png */,
				6E1651051CDBFC7400004D3D /* largePig.png */,
				6E1651061CDBFC7400004D3D /* largeSheep.png */,
				6E1651071CDBFC7400004D3D /* LargeTurkey.png */,
				6E1651081CDBFC7400004D3D /* leaf.png */,
				6E1651091CDBFC7400004D3D /* loadScreen@2x.png */,
				6E16510A1CDBFC7400004D3D /* log.png */,
				6E16510B1CDBFC7400004D3D /* mallet@2x.png */,
				6E16510C1CDBFC7400004D3D /* moose@2x.png */,
				6E16510D1CDBFC7400004D3D /* mouse.png */,
				6E16510E1CDBFC7400004D3D /* musicNote@2x.png */,
				6E16510F1CDBFC7400004D3D /* musicNoteFix@2x.png */,
				6E1651101CDBFC7400004D3D /* MusicNoteWhite.png */,
				6E1651111CDBFC7400004D3D /* oFIsh@2x.png */,
				6E1651121CDBFC7400004D3D /* organe.png */,
				6E1651131CDBFC7400004D3D /* owl@2x.png */,
				6E1651141CDBFC7400004D3D /* pauseButton.png */,
				6E1651151CDBFC7400004D3D /* penguin.png */,
				6E1651161CDBFC7400004D3D /* penguin@2x.png */,
				6E1651171CDBFC7400004D3D /* pig@2x.png */,
				6E1651181CDBFC7400004D3D /* powerup@2x.png */,
				6E1651191CDBFC7400004D3D /* sampleBackground.png */,
				6E16511A1CDBFC7400004D3D /* scythe@2x.png */,
				6E16511B1CDBFC7400004D3D /* shareImage@2x.png */,
				6E16511C1CDBFC7400004D3D /* sheep@2x.png */,
				6E55D1191CE0073500E7A983 /* trumpFace.png */,
				6E55D11A1CE0073500E7A983 /* trumpFace@2x.png */,
				6E16511D1CDBFC7400004D3D /* spark.png */,
				6E16511E1CDBFC7400004D3D /* sword@2x.png */,
				6E16511F1CDBFC7400004D3D /* theSaus@2x.png */,
				6E1651201CDBFC7400004D3D /* turkey@2x.png */,
				6E1651211CDBFC7400004D3D /* turqois.png */,
				6E1651221CDBFC7400004D3D /* waterDrop.png */,
				6E1651231CDBFC7400004D3D /* whiteBeaver@2x.png */,
				6E1651241CDBFC7400004D3D /* whiteBee@2x.png */,
				6E1651251CDBFC7400004D3D /* whiteBeeFixTest3@2x.png */,
				6E1651261CDBFC7400004D3D /* whiteElephant.png */,
				6E1651271CDBFC7400004D3D /* whiteElephant1@2x.png */,
				6E1651281CDBFC7400004D3D /* whiteGiraffe@2x.png */,
				6E1651291CDBFC7400004D3D /* whiteGiraffeFix@2x.png */,
				6E16512A1CDBFC7400004D3D /* whiteGoatFix@2x.png */,
				6E16512B1CDBFC7400004D3D /* whiteGoldPenguin@2x.png */,
				6E16512C1CDBFC7400004D3D /* whiteHippoFix@2x.png */,
				6E16512D1CDBFC7400004D3D /* whiteMooseFix6@2x.png */,
				6E16512E1CDBFC7400004D3D /* whiteMusicNote@2x.png */,
				6E16512F1CDBFC7400004D3D /* whiteOwlFix3@2x.png */,
				6E1651301CDBFC7400004D3D /* whitePigFix@2x.png */,
				6E1651311CDBFC7400004D3D /* whiteSheepFix@2x.png */,
				6E1651321CDBFC7400004D3D /* whiteTurkey@2x.png */,
				6EBCC96D1CDBF69100EAE7A8 /* main.m */,
			);
			name = "Supporting Files";
			sourceTree = "<group>";
		};
		6EBCC98A1CDBF69100EAE7A8 /* Trump DodgeTests */ = {
			isa = PBXGroup;
			children = (
				6EBCC98B1CDBF69100EAE7A8 /* Trump_DodgeTests.m */,
				6EBCC98D1CDBF69100EAE7A8 /* Info.plist */,
			);
			path = "Trump DodgeTests";
			sourceTree = "<group>";
		};
		6EBCC9951CDBF69100EAE7A8 /* Trump DodgeUITests */ = {
			isa = PBXGroup;
			children = (
				6EBCC9961CDBF69100EAE7A8 /* Trump_DodgeUITests.m */,
				6EBCC9981CDBF69100EAE7A8 /* Info.plist */,
			);
			path = "Trump DodgeUITests";
			sourceTree = "<group>";
		};
/* End PBXGroup section */

/* Begin PBXNativeTarget section */
		6EBCC9681CDBF69100EAE7A8 /* Trump Dodge */ = {
			isa = PBXNativeTarget;
			buildConfigurationList = 6EBCC99B1CDBF69100EAE7A8 /* Build configuration list for PBXNativeTarget "Trump Dodge" */;
			buildPhases = (
				6EBCC9651CDBF69100EAE7A8 /* Sources */,
				6EBCC9661CDBF69100EAE7A8 /* Frameworks */,
				6EBCC9671CDBF69100EAE7A8 /* Resources */,
			);
			buildRules = (
			);
			dependencies = (
			);
			name = "Trump Dodge";
			productName = "Trump Dodge";
			productReference = 6EBCC9691CDBF69100EAE7A8 /* Trump Dodge.app */;
			productType = "com.apple.product-type.application";
		};
		6EBCC9861CDBF69100EAE7A8 /* Trump DodgeTests */ = {
			isa = PBXNativeTarget;
			buildConfigurationList = 6EBCC99E1CDBF69100EAE7A8 /* Build configuration list for PBXNativeTarget "Trump DodgeTests" */;
			buildPhases = (
				6EBCC9831CDBF69100EAE7A8 /* Sources */,
				6EBCC9841CDBF69100EAE7A8 /* Frameworks */,
				6EBCC9851CDBF69100EAE7A8 /* Resources */,
			);
			buildRules = (
			);
			dependencies = (
				6EBCC9891CDBF69100EAE7A8 /* PBXTargetDependency */,
			);
			name = "Trump DodgeTests";
			productName = "Trump DodgeTests";
			productReference = 6EBCC9871CDBF69100EAE7A8 /* Trump DodgeTests.xctest */;
			productType = "com.apple.product-type.bundle.unit-test";
		};
		6EBCC9911CDBF69100EAE7A8 /* Trump DodgeUITests */ = {
			isa = PBXNativeTarget;
			buildConfigurationList = 6EBCC9A11CDBF69100EAE7A8 /* Build configuration list for PBXNativeTarget "Trump DodgeUITests" */;
			buildPhases = (
				6EBCC98E1CDBF69100EAE7A8 /* Sources */,
				6EBCC98F1CDBF69100EAE7A8 /* Frameworks */,
				6EBCC9901CDBF69100EAE7A8 /* Resources */,
			);
			buildRules = (
			);
			dependencies = (
				6EBCC9941CDBF69100EAE7A8 /* PBXTargetDependency */,
			);
			name = "Trump DodgeUITests";
			productName = "Trump DodgeUITests";
			productReference = 6EBCC9921CDBF69100EAE7A8 /* Trump DodgeUITests.xctest */;
			productType = "com.apple.product-type.bundle.ui-testing";
		};
/* End PBXNativeTarget section */

/* Begin PBXProject section */
		6EBCC9611CDBF69100EAE7A8 /* Project object */ = {
			isa = PBXProject;
			attributes = {
				LastUpgradeCheck = 0730;
				ORGANIZATIONNAME = "Cyrus Behroozi";
				TargetAttributes = {
					6EBCC9681CDBF69100EAE7A8 = {
						CreatedOnToolsVersion = 7.3;
						DevelopmentTeam = 6YRR84HQ57;
					};
					6EBCC9861CDBF69100EAE7A8 = {
						CreatedOnToolsVersion = 7.3;
						TestTargetID = 6EBCC9681CDBF69100EAE7A8;
					};
					6EBCC9911CDBF69100EAE7A8 = {
						CreatedOnToolsVersion = 7.3;
						TestTargetID = 6EBCC9681CDBF69100EAE7A8;
					};
				};
			};
			buildConfigurationList = 6EBCC9641CDBF69100EAE7A8 /* Build configuration list for PBXProject "Trump Dodge" */;
			compatibilityVersion = "Xcode 3.2";
			developmentRegion = English;
			hasScannedForEncodings = 0;
			knownRegions = (
				en,
				Base,
			);
			mainGroup = 6EBCC9601CDBF69100EAE7A8;
			productRefGroup = 6EBCC96A1CDBF69100EAE7A8 /* Products */;
			projectDirPath = "";
			projectRoot = "";
			targets = (
				6EBCC9681CDBF69100EAE7A8 /* Trump Dodge */,
				6EBCC9861CDBF69100EAE7A8 /* Trump DodgeTests */,
				6EBCC9911CDBF69100EAE7A8 /* Trump DodgeUITests */,
			);
		};
/* End PBXProject section */

/* Begin PBXResourcesBuildPhase section */
		6EBCC9671CDBF69100EAE7A8 /* Resources */ = {
			isa = PBXResourcesBuildPhase;
			buildActionMask = 2147483647;
			files = (
				6E16516E1CDBFC7400004D3D /* largeGoatFix.png in Resources */,
				6E16515F1CDBFC7400004D3D /* gun.png in Resources */,
				6EBCC9761CDBF69100EAE7A8 /* GameScene.sks in Resources */,
				6E1651411CDBFC7400004D3D /* bombPowerUp@2x.png in Resources */,
				6E1651801CDBFC7400004D3D /* oFIsh@2x.png in Resources */,
				6E1651941CDBFC7400004D3D /* whiteBeeFixTest3@2x.png in Resources */,
				6E16515E1CDBFC7400004D3D /* gold1.png in Resources */,
				6E1651601CDBFC7400004D3D /* gun@2x.png in Resources */,
				6E16518E1CDBFC7400004D3D /* theSaus@2x.png in Resources */,
				6E16518A1CDBFC7400004D3D /* shareImage@2x.png in Resources */,
				6E16513E1CDBFC7400004D3D /* bloodSplat@2x.png in Resources */,
				6E16514F1CDBFC7400004D3D /* Default-736h@3x1.png in Resources */,
				6E16517A1CDBFC7400004D3D /* mallet@2x.png in Resources */,
				6E1651691CDBFC7400004D3D /* largeBeaver.png in Resources */,
				6E1651441CDBFC7400004D3D /* bullet@2x.png in Resources */,
				6E16517F1CDBFC7400004D3D /* MusicNoteWhite.png in Resources */,
				6E0D28011CE903F9003A13F5 /* moustache.png in Resources */,
				6E16516A1CDBFC7400004D3D /* largeBee.png in Resources */,
				6E0232281CE2FCF100472856 /* moneyExplosion.sks in Resources */,
				6E1651971CDBFC7400004D3D /* whiteGiraffe@2x.png in Resources */,
				6E16519F1CDBFC7400004D3D /* whitePigFix@2x.png in Resources */,
				6E16515C1CDBFC7400004D3D /* goatWhite.png in Resources */,
				6E1651371CDBFC7400004D3D /* Axe1@2x.png in Resources */,
				6E1651A01CDBFC7400004D3D /* whiteSheepFix@2x.png in Resources */,
				6E1651671CDBFC7400004D3D /* knife@2x.png in Resources */,
				6E55D14F1CE0185100E7A983 /* TrumpwithWings.png in Resources */,
				6E1651751CDBFC7400004D3D /* largeSheep.png in Resources */,
				6E55D13C1CE0127700E7A983 /* donkey@2x.png in Resources */,
				6E16517C1CDBFC7400004D3D /* mouse.png in Resources */,
				6E1651501CDBFC7400004D3D /* Default.png in Resources */,
				6E1651351CDBFC7400004D3D /* antlers.png in Resources */,
				6E1651391CDBFC7400004D3D /* beaver@2x.png in Resources */,
				6E1651451CDBFC7400004D3D /* bulletSmall@2x.png in Resources */,
				6E55D10A1CE0021A00E7A983 /* taco.png in Resources */,
				6E1651811CDBFC7400004D3D /* organe.png in Resources */,
				6E55D13F1CE012E600E7A983 /* sombrero.png in Resources */,
				6E1651511CDBFC7400004D3D /* Default@2x.png in Resources */,
				6E55D1501CE0185100E7A983 /* TrumpwithWings@2x.png in Resources */,
				6E16515D1CDBFC7400004D3D /* gold penguin@2x.png in Resources */,
				6E1651571CDBFC7400004D3D /* flame.png in Resources */,
				6E55D1401CE012E600E7A983 /* sombrero@2x.png in Resources */,
				6E16516C1CDBFC7400004D3D /* largeGiraffe.png in Resources */,
				6E1651651CDBFC7400004D3D /* InformationPage@2x.png in Resources */,
				6E1651561CDBFC7400004D3D /* finger@2x.png in Resources */,
				6E0232151CE2F2A400472856 /* mexicanScaled@2x.png in Resources */,
				6E55D15C1CE01BAD00E7A983 /* coins@2x.png in Resources */,
				6E55D15B1CE01BAD00E7A983 /* coins.png in Resources */,
				6E1651891CDBFC7400004D3D /* scythe@2x.png in Resources */,
				6E16519A1CDBFC7400004D3D /* whiteGoldPenguin@2x.png in Resources */,
				6E1651531CDBFC7400004D3D /* elephant@2x.png in Resources */,
				6E16517E1CDBFC7400004D3D /* musicNoteFix@2x.png in Resources */,
				6E0232181CE2F31100472856 /* cactus.png in Resources */,
				6E1651641CDBFC7400004D3D /* hippo@2x.png in Resources */,
				6E1651881CDBFC7400004D3D /* sampleBackground.png in Resources */,
				6E1651661CDBFC7400004D3D /* InformationPageUpdate@2x.png in Resources */,
				6E0232251CE2FB8D00472856 /* cash.mp3 in Resources */,
				6E1651731CDBFC7400004D3D /* largePenguin.png in Resources */,
				6E16518D1CDBFC7400004D3D /* sword@2x.png in Resources */,
				6E1651871CDBFC7400004D3D /* powerup@2x.png in Resources */,
				6E1651741CDBFC7400004D3D /* largePig.png in Resources */,
				6E1651461CDBFC7400004D3D /* cartoonAxe@2x.png in Resources */,
				6E16518C1CDBFC7400004D3D /* spark.png in Resources */,
				6EAAEB341CE8100500070F36 /* trumpPoncho.png in Resources */,
				6E1651911CDBFC7400004D3D /* waterDrop.png in Resources */,
				6E1651761CDBFC7400004D3D /* LargeTurkey.png in Resources */,
				6E55D1431CE013AE00E7A983 /* money.png in Resources */,
				6E1651631CDBFC7400004D3D /* hammer@2x.png in Resources */,
				6E16518F1CDBFC7400004D3D /* turkey@2x.png in Resources */,
				6E1651831CDBFC7400004D3D /* pauseButton.png in Resources */,
				6E55D11C1CE0073500E7A983 /* trumpFace@2x.png in Resources */,
				6E02320F1CE2EF5300472856 /* desert_night.png in Resources */,
				6E1651591CDBFC7400004D3D /* geryFish.png in Resources */,
				6E55D13B1CE0127700E7A983 /* donkey.png in Resources */,
				6E1651961CDBFC7400004D3D /* whiteElephant1@2x.png in Resources */,
				6E1651931CDBFC7400004D3D /* whiteBee@2x.png in Resources */,
				6E55D14C1CE0170700E7A983 /* TrumpwithWings@2x.png in Resources */,
				6E16514E1CDBFC7400004D3D /* Default-736h@3x.png in Resources */,
				6E16516D1CDBFC7400004D3D /* largeGoat.png in Resources */,
				6E0232231CE2F79700472856 /* explosion.mp3 in Resources */,
				6E1651701CDBFC7400004D3D /* largeHippo.png in Resources */,
				6E1651791CDBFC7400004D3D /* log.png in Resources */,
				6E02321F1CE2F68200472856 /* burritoTest@2x.png in Resources */,
				6E16513D1CDBFC7400004D3D /* bloodDrop.png in Resources */,
				6E1651A11CDBFC7400004D3D /* whiteTurkey@2x.png in Resources */,
				6EBCC9811CDBF69100EAE7A8 /* LaunchScreen.storyboard in Resources */,
				6E1651611CDBFC7400004D3D /* gunFlip@2x.png in Resources */,
				6E55D11B1CE0073500E7A983 /* trumpFace.png in Resources */,
				6E16516B1CDBFC7400004D3D /* largeElephant.png in Resources */,
				6E16513C1CDBFC7400004D3D /* blackCircle.png in Resources */,
				6E16519B1CDBFC7400004D3D /* whiteHippoFix@2x.png in Resources */,
				6E55D10C1CE0023700E7A983 /* taco@2x.png in Resources */,
				6E1651981CDBFC7400004D3D /* whiteGiraffeFix@2x.png in Resources */,
				6E0232131CE2F1A400472856 /* brick wall@2x.png in Resources */,
				6E14DE321CE578BB009C81CF /* trumpToupe@2x.png in Resources */,
				6E16516F1CDBFC7400004D3D /* largeGoldPenguin.png in Resources */,
				6E02320D1CE2EEE400472856 /* desert_day.png in Resources */,
				6E55D1441CE013AE00E7A983 /* money@2x.png in Resources */,
				6E1651551CDBFC7400004D3D /* featherBrown@2x.png in Resources */,
				6E55D1001CDFFE1800E7A983 /* menuSong.mp3 in Resources */,
				6E55D12C1CE0104600E7A983 /* maracas@2x.png in Resources */,
				6E55D1541CE019CE00E7A983 /* chanclas@2x.png in Resources */,
				6E16513A1CDBFC7400004D3D /* bee@2x.png in Resources */,
				6E1651861CDBFC7400004D3D /* pig@2x.png in Resources */,
				6E1651851CDBFC7400004D3D /* penguin@2x.png in Resources */,
				6E16519D1CDBFC7400004D3D /* whiteMusicNote@2x.png in Resources */,
				6E1651401CDBFC7400004D3D /* bomb@2x.png in Resources */,
				6EC5E5B21CE57EC3009C98B4 /* ExplosionAnimation2.sks in Resources */,
				6E55D10E1CE0025500E7A983 /* taco@3x.png in Resources */,
				6E16513F1CDBFC7400004D3D /* blue.png in Resources */,
				6E1651541CDBFC7400004D3D /* feather.png in Resources */,
				6E55D12B1CE0104600E7A983 /* maracas.png in Resources */,
				6EBCC97E1CDBF69100EAE7A8 /* Assets.xcassets in Resources */,
				6E55D1241CE00E5200E7A983 /* burrito@2x.png in Resources */,
				6E1651581CDBFC7400004D3D /* fluff2.png in Resources */,
				6E1651681CDBFC7400004D3D /* LambChop.png in Resources */,
				6E1651431CDBFC7400004D3D /* Bonefish@2x.png in Resources */,
				6E55D1131CE0052400E7A983 /* trumpFace.png in Resources */,
				6E1651481CDBFC7400004D3D /* cleaver.png in Resources */,
				6E55D0FE1CDFF0E100E7A983 /* menuSong.mp3 in Resources */,
				6E16514B1CDBFC7400004D3D /* Default-568h.png in Resources */,
				6E1651491CDBFC7400004D3D /* cleaver1@2x.png in Resources */,
				6E55D1141CE0052400E7A983 /* trumpFace@2x.png in Resources */,
				6E1651921CDBFC7400004D3D /* whiteBeaver@2x.png in Resources */,
				6E16514D1CDBFC7400004D3D /* Default-667h@2x.png in Resources */,
				6E55D1231CE00E5200E7A983 /* burrito.png in Resources */,
				6EDC6FD21CE300050041E63D /* ExplosionAnimation.sks in Resources */,
				6E16514C1CDBFC7400004D3D /* Default-568h@2x.png in Resources */,
				6E16514A1CDBFC7400004D3D /* clockPowerUp@2x.png in Resources */,
				6EC5E5AE1CE57967009C98B4 /* toupeAnnimation.sks in Resources */,
				6EBCC97C1CDBF69100EAE7A8 /* Main.storyboard in Resources */,
				6E1651821CDBFC7400004D3D /* owl@2x.png in Resources */,
				6E16517D1CDBFC7400004D3D /* musicNote@2x.png in Resources */,
				6E55D1331CE011EA00E7A983 /* poncho.png in Resources */,
				6E1651471CDBFC7400004D3D /* cartoonFire.png in Resources */,
				6E16519E1CDBFC7400004D3D /* whiteOwlFix3@2x.png in Resources */,
				6E0232211CE2F6A700472856 /* burritoTest.png in Resources */,
				6E02321D1CE2F59600472856 /* burritTest@2x.png in Resources */,
				6E14DE331CE578BB009C81CF /* trumpToupe.png in Resources */,
				6E1651711CDBFC7400004D3D /* largeMoose.png in Resources */,
				6E1651991CDBFC7400004D3D /* whiteGoatFix@2x.png in Resources */,
				6E16515B1CDBFC7400004D3D /* goat@2x.png in Resources */,
				6E16513B1CDBFC7400004D3D /* beeHiveFix.png in Resources */,
				6E55D1341CE011EA00E7A983 /* poncho@2x.png in Resources */,
				6E1651951CDBFC7400004D3D /* whiteElephant.png in Resources */,
				6EAAEB331CE8100500070F36 /* trumpPoncho@2x.png in Resources */,
				6E55D14B1CE0170700E7A983 /* TrumpwithWings.png in Resources */,
				6E1651771CDBFC7400004D3D /* leaf.png in Resources */,
				6E16517B1CDBFC7400004D3D /* moose@2x.png in Resources */,
				6E1651841CDBFC7400004D3D /* penguin.png in Resources */,
				6E0232121CE2F1A400472856 /* brick wall.png in Resources */,
				6E1651901CDBFC7400004D3D /* turqois.png in Resources */,
				6E1651521CDBFC7400004D3D /* double@2x.png in Resources */,
				6E1651621CDBFC7400004D3D /* halo@2x.png in Resources */,
				6E55D1531CE019CE00E7A983 /* chanclas.png in Resources */,
				6E02321B1CE2F31F00472856 /* mexicanScaled.png in Resources */,
				6E16519C1CDBFC7400004D3D /* whiteMooseFix6@2x.png in Resources */,
				6E1651721CDBFC7400004D3D /* largeOwl.png in Resources */,
				6E1651781CDBFC7400004D3D /* loadScreen@2x.png in Resources */,
				6E1651421CDBFC7400004D3D /* bone2.png in Resources */,
				6E1651381CDBFC7400004D3D /* bacon.png in Resources */,
				6E0232191CE2F31100472856 /* cactus@2x.png in Resources */,
				6E16518B1CDBFC7400004D3D /* sheep@2x.png in Resources */,
				6E0D28021CE903F9003A13F5 /* moustache@2x.png in Resources */,
				6E16515A1CDBFC7400004D3D /* giraffe@2x.png in Resources */,
			);
			runOnlyForDeploymentPostprocessing = 0;
		};
		6EBCC9851CDBF69100EAE7A8 /* Resources */ = {
			isa = PBXResourcesBuildPhase;
			buildActionMask = 2147483647;
			files = (
			);
			runOnlyForDeploymentPostprocessing = 0;
		};
		6EBCC9901CDBF69100EAE7A8 /* Resources */ = {
			isa = PBXResourcesBuildPhase;
			buildActionMask = 2147483647;
			files = (
			);
			runOnlyForDeploymentPostprocessing = 0;
		};
/* End PBXResourcesBuildPhase section */

/* Begin PBXSourcesBuildPhase section */
		6EBCC9651CDBF69100EAE7A8 /* Sources */ = {
			isa = PBXSourcesBuildPhase;
			buildActionMask = 2147483647;
			files = (
				6EBCC9791CDBF69100EAE7A8 /* GameViewController.m in Sources */,
				6EBCC9711CDBF69100EAE7A8 /* AppDelegate.m in Sources */,
				6EBCC9741CDBF69100EAE7A8 /* GameScene.m in Sources */,
				6EBCC96E1CDBF69100EAE7A8 /* main.m in Sources */,
			);
			runOnlyForDeploymentPostprocessing = 0;
		};
		6EBCC9831CDBF69100EAE7A8 /* Sources */ = {
			isa = PBXSourcesBuildPhase;
			buildActionMask = 2147483647;
			files = (
				6EBCC98C1CDBF69100EAE7A8 /* Trump_DodgeTests.m in Sources */,
			);
			runOnlyForDeploymentPostprocessing = 0;
		};
		6EBCC98E1CDBF69100EAE7A8 /* Sources */ = {
			isa = PBXSourcesBuildPhase;
			buildActionMask = 2147483647;
			files = (
				6EBCC9971CDBF69100EAE7A8 /* Trump_DodgeUITests.m in Sources */,
			);
			runOnlyForDeploymentPostprocessing = 0;
		};
/* End PBXSourcesBuildPhase section */

/* Begin PBXTargetDependency section */
		6EBCC9891CDBF69100EAE7A8 /* PBXTargetDependency */ = {
			isa = PBXTargetDependency;
			target = 6EBCC9681CDBF69100EAE7A8 /* Trump Dodge */;
			targetProxy = 6EBCC9881CDBF69100EAE7A8 /* PBXContainerItemProxy */;
		};
		6EBCC9941CDBF69100EAE7A8 /* PBXTargetDependency */ = {
			isa = PBXTargetDependency;
			target = 6EBCC9681CDBF69100EAE7A8 /* Trump Dodge */;
			targetProxy = 6EBCC9931CDBF69100EAE7A8 /* PBXContainerItemProxy */;
		};
/* End PBXTargetDependency section */

/* Begin PBXVariantGroup section */
		6EBCC97A1CDBF69100EAE7A8 /* Main.storyboard */ = {
			isa = PBXVariantGroup;
			children = (
				6EBCC97B1CDBF69100EAE7A8 /* Base */,
			);
			name = Main.storyboard;
			sourceTree = "<group>";
		};
		6EBCC97F1CDBF69100EAE7A8 /* LaunchScreen.storyboard */ = {
			isa = PBXVariantGroup;
			children = (
				6EBCC9801CDBF69100EAE7A8 /* Base */,
			);
			name = LaunchScreen.storyboard;
			sourceTree = "<group>";
		};
/* End PBXVariantGroup section */

/* Begin XCBuildConfiguration section */
		6EBCC9991CDBF69100EAE7A8 /* Debug */ = {
			isa = XCBuildConfiguration;
			buildSettings = {
				ALWAYS_SEARCH_USER_PATHS = NO;
				CLANG_ANALYZER_NONNULL = YES;
				CLANG_CXX_LANGUAGE_STANDARD = "gnu++0x";
				CLANG_CXX_LIBRARY = "libc++";
				CLANG_ENABLE_MODULES = YES;
				CLANG_ENABLE_OBJC_ARC = YES;
				CLANG_WARN_BOOL_CONVERSION = YES;
				CLANG_WARN_CONSTANT_CONVERSION = YES;
				CLANG_WARN_DIRECT_OBJC_ISA_USAGE = YES_ERROR;
				CLANG_WARN_EMPTY_BODY = YES;
				CLANG_WARN_ENUM_CONVERSION = YES;
				CLANG_WARN_INT_CONVERSION = YES;
				CLANG_WARN_OBJC_ROOT_CLASS = YES_ERROR;
				CLANG_WARN_UNREACHABLE_CODE = YES;
				CLANG_WARN__DUPLICATE_METHOD_MATCH = YES;
				"CODE_SIGN_IDENTITY[sdk=iphoneos*]" = "iPhone Developer";
				COPY_PHASE_STRIP = NO;
				DEBUG_INFORMATION_FORMAT = "dwarf-with-dsym";
				ENABLE_STRICT_OBJC_MSGSEND = YES;
				ENABLE_TESTABILITY = YES;
				GCC_C_LANGUAGE_STANDARD = gnu99;
				GCC_DYNAMIC_NO_PIC = NO;
				GCC_NO_COMMON_BLOCKS = YES;
				GCC_OPTIMIZATION_LEVEL = 0;
				GCC_PREPROCESSOR_DEFINITIONS = (
					"DEBUG=1",
					"$(inherited)",
				);
				GCC_WARN_64_TO_32_BIT_CONVERSION = YES;
				GCC_WARN_ABOUT_RETURN_TYPE = YES_ERROR;
				GCC_WARN_UNDECLARED_SELECTOR = YES;
				GCC_WARN_UNINITIALIZED_AUTOS = YES_AGGRESSIVE;
				GCC_WARN_UNUSED_FUNCTION = YES;
				GCC_WARN_UNUSED_VARIABLE = YES;
				IPHONEOS_DEPLOYMENT_TARGET = 9.3;
				MTL_ENABLE_DEBUG_INFO = YES;
				ONLY_ACTIVE_ARCH = YES;
				SDKROOT = iphoneos;
				TARGETED_DEVICE_FAMILY = "1,2";
			};
			name = Debug;
		};
		6EBCC99A1CDBF69100EAE7A8 /* Release */ = {
			isa = XCBuildConfiguration;
			buildSettings = {
				ALWAYS_SEARCH_USER_PATHS = NO;
				CLANG_ANALYZER_NONNULL = YES;
				CLANG_CXX_LANGUAGE_STANDARD = "gnu++0x";
				CLANG_CXX_LIBRARY = "libc++";
				CLANG_ENABLE_MODULES = YES;
				CLANG_ENABLE_OBJC_ARC = YES;
				CLANG_WARN_BOOL_CONVERSION = YES;
				CLANG_WARN_CONSTANT_CONVERSION = YES;
				CLANG_WARN_DIRECT_OBJC_ISA_USAGE = YES_ERROR;
				CLANG_WARN_EMPTY_BODY = YES;
				CLANG_WARN_ENUM_CONVERSION = YES;
				CLANG_WARN_INT_CONVERSION = YES;
				CLANG_WARN_OBJC_ROOT_CLASS = YES_ERROR;
				CLANG_WARN_UNREACHABLE_CODE = YES;
				CLANG_WARN__DUPLICATE_METHOD_MATCH = YES;
				"CODE_SIGN_IDENTITY[sdk=iphoneos*]" = "iPhone Developer";
				COPY_PHASE_STRIP = NO;
				DEBUG_INFORMATION_FORMAT = "dwarf-with-dsym";
				ENABLE_NS_ASSERTIONS = NO;
				ENABLE_STRICT_OBJC_MSGSEND = YES;
				GCC_C_LANGUAGE_STANDARD = gnu99;
				GCC_NO_COMMON_BLOCKS = YES;
				GCC_WARN_64_TO_32_BIT_CONVERSION = YES;
				GCC_WARN_ABOUT_RETURN_TYPE = YES_ERROR;
				GCC_WARN_UNDECLARED_SELECTOR = YES;
				GCC_WARN_UNINITIALIZED_AUTOS = YES_AGGRESSIVE;
				GCC_WARN_UNUSED_FUNCTION = YES;
				GCC_WARN_UNUSED_VARIABLE = YES;
				IPHONEOS_DEPLOYMENT_TARGET = 9.3;
				MTL_ENABLE_DEBUG_INFO = NO;
				SDKROOT = iphoneos;
				TARGETED_DEVICE_FAMILY = "1,2";
				VALIDATE_PRODUCT = YES;
			};
			name = Release;
		};
		6EBCC99C1CDBF69100EAE7A8 /* Debug */ = {
			isa = XCBuildConfiguration;
			buildSettings = {
				ASSETCATALOG_COMPILER_APPICON_NAME = AppIcon;
				CODE_SIGN_IDENTITY = "iPhone Developer";
				"CODE_SIGN_IDENTITY[sdk=iphoneos*]" = "iPhone Developer";
				INFOPLIST_FILE = "Trump Dodge/Info.plist";
				LD_RUNPATH_SEARCH_PATHS = "$(inherited) @executable_path/Frameworks";
				PRODUCT_BUNDLE_IDENTIFIER = "com.cyrusbehroozi.Trump-Dodge";
				PRODUCT_NAME = "$(TARGET_NAME)";
				PROVISIONING_PROFILE = "";
			};
			name = Debug;
		};
		6EBCC99D1CDBF69100EAE7A8 /* Release */ = {
			isa = XCBuildConfiguration;
			buildSettings = {
				ASSETCATALOG_COMPILER_APPICON_NAME = AppIcon;
				CODE_SIGN_IDENTITY = "iPhone Developer";
				"CODE_SIGN_IDENTITY[sdk=iphoneos*]" = "iPhone Developer";
				INFOPLIST_FILE = "Trump Dodge/Info.plist";
				LD_RUNPATH_SEARCH_PATHS = "$(inherited) @executable_path/Frameworks";
				PRODUCT_BUNDLE_IDENTIFIER = "com.cyrusbehroozi.Trump-Dodge";
				PRODUCT_NAME = "$(TARGET_NAME)";
				PROVISIONING_PROFILE = "";
			};
			name = Release;
		};
		6EBCC99F1CDBF69100EAE7A8 /* Debug */ = {
			isa = XCBuildConfiguration;
			buildSettings = {
				BUNDLE_LOADER = "$(TEST_HOST)";
				DEBUG_INFORMATION_FORMAT = dwarf;
				INFOPLIST_FILE = "Trump DodgeTests/Info.plist";
				LD_RUNPATH_SEARCH_PATHS = "$(inherited) @executable_path/Frameworks @loader_path/Frameworks";
				PRODUCT_BUNDLE_IDENTIFIER = "com.cyrusbehroozi.Trump-DodgeTests";
				PRODUCT_NAME = "$(TARGET_NAME)";
				TEST_HOST = "$(BUILT_PRODUCTS_DIR)/Trump Dodge.app/Trump Dodge";
			};
			name = Debug;
		};
		6EBCC9A01CDBF69100EAE7A8 /* Release */ = {
			isa = XCBuildConfiguration;
			buildSettings = {
				BUNDLE_LOADER = "$(TEST_HOST)";
				INFOPLIST_FILE = "Trump DodgeTests/Info.plist";
				LD_RUNPATH_SEARCH_PATHS = "$(inherited) @executable_path/Frameworks @loader_path/Frameworks";
				PRODUCT_BUNDLE_IDENTIFIER = "com.cyrusbehroozi.Trump-DodgeTests";
				PRODUCT_NAME = "$(TARGET_NAME)";
				TEST_HOST = "$(BUILT_PRODUCTS_DIR)/Trump Dodge.app/Trump Dodge";
			};
			name = Release;
		};
		6EBCC9A21CDBF69100EAE7A8 /* Debug */ = {
			isa = XCBuildConfiguration;
			buildSettings = {
				DEBUG_INFORMATION_FORMAT = dwarf;
				INFOPLIST_FILE = "Trump DodgeUITests/Info.plist";
				LD_RUNPATH_SEARCH_PATHS = "$(inherited) @executable_path/Frameworks @loader_path/Frameworks";
				PRODUCT_BUNDLE_IDENTIFIER = "com.cyrusbehroozi.Trump-DodgeUITests";
				PRODUCT_NAME = "$(TARGET_NAME)";
				TEST_TARGET_NAME = "Trump Dodge";
			};
			name = Debug;
		};
		6EBCC9A31CDBF69100EAE7A8 /* Release */ = {
			isa = XCBuildConfiguration;
			buildSettings = {
				INFOPLIST_FILE = "Trump DodgeUITests/Info.plist";
				LD_RUNPATH_SEARCH_PATHS = "$(inherited) @executable_path/Frameworks @loader_path/Frameworks";
				PRODUCT_BUNDLE_IDENTIFIER = "com.cyrusbehroozi.Trump-DodgeUITests";
				PRODUCT_NAME = "$(TARGET_NAME)";
				TEST_TARGET_NAME = "Trump Dodge";
			};
			name = Release;
		};
/* End XCBuildConfiguration section */

/* Begin XCConfigurationList section */
		6EBCC9641CDBF69100EAE7A8 /* Build configuration list for PBXProject "Trump Dodge" */ = {
			isa = XCConfigurationList;
			buildConfigurations = (
				6EBCC9991CDBF69100EAE7A8 /* Debug */,
				6EBCC99A1CDBF69100EAE7A8 /* Release */,
			);
			defaultConfigurationIsVisible = 0;
			defaultConfigurationName = Release;
		};
		6EBCC99B1CDBF69100EAE7A8 /* Build configuration list for PBXNativeTarget "Trump Dodge" */ = {
			isa = XCConfigurationList;
			buildConfigurations = (
				6EBCC99C1CDBF69100EAE7A8 /* Debug */,
				6EBCC99D1CDBF69100EAE7A8 /* Release */,
			);
			defaultConfigurationIsVisible = 0;
			defaultConfigurationName = Release;
		};
		6EBCC99E1CDBF69100EAE7A8 /* Build configuration list for PBXNativeTarget "Trump DodgeTests" */ = {
			isa = XCConfigurationList;
			buildConfigurations = (
				6EBCC99F1CDBF69100EAE7A8 /* Debug */,
				6EBCC9A01CDBF69100EAE7A8 /* Release */,
			);
			defaultConfigurationIsVisible = 0;
			defaultConfigurationName = Release;
		};
		6EBCC9A11CDBF69100EAE7A8 /* Build configuration list for PBXNativeTarget "Trump DodgeUITests" */ = {
			isa = XCConfigurationList;
			buildConfigurations = (
				6EBCC9A21CDBF69100EAE7A8 /* Debug */,
				6EBCC9A31CDBF69100EAE7A8 /* Release */,
			);
			defaultConfigurationIsVisible = 0;
			defaultConfigurationName = Release;
		};
/* End XCConfigurationList section */
	};
	rootObject = 6EBCC9611CDBF69100EAE7A8 /* Project object */;
}
